
Microsoft Visual Studio Solution File, Format Version 12.00
# Visual Studio 14
VisualStudioVersion = 14.0.25402.0
MinimumVisualStudioVersion = 10.0.40219.1
Project("{FAE04EC0-301F-11D3-BF4B-00C04F79EFBC}") = "SocialScanner", "SocialScanner.csproj", "{6C574092-46A8-40A1-9982-EC5F71683B91}"
EndProject
Project("{FAE04EC0-301F-11D3-BF4B-00C04F79EFBC}") = "NTR_WebBrowser", "..\NTR_Browser\NTR_WebBrowser.csproj", "{483D9C7D-108E-4AEC-9DA2-20E57ABE217F}"
EndProject
Global
	GlobalSection(Performance) = preSolution
		HasPerformanceSessions = true
	EndGlobalSection
	GlobalSection(SolutionConfigurationPlatforms) = preSolution
		Debug|Any CPU = Debug|Any CPU
		Release|Any CPU = Release|Any CPU
	EndGlobalSection
	GlobalSection(ProjectConfigurationPlatforms) = postSolution
		{6C574092-46A8-40A1-9982-EC5F71683B91}.Debug|Any CPU.ActiveCfg = Debug|Any CPU
		{6C574092-46A8-40A1-9982-EC5F71683B91}.Debug|Any CPU.Build.0 = Debug|Any CPU
		{6C574092-46A8-40A1-9982-EC5F71683B91}.Release|Any CPU.ActiveCfg = Release|Any CPU
		{6C574092-46A8-40A1-9982-EC5F71683B91}.Release|Any CPU.Build.0 = Release|Any CPU
		{483D9C7D-108E-4AEC-9DA2-20E57ABE217F}.Debug|Any CPU.ActiveCfg = Debug|Any CPU
		{483D9C7D-108E-4AEC-9DA2-20E57ABE217F}.Debug|Any CPU.Build.0 = Debug|Any CPU
		{483D9C7D-108E-4AEC-9DA2-20E57ABE217F}.Release|Any CPU.ActiveCfg = Release|Any CPU
		{483D9C7D-108E-4AEC-9DA2-20E57ABE217F}.Release|Any CPU.Build.0 = Release|Any CPU
	EndGlobalSection
	GlobalSection(SolutionProperties) = preSolution
		HideSolutionNode = FALSE
	EndGlobalSection
EndGlobal
