
Microsoft Visual Studio Solution File, Format Version 12.00
# Visual Studio Version 16
VisualStudioVersion = 16.0.29911.84
MinimumVisualStudioVersion = 10.0.40219.1
Project("{FAE04EC0-301F-11D3-BF4B-00C04F79EFBC}") = "ColorSlider", "ColorSlider\ColorSlider.csproj", "{16E224DC-7FF0-4908-8318-D6A3AC2E797A}"
EndProject
Project("{FAE04EC0-301F-11D3-BF4B-00C04F79EFBC}") = "Common", "Common\Common.csproj", "{DFEE4C9B-F9FC-4186-945F-27518E4FCEB7}"
EndProject
Project("{FAE04EC0-301F-11D3-BF4B-00C04F79EFBC}") = "DataGridViewCustomColumns", "DataGridViewCustomColumns\DataGridViewCustomColumns.csproj", "{A61C4450-11B5-4AB8-B6C1-C07AC448FF23}"
EndProject
Project("{FAE04EC0-301F-11D3-BF4B-00C04F79EFBC}") = "FieldFormationControl", "FieldFormationControl\FieldFormationControl\FieldFormationControl.csproj", "{23E5DD68-40AD-438A-8FA8-4A8A632D2480}"
EndProject
Project("{FAE04EC0-301F-11D3-BF4B-00C04F79EFBC}") = "Languages", "Multilanguage\Languages.csproj", "{E0E469C1-BFB5-4EC0-93F1-F019C9101110}"
EndProject
Project("{FAE04EC0-301F-11D3-BF4B-00C04F79EFBC}") = "NTR_Common", "NTR_Common\NTR_Common.csproj", "{D32F5344-D291-42FC-8B6E-4183864E2D77}"
EndProject
Project("{FAE04EC0-301F-11D3-BF4B-00C04F79EFBC}") = "Profile", "Profile\Profile.csproj", "{089001B8-3BCE-42EC-ACB4-D68CF8705A46}"
EndProject
Project("{FAE04EC0-301F-11D3-BF4B-00C04F79EFBC}") = "TMR_CustomControls", "TMR_CostumControls\TMR_CustomControls.csproj", "{DF2A1B02-EACF-4F54-8692-ABAC9AF54D8E}"
EndProject
Project("{FAE04EC0-301F-11D3-BF4B-00C04F79EFBC}") = "NTR_Db", "NTR_Db\NTR_Db.csproj", "{DF7D6401-1959-405F-8F35-65FD8AD320B7}"
EndProject
Project("{FAE04EC0-301F-11D3-BF4B-00C04F79EFBC}") = "NTR_Controls", "NTR_Controls\NTR_Controls.csproj", "{A62AB280-42D0-4639-8391-4BFA73269625}"
EndProject
Project("{FAE04EC0-301F-11D3-BF4B-00C04F79EFBC}") = "TMRecorder", "TMRecorder\TMRecorder.csproj", "{5388053E-2E8F-4201-A96C-77861EC058C1}"
EndProject
Project("{FAE04EC0-301F-11D3-BF4B-00C04F79EFBC}") = "NTR_Browser", "NTR_Browser\NTR_Browser.csproj", "{8275CB61-A4A6-465E-B46F-B36257FC395A}"
EndProject
Global
	GlobalSection(SolutionConfigurationPlatforms) = preSolution
		Debug|x64 = Debug|x64
		Debug|x86 = Debug|x86
		Release|x64 = Release|x64
		Release|x86 = Release|x86
	EndGlobalSection
	GlobalSection(ProjectConfigurationPlatforms) = postSolution
		{16E224DC-7FF0-4908-8318-D6A3AC2E797A}.Debug|x64.ActiveCfg = Debug|x64
		{16E224DC-7FF0-4908-8318-D6A3AC2E797A}.Debug|x64.Build.0 = Debug|x64
		{16E224DC-7FF0-4908-8318-D6A3AC2E797A}.Debug|x86.ActiveCfg = Debug|x86
		{16E224DC-7FF0-4908-8318-D6A3AC2E797A}.Debug|x86.Build.0 = Debug|x86
		{16E224DC-7FF0-4908-8318-D6A3AC2E797A}.Release|x64.ActiveCfg = Release|x64
		{16E224DC-7FF0-4908-8318-D6A3AC2E797A}.Release|x64.Build.0 = Release|x64
		{16E224DC-7FF0-4908-8318-D6A3AC2E797A}.Release|x86.ActiveCfg = Release|x86
		{16E224DC-7FF0-4908-8318-D6A3AC2E797A}.Release|x86.Build.0 = Release|x86
		{DFEE4C9B-F9FC-4186-945F-27518E4FCEB7}.Debug|x64.ActiveCfg = Debug|x64
		{DFEE4C9B-F9FC-4186-945F-27518E4FCEB7}.Debug|x64.Build.0 = Debug|x64
		{DFEE4C9B-F9FC-4186-945F-27518E4FCEB7}.Debug|x86.ActiveCfg = Debug|x86
		{DFEE4C9B-F9FC-4186-945F-27518E4FCEB7}.Debug|x86.Build.0 = Debug|x86
		{DFEE4C9B-F9FC-4186-945F-27518E4FCEB7}.Release|x64.ActiveCfg = Release|x64
		{DFEE4C9B-F9FC-4186-945F-27518E4FCEB7}.Release|x64.Build.0 = Release|x64
		{DFEE4C9B-F9FC-4186-945F-27518E4FCEB7}.Release|x86.ActiveCfg = Release|x86
		{DFEE4C9B-F9FC-4186-945F-27518E4FCEB7}.Release|x86.Build.0 = Release|x86
		{A61C4450-11B5-4AB8-B6C1-C07AC448FF23}.Debug|x64.ActiveCfg = Debug|x64
		{A61C4450-11B5-4AB8-B6C1-C07AC448FF23}.Debug|x64.Build.0 = Debug|x64
		{A61C4450-11B5-4AB8-B6C1-C07AC448FF23}.Debug|x86.ActiveCfg = Debug|x86
		{A61C4450-11B5-4AB8-B6C1-C07AC448FF23}.Debug|x86.Build.0 = Debug|x86
		{A61C4450-11B5-4AB8-B6C1-C07AC448FF23}.Release|x64.ActiveCfg = Release|x64
		{A61C4450-11B5-4AB8-B6C1-C07AC448FF23}.Release|x64.Build.0 = Release|x64
		{A61C4450-11B5-4AB8-B6C1-C07AC448FF23}.Release|x86.ActiveCfg = Release|x86
		{A61C4450-11B5-4AB8-B6C1-C07AC448FF23}.Release|x86.Build.0 = Release|x86
		{23E5DD68-40AD-438A-8FA8-4A8A632D2480}.Debug|x64.ActiveCfg = Debug|x64
		{23E5DD68-40AD-438A-8FA8-4A8A632D2480}.Debug|x64.Build.0 = Debug|x64
		{23E5DD68-40AD-438A-8FA8-4A8A632D2480}.Debug|x86.ActiveCfg = Debug|x86
		{23E5DD68-40AD-438A-8FA8-4A8A632D2480}.Debug|x86.Build.0 = Debug|x86
		{23E5DD68-40AD-438A-8FA8-4A8A632D2480}.Release|x64.ActiveCfg = Release|x64
		{23E5DD68-40AD-438A-8FA8-4A8A632D2480}.Release|x64.Build.0 = Release|x64
		{23E5DD68-40AD-438A-8FA8-4A8A632D2480}.Release|x86.ActiveCfg = Release|x86
		{23E5DD68-40AD-438A-8FA8-4A8A632D2480}.Release|x86.Build.0 = Release|x86
		{E0E469C1-BFB5-4EC0-93F1-F019C9101110}.Debug|x64.ActiveCfg = Debug|x64
		{E0E469C1-BFB5-4EC0-93F1-F019C9101110}.Debug|x64.Build.0 = Debug|x64
		{E0E469C1-BFB5-4EC0-93F1-F019C9101110}.Debug|x86.ActiveCfg = Debug|x86
		{E0E469C1-BFB5-4EC0-93F1-F019C9101110}.Debug|x86.Build.0 = Debug|x86
		{E0E469C1-BFB5-4EC0-93F1-F019C9101110}.Release|x64.ActiveCfg = Release|x64
		{E0E469C1-BFB5-4EC0-93F1-F019C9101110}.Release|x64.Build.0 = Release|x64
		{E0E469C1-BFB5-4EC0-93F1-F019C9101110}.Release|x86.ActiveCfg = Release|x86
		{E0E469C1-BFB5-4EC0-93F1-F019C9101110}.Release|x86.Build.0 = Release|x86
		{D32F5344-D291-42FC-8B6E-4183864E2D77}.Debug|x64.ActiveCfg = Debug|x64
		{D32F5344-D291-42FC-8B6E-4183864E2D77}.Debug|x64.Build.0 = Debug|x64
		{D32F5344-D291-42FC-8B6E-4183864E2D77}.Debug|x86.ActiveCfg = Debug|x86
		{D32F5344-D291-42FC-8B6E-4183864E2D77}.Debug|x86.Build.0 = Debug|x86
		{D32F5344-D291-42FC-8B6E-4183864E2D77}.Release|x64.ActiveCfg = Release|x64
		{D32F5344-D291-42FC-8B6E-4183864E2D77}.Release|x64.Build.0 = Release|x64
		{D32F5344-D291-42FC-8B6E-4183864E2D77}.Release|x86.ActiveCfg = Release|x86
		{D32F5344-D291-42FC-8B6E-4183864E2D77}.Release|x86.Build.0 = Release|x86
		{089001B8-3BCE-42EC-ACB4-D68CF8705A46}.Debug|x64.ActiveCfg = Debug|x64
		{089001B8-3BCE-42EC-ACB4-D68CF8705A46}.Debug|x64.Build.0 = Debug|x64
		{089001B8-3BCE-42EC-ACB4-D68CF8705A46}.Debug|x86.ActiveCfg = Debug|x86
		{089001B8-3BCE-42EC-ACB4-D68CF8705A46}.Debug|x86.Build.0 = Debug|x86
		{089001B8-3BCE-42EC-ACB4-D68CF8705A46}.Release|x64.ActiveCfg = Release|x64
		{089001B8-3BCE-42EC-ACB4-D68CF8705A46}.Release|x64.Build.0 = Release|x64
		{089001B8-3BCE-42EC-ACB4-D68CF8705A46}.Release|x86.ActiveCfg = Release|x86
		{089001B8-3BCE-42EC-ACB4-D68CF8705A46}.Release|x86.Build.0 = Release|x86
		{DF2A1B02-EACF-4F54-8692-ABAC9AF54D8E}.Debug|x64.ActiveCfg = Debug|x64
		{DF2A1B02-EACF-4F54-8692-ABAC9AF54D8E}.Debug|x64.Build.0 = Debug|x64
		{DF2A1B02-EACF-4F54-8692-ABAC9AF54D8E}.Debug|x86.ActiveCfg = Debug|x86
		{DF2A1B02-EACF-4F54-8692-ABAC9AF54D8E}.Debug|x86.Build.0 = Debug|x86
		{DF2A1B02-EACF-4F54-8692-ABAC9AF54D8E}.Release|x64.ActiveCfg = Release|x64
		{DF2A1B02-EACF-4F54-8692-ABAC9AF54D8E}.Release|x64.Build.0 = Release|x64
		{DF2A1B02-EACF-4F54-8692-ABAC9AF54D8E}.Release|x86.ActiveCfg = Release|x86
		{DF2A1B02-EACF-4F54-8692-ABAC9AF54D8E}.Release|x86.Build.0 = Release|x86
		{DF7D6401-1959-405F-8F35-65FD8AD320B7}.Debug|x64.ActiveCfg = Debug|x64
		{DF7D6401-1959-405F-8F35-65FD8AD320B7}.Debug|x64.Build.0 = Debug|x64
		{DF7D6401-1959-405F-8F35-65FD8AD320B7}.Debug|x86.ActiveCfg = Debug|x86
		{DF7D6401-1959-405F-8F35-65FD8AD320B7}.Debug|x86.Build.0 = Debug|x86
		{DF7D6401-1959-405F-8F35-65FD8AD320B7}.Release|x64.ActiveCfg = Release|x64
		{DF7D6401-1959-405F-8F35-65FD8AD320B7}.Release|x64.Build.0 = Release|x64
		{DF7D6401-1959-405F-8F35-65FD8AD320B7}.Release|x86.ActiveCfg = Release|x86
		{DF7D6401-1959-405F-8F35-65FD8AD320B7}.Release|x86.Build.0 = Release|x86
		{A62AB280-42D0-4639-8391-4BFA73269625}.Debug|x64.ActiveCfg = Debug|x64
		{A62AB280-42D0-4639-8391-4BFA73269625}.Debug|x64.Build.0 = Debug|x64
		{A62AB280-42D0-4639-8391-4BFA73269625}.Debug|x86.ActiveCfg = Debug|x86
		{A62AB280-42D0-4639-8391-4BFA73269625}.Debug|x86.Build.0 = Debug|x86
		{A62AB280-42D0-4639-8391-4BFA73269625}.Release|x64.ActiveCfg = Release|x64
		{A62AB280-42D0-4639-8391-4BFA73269625}.Release|x64.Build.0 = Release|x64
		{A62AB280-42D0-4639-8391-4BFA73269625}.Release|x86.ActiveCfg = Release|x86
		{A62AB280-42D0-4639-8391-4BFA73269625}.Release|x86.Build.0 = Release|x86
		{5388053E-2E8F-4201-A96C-77861EC058C1}.Debug|x64.ActiveCfg = Debug|x64
		{5388053E-2E8F-4201-A96C-77861EC058C1}.Debug|x64.Build.0 = Debug|x64
		{5388053E-2E8F-4201-A96C-77861EC058C1}.Debug|x86.ActiveCfg = Debug|x86
		{5388053E-2E8F-4201-A96C-77861EC058C1}.Debug|x86.Build.0 = Debug|x86
		{5388053E-2E8F-4201-A96C-77861EC058C1}.Release|x64.ActiveCfg = Release|x64
		{5388053E-2E8F-4201-A96C-77861EC058C1}.Release|x64.Build.0 = Release|x64
		{5388053E-2E8F-4201-A96C-77861EC058C1}.Release|x86.ActiveCfg = Release|x86
		{5388053E-2E8F-4201-A96C-77861EC058C1}.Release|x86.Build.0 = Release|x86
		{8275CB61-A4A6-465E-B46F-B36257FC395A}.Debug|x64.ActiveCfg = Debug|x64
		{8275CB61-A4A6-465E-B46F-B36257FC395A}.Debug|x64.Build.0 = Debug|x64
		{8275CB61-A4A6-465E-B46F-B36257FC395A}.Debug|x86.ActiveCfg = Debug|x86
		{8275CB61-A4A6-465E-B46F-B36257FC395A}.Debug|x86.Build.0 = Debug|x86
		{8275CB61-A4A6-465E-B46F-B36257FC395A}.Release|x64.ActiveCfg = Release|x64
		{8275CB61-A4A6-465E-B46F-B36257FC395A}.Release|x64.Build.0 = Release|x64
		{8275CB61-A4A6-465E-B46F-B36257FC395A}.Release|x86.ActiveCfg = Release|x86
		{8275CB61-A4A6-465E-B46F-B36257FC395A}.Release|x86.Build.0 = Release|x86
	EndGlobalSection
	GlobalSection(SolutionProperties) = preSolution
		HideSolutionNode = FALSE
	EndGlobalSection
	GlobalSection(ExtensibilityGlobals) = postSolution
		SolutionGuid = {6BC6F82D-E128-4C06-A081-87DD3C498B23}
	EndGlobalSection
EndGlobal
