
Microsoft Visual Studio Solution File, Format Version 12.00
# Visual Studio Version 16
VisualStudioVersion = 16.0.29613.14
MinimumVisualStudioVersion = 10.0.40219.1
Project("{9A19103F-16F7-4668-BE54-9A1E7A4F7556}") = "ColorSlider", "ColorSlider\ColorSlider.csproj", "{16E224DC-7FF0-4908-8318-D6A3AC2E797A}"
EndProject
Project("{9A19103F-16F7-4668-BE54-9A1E7A4F7556}") = "Common", "Common\Common.csproj", "{DFEE4C9B-F9FC-4186-945F-27518E4FCEB7}"
EndProject
Project("{9A19103F-16F7-4668-BE54-9A1E7A4F7556}") = "DataGridViewCustomColumns", "DataGridViewCustomColumns\DataGridViewCustomColumns.csproj", "{A61C4450-11B5-4AB8-B6C1-C07AC448FF23}"
EndProject
Project("{9A19103F-16F7-4668-BE54-9A1E7A4F7556}") = "FieldFormationControl", "FieldFormationControl\FieldFormationControl\FieldFormationControl.csproj", "{23E5DD68-40AD-438A-8FA8-4A8A632D2480}"
EndProject
Project("{9A19103F-16F7-4668-BE54-9A1E7A4F7556}") = "Languages", "Multilanguage\Languages.csproj", "{E0E469C1-BFB5-4EC0-93F1-F019C9101110}"
EndProject
Project("{9A19103F-16F7-4668-BE54-9A1E7A4F7556}") = "NTR_Common", "NTR_Common\NTR_Common.csproj", "{D32F5344-D291-42FC-8B6E-4183864E2D77}"
EndProject
Project("{9A19103F-16F7-4668-BE54-9A1E7A4F7556}") = "Profile", "Profile\Profile.csproj", "{089001B8-3BCE-42EC-ACB4-D68CF8705A46}"
EndProject
Project("{9A19103F-16F7-4668-BE54-9A1E7A4F7556}") = "TMR_CustomControls", "TMR_CostumControls\TMR_CustomControls.csproj", "{DF2A1B02-EACF-4F54-8692-ABAC9AF54D8E}"
EndProject
Project("{9A19103F-16F7-4668-BE54-9A1E7A4F7556}") = "Other Files", "Other Files\Other Files.csproj", "{B111BF5D-905A-4AC0-B679-03C2CC387AC7}"
EndProject
Project("{9A19103F-16F7-4668-BE54-9A1E7A4F7556}") = "NTR_Db", "NTR_Db\NTR_Db.csproj", "{DF7D6401-1959-405F-8F35-65FD8AD320B7}"
EndProject
Project("{9A19103F-16F7-4668-BE54-9A1E7A4F7556}") = "NTR_Controls", "NTR_Controls\NTR_Controls.csproj", "{A62AB280-42D0-4639-8391-4BFA73269625}"
EndProject
Project("{9A19103F-16F7-4668-BE54-9A1E7A4F7556}") = "NTR_WebBrowser", "NTR_Browser\NTR_WebBrowser.csproj", "{483D9C7D-108E-4AEC-9DA2-20E57ABE217F}"
EndProject
Project("{9A19103F-16F7-4668-BE54-9A1E7A4F7556}") = "TMRecorder", "TMParser\TMRecorder.csproj", "{5388053E-2E8F-4201-A96C-77861EC058C1}"
EndProject
Project("{9A19103F-16F7-4668-BE54-9A1E7A4F7556}") = "TmRecorder.Core", "TmRecorder.Core\TmRecorder.Core.csproj", "{D35C4DBC-58F9-459D-9B33-5F9146DC70AF}"
EndProject
Global
	GlobalSection(SolutionConfigurationPlatforms) = preSolution
		Debug|Any CPU = Debug|Any CPU
		Debug|Mixed Platforms = Debug|Mixed Platforms
		Debug|x64 = Debug|x64
		Debug|x86 = Debug|x86
		Debug32|Any CPU = Debug32|Any CPU
		Debug32|Mixed Platforms = Debug32|Mixed Platforms
		Debug32|x64 = Debug32|x64
		Debug32|x86 = Debug32|x86
		Release|Any CPU = Release|Any CPU
		Release|Mixed Platforms = Release|Mixed Platforms
		Release|x64 = Release|x64
		Release|x86 = Release|x86
		ReleaseX64|Any CPU = ReleaseX64|Any CPU
		ReleaseX64|Mixed Platforms = ReleaseX64|Mixed Platforms
		ReleaseX64|x64 = ReleaseX64|x64
		ReleaseX64|x86 = ReleaseX64|x86
	EndGlobalSection
	GlobalSection(ProjectConfigurationPlatforms) = postSolution
		{16E224DC-7FF0-4908-8318-D6A3AC2E797A}.Debug|Any CPU.ActiveCfg = Debug|Any CPU
		{16E224DC-7FF0-4908-8318-D6A3AC2E797A}.Debug|Any CPU.Build.0 = Debug|Any CPU
		{16E224DC-7FF0-4908-8318-D6A3AC2E797A}.Debug|Mixed Platforms.ActiveCfg = Debug|Any CPU
		{16E224DC-7FF0-4908-8318-D6A3AC2E797A}.Debug|Mixed Platforms.Build.0 = Debug|Any CPU
		{16E224DC-7FF0-4908-8318-D6A3AC2E797A}.Debug|x64.ActiveCfg = Debug|Any CPU
		{16E224DC-7FF0-4908-8318-D6A3AC2E797A}.Debug|x64.Build.0 = Debug|Any CPU
		{16E224DC-7FF0-4908-8318-D6A3AC2E797A}.Debug|x86.ActiveCfg = Debug|Any CPU
		{16E224DC-7FF0-4908-8318-D6A3AC2E797A}.Debug|x86.Build.0 = Debug|Any CPU
		{16E224DC-7FF0-4908-8318-D6A3AC2E797A}.Debug32|Any CPU.ActiveCfg = Debug|Any CPU
		{16E224DC-7FF0-4908-8318-D6A3AC2E797A}.Debug32|Any CPU.Build.0 = Debug|Any CPU
		{16E224DC-7FF0-4908-8318-D6A3AC2E797A}.Debug32|Mixed Platforms.ActiveCfg = Debug|Any CPU
		{16E224DC-7FF0-4908-8318-D6A3AC2E797A}.Debug32|Mixed Platforms.Build.0 = Debug|Any CPU
		{16E224DC-7FF0-4908-8318-D6A3AC2E797A}.Debug32|x64.ActiveCfg = Debug|Any CPU
		{16E224DC-7FF0-4908-8318-D6A3AC2E797A}.Debug32|x64.Build.0 = Debug|Any CPU
		{16E224DC-7FF0-4908-8318-D6A3AC2E797A}.Debug32|x86.ActiveCfg = Debug|Any CPU
		{16E224DC-7FF0-4908-8318-D6A3AC2E797A}.Debug32|x86.Build.0 = Debug|Any CPU
		{16E224DC-7FF0-4908-8318-D6A3AC2E797A}.Release|Any CPU.ActiveCfg = Release|Any CPU
		{16E224DC-7FF0-4908-8318-D6A3AC2E797A}.Release|Any CPU.Build.0 = Release|Any CPU
		{16E224DC-7FF0-4908-8318-D6A3AC2E797A}.Release|Mixed Platforms.ActiveCfg = Release|Any CPU
		{16E224DC-7FF0-4908-8318-D6A3AC2E797A}.Release|Mixed Platforms.Build.0 = Release|Any CPU
		{16E224DC-7FF0-4908-8318-D6A3AC2E797A}.Release|x64.ActiveCfg = Release|Any CPU
		{16E224DC-7FF0-4908-8318-D6A3AC2E797A}.Release|x64.Build.0 = Release|Any CPU
		{16E224DC-7FF0-4908-8318-D6A3AC2E797A}.Release|x86.ActiveCfg = Release|Any CPU
		{16E224DC-7FF0-4908-8318-D6A3AC2E797A}.Release|x86.Build.0 = Release|Any CPU
		{16E224DC-7FF0-4908-8318-D6A3AC2E797A}.ReleaseX64|Any CPU.ActiveCfg = Release|Any CPU
		{16E224DC-7FF0-4908-8318-D6A3AC2E797A}.ReleaseX64|Any CPU.Build.0 = Release|Any CPU
		{16E224DC-7FF0-4908-8318-D6A3AC2E797A}.ReleaseX64|Mixed Platforms.ActiveCfg = Release|Any CPU
		{16E224DC-7FF0-4908-8318-D6A3AC2E797A}.ReleaseX64|Mixed Platforms.Build.0 = Release|Any CPU
		{16E224DC-7FF0-4908-8318-D6A3AC2E797A}.ReleaseX64|x64.ActiveCfg = Release|Any CPU
		{16E224DC-7FF0-4908-8318-D6A3AC2E797A}.ReleaseX64|x64.Build.0 = Release|Any CPU
		{16E224DC-7FF0-4908-8318-D6A3AC2E797A}.ReleaseX64|x86.ActiveCfg = Release|Any CPU
		{16E224DC-7FF0-4908-8318-D6A3AC2E797A}.ReleaseX64|x86.Build.0 = Release|Any CPU
		{DFEE4C9B-F9FC-4186-945F-27518E4FCEB7}.Debug|Any CPU.ActiveCfg = Debug|Any CPU
		{DFEE4C9B-F9FC-4186-945F-27518E4FCEB7}.Debug|Any CPU.Build.0 = Debug|Any CPU
		{DFEE4C9B-F9FC-4186-945F-27518E4FCEB7}.Debug|Mixed Platforms.ActiveCfg = Debug|Any CPU
		{DFEE4C9B-F9FC-4186-945F-27518E4FCEB7}.Debug|Mixed Platforms.Build.0 = Debug|Any CPU
		{DFEE4C9B-F9FC-4186-945F-27518E4FCEB7}.Debug|x64.ActiveCfg = Debug|Any CPU
		{DFEE4C9B-F9FC-4186-945F-27518E4FCEB7}.Debug|x64.Build.0 = Debug|Any CPU
		{DFEE4C9B-F9FC-4186-945F-27518E4FCEB7}.Debug|x86.ActiveCfg = Debug|Any CPU
		{DFEE4C9B-F9FC-4186-945F-27518E4FCEB7}.Debug|x86.Build.0 = Debug|Any CPU
		{DFEE4C9B-F9FC-4186-945F-27518E4FCEB7}.Debug32|Any CPU.ActiveCfg = Debug|Any CPU
		{DFEE4C9B-F9FC-4186-945F-27518E4FCEB7}.Debug32|Any CPU.Build.0 = Debug|Any CPU
		{DFEE4C9B-F9FC-4186-945F-27518E4FCEB7}.Debug32|Mixed Platforms.ActiveCfg = Debug|Any CPU
		{DFEE4C9B-F9FC-4186-945F-27518E4FCEB7}.Debug32|Mixed Platforms.Build.0 = Debug|Any CPU
		{DFEE4C9B-F9FC-4186-945F-27518E4FCEB7}.Debug32|x64.ActiveCfg = Debug|Any CPU
		{DFEE4C9B-F9FC-4186-945F-27518E4FCEB7}.Debug32|x64.Build.0 = Debug|Any CPU
		{DFEE4C9B-F9FC-4186-945F-27518E4FCEB7}.Debug32|x86.ActiveCfg = Debug|Any CPU
		{DFEE4C9B-F9FC-4186-945F-27518E4FCEB7}.Debug32|x86.Build.0 = Debug|Any CPU
		{DFEE4C9B-F9FC-4186-945F-27518E4FCEB7}.Release|Any CPU.ActiveCfg = Release|Any CPU
		{DFEE4C9B-F9FC-4186-945F-27518E4FCEB7}.Release|Any CPU.Build.0 = Release|Any CPU
		{DFEE4C9B-F9FC-4186-945F-27518E4FCEB7}.Release|Mixed Platforms.ActiveCfg = Release|Any CPU
		{DFEE4C9B-F9FC-4186-945F-27518E4FCEB7}.Release|Mixed Platforms.Build.0 = Release|Any CPU
		{DFEE4C9B-F9FC-4186-945F-27518E4FCEB7}.Release|x64.ActiveCfg = Release|Any CPU
		{DFEE4C9B-F9FC-4186-945F-27518E4FCEB7}.Release|x64.Build.0 = Release|Any CPU
		{DFEE4C9B-F9FC-4186-945F-27518E4FCEB7}.Release|x86.ActiveCfg = Release|Any CPU
		{DFEE4C9B-F9FC-4186-945F-27518E4FCEB7}.Release|x86.Build.0 = Release|Any CPU
		{DFEE4C9B-F9FC-4186-945F-27518E4FCEB7}.ReleaseX64|Any CPU.ActiveCfg = Release|Any CPU
		{DFEE4C9B-F9FC-4186-945F-27518E4FCEB7}.ReleaseX64|Any CPU.Build.0 = Release|Any CPU
		{DFEE4C9B-F9FC-4186-945F-27518E4FCEB7}.ReleaseX64|Mixed Platforms.ActiveCfg = Release|Any CPU
		{DFEE4C9B-F9FC-4186-945F-27518E4FCEB7}.ReleaseX64|Mixed Platforms.Build.0 = Release|Any CPU
		{DFEE4C9B-F9FC-4186-945F-27518E4FCEB7}.ReleaseX64|x64.ActiveCfg = Release|Any CPU
		{DFEE4C9B-F9FC-4186-945F-27518E4FCEB7}.ReleaseX64|x64.Build.0 = Release|Any CPU
		{DFEE4C9B-F9FC-4186-945F-27518E4FCEB7}.ReleaseX64|x86.ActiveCfg = Release|Any CPU
		{DFEE4C9B-F9FC-4186-945F-27518E4FCEB7}.ReleaseX64|x86.Build.0 = Release|Any CPU
		{A61C4450-11B5-4AB8-B6C1-C07AC448FF23}.Debug|Any CPU.ActiveCfg = Debug|Any CPU
		{A61C4450-11B5-4AB8-B6C1-C07AC448FF23}.Debug|Any CPU.Build.0 = Debug|Any CPU
		{A61C4450-11B5-4AB8-B6C1-C07AC448FF23}.Debug|Mixed Platforms.ActiveCfg = Debug|Any CPU
		{A61C4450-11B5-4AB8-B6C1-C07AC448FF23}.Debug|Mixed Platforms.Build.0 = Debug|Any CPU
		{A61C4450-11B5-4AB8-B6C1-C07AC448FF23}.Debug|x64.ActiveCfg = Debug|Any CPU
		{A61C4450-11B5-4AB8-B6C1-C07AC448FF23}.Debug|x64.Build.0 = Debug|Any CPU
		{A61C4450-11B5-4AB8-B6C1-C07AC448FF23}.Debug|x86.ActiveCfg = Debug|Any CPU
		{A61C4450-11B5-4AB8-B6C1-C07AC448FF23}.Debug|x86.Build.0 = Debug|Any CPU
		{A61C4450-11B5-4AB8-B6C1-C07AC448FF23}.Debug32|Any CPU.ActiveCfg = Debug|Any CPU
		{A61C4450-11B5-4AB8-B6C1-C07AC448FF23}.Debug32|Any CPU.Build.0 = Debug|Any CPU
		{A61C4450-11B5-4AB8-B6C1-C07AC448FF23}.Debug32|Mixed Platforms.ActiveCfg = Debug|Any CPU
		{A61C4450-11B5-4AB8-B6C1-C07AC448FF23}.Debug32|Mixed Platforms.Build.0 = Debug|Any CPU
		{A61C4450-11B5-4AB8-B6C1-C07AC448FF23}.Debug32|x64.ActiveCfg = Debug|Any CPU
		{A61C4450-11B5-4AB8-B6C1-C07AC448FF23}.Debug32|x64.Build.0 = Debug|Any CPU
		{A61C4450-11B5-4AB8-B6C1-C07AC448FF23}.Debug32|x86.ActiveCfg = Debug|Any CPU
		{A61C4450-11B5-4AB8-B6C1-C07AC448FF23}.Debug32|x86.Build.0 = Debug|Any CPU
		{A61C4450-11B5-4AB8-B6C1-C07AC448FF23}.Release|Any CPU.ActiveCfg = Release|Any CPU
		{A61C4450-11B5-4AB8-B6C1-C07AC448FF23}.Release|Any CPU.Build.0 = Release|Any CPU
		{A61C4450-11B5-4AB8-B6C1-C07AC448FF23}.Release|Mixed Platforms.ActiveCfg = Release|Any CPU
		{A61C4450-11B5-4AB8-B6C1-C07AC448FF23}.Release|Mixed Platforms.Build.0 = Release|Any CPU
		{A61C4450-11B5-4AB8-B6C1-C07AC448FF23}.Release|x64.ActiveCfg = Release|Any CPU
		{A61C4450-11B5-4AB8-B6C1-C07AC448FF23}.Release|x64.Build.0 = Release|Any CPU
		{A61C4450-11B5-4AB8-B6C1-C07AC448FF23}.Release|x86.ActiveCfg = Release|Any CPU
		{A61C4450-11B5-4AB8-B6C1-C07AC448FF23}.Release|x86.Build.0 = Release|Any CPU
		{A61C4450-11B5-4AB8-B6C1-C07AC448FF23}.ReleaseX64|Any CPU.ActiveCfg = Release|Any CPU
		{A61C4450-11B5-4AB8-B6C1-C07AC448FF23}.ReleaseX64|Any CPU.Build.0 = Release|Any CPU
		{A61C4450-11B5-4AB8-B6C1-C07AC448FF23}.ReleaseX64|Mixed Platforms.ActiveCfg = Release|Any CPU
		{A61C4450-11B5-4AB8-B6C1-C07AC448FF23}.ReleaseX64|Mixed Platforms.Build.0 = Release|Any CPU
		{A61C4450-11B5-4AB8-B6C1-C07AC448FF23}.ReleaseX64|x64.ActiveCfg = Release|Any CPU
		{A61C4450-11B5-4AB8-B6C1-C07AC448FF23}.ReleaseX64|x64.Build.0 = Release|Any CPU
		{A61C4450-11B5-4AB8-B6C1-C07AC448FF23}.ReleaseX64|x86.ActiveCfg = Release|Any CPU
		{A61C4450-11B5-4AB8-B6C1-C07AC448FF23}.ReleaseX64|x86.Build.0 = Release|Any CPU
		{23E5DD68-40AD-438A-8FA8-4A8A632D2480}.Debug|Any CPU.ActiveCfg = Debug|Any CPU
		{23E5DD68-40AD-438A-8FA8-4A8A632D2480}.Debug|Any CPU.Build.0 = Debug|Any CPU
		{23E5DD68-40AD-438A-8FA8-4A8A632D2480}.Debug|Mixed Platforms.ActiveCfg = Debug|Any CPU
		{23E5DD68-40AD-438A-8FA8-4A8A632D2480}.Debug|Mixed Platforms.Build.0 = Debug|Any CPU
		{23E5DD68-40AD-438A-8FA8-4A8A632D2480}.Debug|x64.ActiveCfg = Debug|Any CPU
		{23E5DD68-40AD-438A-8FA8-4A8A632D2480}.Debug|x64.Build.0 = Debug|Any CPU
		{23E5DD68-40AD-438A-8FA8-4A8A632D2480}.Debug|x86.ActiveCfg = Debug|Any CPU
		{23E5DD68-40AD-438A-8FA8-4A8A632D2480}.Debug|x86.Build.0 = Debug|Any CPU
		{23E5DD68-40AD-438A-8FA8-4A8A632D2480}.Debug32|Any CPU.ActiveCfg = Debug|Any CPU
		{23E5DD68-40AD-438A-8FA8-4A8A632D2480}.Debug32|Any CPU.Build.0 = Debug|Any CPU
		{23E5DD68-40AD-438A-8FA8-4A8A632D2480}.Debug32|Mixed Platforms.ActiveCfg = Debug|Any CPU
		{23E5DD68-40AD-438A-8FA8-4A8A632D2480}.Debug32|Mixed Platforms.Build.0 = Debug|Any CPU
		{23E5DD68-40AD-438A-8FA8-4A8A632D2480}.Debug32|x64.ActiveCfg = Debug|Any CPU
		{23E5DD68-40AD-438A-8FA8-4A8A632D2480}.Debug32|x64.Build.0 = Debug|Any CPU
		{23E5DD68-40AD-438A-8FA8-4A8A632D2480}.Debug32|x86.ActiveCfg = Debug|Any CPU
		{23E5DD68-40AD-438A-8FA8-4A8A632D2480}.Debug32|x86.Build.0 = Debug|Any CPU
		{23E5DD68-40AD-438A-8FA8-4A8A632D2480}.Release|Any CPU.ActiveCfg = Release|Any CPU
		{23E5DD68-40AD-438A-8FA8-4A8A632D2480}.Release|Any CPU.Build.0 = Release|Any CPU
		{23E5DD68-40AD-438A-8FA8-4A8A632D2480}.Release|Mixed Platforms.ActiveCfg = Release|Any CPU
		{23E5DD68-40AD-438A-8FA8-4A8A632D2480}.Release|Mixed Platforms.Build.0 = Release|Any CPU
		{23E5DD68-40AD-438A-8FA8-4A8A632D2480}.Release|x64.ActiveCfg = Release|Any CPU
		{23E5DD68-40AD-438A-8FA8-4A8A632D2480}.Release|x64.Build.0 = Release|Any CPU
		{23E5DD68-40AD-438A-8FA8-4A8A632D2480}.Release|x86.ActiveCfg = Release|Any CPU
		{23E5DD68-40AD-438A-8FA8-4A8A632D2480}.Release|x86.Build.0 = Release|Any CPU
		{23E5DD68-40AD-438A-8FA8-4A8A632D2480}.ReleaseX64|Any CPU.ActiveCfg = Release|Any CPU
		{23E5DD68-40AD-438A-8FA8-4A8A632D2480}.ReleaseX64|Any CPU.Build.0 = Release|Any CPU
		{23E5DD68-40AD-438A-8FA8-4A8A632D2480}.ReleaseX64|Mixed Platforms.ActiveCfg = Release|Any CPU
		{23E5DD68-40AD-438A-8FA8-4A8A632D2480}.ReleaseX64|Mixed Platforms.Build.0 = Release|Any CPU
		{23E5DD68-40AD-438A-8FA8-4A8A632D2480}.ReleaseX64|x64.ActiveCfg = Release|Any CPU
		{23E5DD68-40AD-438A-8FA8-4A8A632D2480}.ReleaseX64|x64.Build.0 = Release|Any CPU
		{23E5DD68-40AD-438A-8FA8-4A8A632D2480}.ReleaseX64|x86.ActiveCfg = Release|Any CPU
		{23E5DD68-40AD-438A-8FA8-4A8A632D2480}.ReleaseX64|x86.Build.0 = Release|Any CPU
		{E0E469C1-BFB5-4EC0-93F1-F019C9101110}.Debug|Any CPU.ActiveCfg = Debug|Any CPU
		{E0E469C1-BFB5-4EC0-93F1-F019C9101110}.Debug|Any CPU.Build.0 = Debug|Any CPU
		{E0E469C1-BFB5-4EC0-93F1-F019C9101110}.Debug|Mixed Platforms.ActiveCfg = Debug|Any CPU
		{E0E469C1-BFB5-4EC0-93F1-F019C9101110}.Debug|Mixed Platforms.Build.0 = Debug|Any CPU
		{E0E469C1-BFB5-4EC0-93F1-F019C9101110}.Debug|x64.ActiveCfg = Debug|Any CPU
		{E0E469C1-BFB5-4EC0-93F1-F019C9101110}.Debug|x86.ActiveCfg = Debug|Any CPU
		{E0E469C1-BFB5-4EC0-93F1-F019C9101110}.Debug|x86.Build.0 = Debug|Any CPU
		{E0E469C1-BFB5-4EC0-93F1-F019C9101110}.Debug32|Any CPU.ActiveCfg = Debug|Any CPU
		{E0E469C1-BFB5-4EC0-93F1-F019C9101110}.Debug32|Any CPU.Build.0 = Debug|Any CPU
		{E0E469C1-BFB5-4EC0-93F1-F019C9101110}.Debug32|Mixed Platforms.ActiveCfg = Debug|Any CPU
		{E0E469C1-BFB5-4EC0-93F1-F019C9101110}.Debug32|Mixed Platforms.Build.0 = Debug|Any CPU
		{E0E469C1-BFB5-4EC0-93F1-F019C9101110}.Debug32|x64.ActiveCfg = Debug|Any CPU
		{E0E469C1-BFB5-4EC0-93F1-F019C9101110}.Debug32|x64.Build.0 = Debug|Any CPU
		{E0E469C1-BFB5-4EC0-93F1-F019C9101110}.Debug32|x86.ActiveCfg = Debug|Any CPU
		{E0E469C1-BFB5-4EC0-93F1-F019C9101110}.Debug32|x86.Build.0 = Debug|Any CPU
		{E0E469C1-BFB5-4EC0-93F1-F019C9101110}.Release|Any CPU.ActiveCfg = Release|Any CPU
		{E0E469C1-BFB5-4EC0-93F1-F019C9101110}.Release|Any CPU.Build.0 = Release|Any CPU
		{E0E469C1-BFB5-4EC0-93F1-F019C9101110}.Release|Mixed Platforms.ActiveCfg = Release|Any CPU
		{E0E469C1-BFB5-4EC0-93F1-F019C9101110}.Release|Mixed Platforms.Build.0 = Release|Any CPU
		{E0E469C1-BFB5-4EC0-93F1-F019C9101110}.Release|x64.ActiveCfg = Release|Any CPU
		{E0E469C1-BFB5-4EC0-93F1-F019C9101110}.Release|x86.ActiveCfg = Release|Any CPU
		{E0E469C1-BFB5-4EC0-93F1-F019C9101110}.Release|x86.Build.0 = Release|Any CPU
		{E0E469C1-BFB5-4EC0-93F1-F019C9101110}.ReleaseX64|Any CPU.ActiveCfg = Release|Any CPU
		{E0E469C1-BFB5-4EC0-93F1-F019C9101110}.ReleaseX64|Any CPU.Build.0 = Release|Any CPU
		{E0E469C1-BFB5-4EC0-93F1-F019C9101110}.ReleaseX64|Mixed Platforms.ActiveCfg = Release|Any CPU
		{E0E469C1-BFB5-4EC0-93F1-F019C9101110}.ReleaseX64|Mixed Platforms.Build.0 = Release|Any CPU
		{E0E469C1-BFB5-4EC0-93F1-F019C9101110}.ReleaseX64|x64.ActiveCfg = Release|Any CPU
		{E0E469C1-BFB5-4EC0-93F1-F019C9101110}.ReleaseX64|x86.ActiveCfg = Release|Any CPU
		{E0E469C1-BFB5-4EC0-93F1-F019C9101110}.ReleaseX64|x86.Build.0 = Release|Any CPU
		{D32F5344-D291-42FC-8B6E-4183864E2D77}.Debug|Any CPU.ActiveCfg = Debug|Any CPU
		{D32F5344-D291-42FC-8B6E-4183864E2D77}.Debug|Any CPU.Build.0 = Debug|Any CPU
		{D32F5344-D291-42FC-8B6E-4183864E2D77}.Debug|Mixed Platforms.ActiveCfg = Debug|Any CPU
		{D32F5344-D291-42FC-8B6E-4183864E2D77}.Debug|Mixed Platforms.Build.0 = Debug|Any CPU
		{D32F5344-D291-42FC-8B6E-4183864E2D77}.Debug|x64.ActiveCfg = Debug|Any CPU
		{D32F5344-D291-42FC-8B6E-4183864E2D77}.Debug|x86.ActiveCfg = Debug|Any CPU
		{D32F5344-D291-42FC-8B6E-4183864E2D77}.Debug|x86.Build.0 = Debug|Any CPU
		{D32F5344-D291-42FC-8B6E-4183864E2D77}.Debug32|Any CPU.ActiveCfg = Debug|Any CPU
		{D32F5344-D291-42FC-8B6E-4183864E2D77}.Debug32|Any CPU.Build.0 = Debug|Any CPU
		{D32F5344-D291-42FC-8B6E-4183864E2D77}.Debug32|Mixed Platforms.ActiveCfg = Debug|Any CPU
		{D32F5344-D291-42FC-8B6E-4183864E2D77}.Debug32|Mixed Platforms.Build.0 = Debug|Any CPU
		{D32F5344-D291-42FC-8B6E-4183864E2D77}.Debug32|x64.ActiveCfg = Debug|Any CPU
		{D32F5344-D291-42FC-8B6E-4183864E2D77}.Debug32|x64.Build.0 = Debug|Any CPU
		{D32F5344-D291-42FC-8B6E-4183864E2D77}.Debug32|x86.ActiveCfg = Debug|Any CPU
		{D32F5344-D291-42FC-8B6E-4183864E2D77}.Debug32|x86.Build.0 = Debug|Any CPU
		{D32F5344-D291-42FC-8B6E-4183864E2D77}.Release|Any CPU.ActiveCfg = Release|Any CPU
		{D32F5344-D291-42FC-8B6E-4183864E2D77}.Release|Any CPU.Build.0 = Release|Any CPU
		{D32F5344-D291-42FC-8B6E-4183864E2D77}.Release|Mixed Platforms.ActiveCfg = Release|Any CPU
		{D32F5344-D291-42FC-8B6E-4183864E2D77}.Release|Mixed Platforms.Build.0 = Release|Any CPU
		{D32F5344-D291-42FC-8B6E-4183864E2D77}.Release|x64.ActiveCfg = Release|Any CPU
		{D32F5344-D291-42FC-8B6E-4183864E2D77}.Release|x86.ActiveCfg = Release|Any CPU
		{D32F5344-D291-42FC-8B6E-4183864E2D77}.Release|x86.Build.0 = Release|Any CPU
		{D32F5344-D291-42FC-8B6E-4183864E2D77}.ReleaseX64|Any CPU.ActiveCfg = Release|Any CPU
		{D32F5344-D291-42FC-8B6E-4183864E2D77}.ReleaseX64|Any CPU.Build.0 = Release|Any CPU
		{D32F5344-D291-42FC-8B6E-4183864E2D77}.ReleaseX64|Mixed Platforms.ActiveCfg = Release|Any CPU
		{D32F5344-D291-42FC-8B6E-4183864E2D77}.ReleaseX64|Mixed Platforms.Build.0 = Release|Any CPU
		{D32F5344-D291-42FC-8B6E-4183864E2D77}.ReleaseX64|x64.ActiveCfg = Release|Any CPU
		{D32F5344-D291-42FC-8B6E-4183864E2D77}.ReleaseX64|x86.ActiveCfg = Release|Any CPU
		{D32F5344-D291-42FC-8B6E-4183864E2D77}.ReleaseX64|x86.Build.0 = Release|Any CPU
		{089001B8-3BCE-42EC-ACB4-D68CF8705A46}.Debug|Any CPU.ActiveCfg = Debug|Any CPU
		{089001B8-3BCE-42EC-ACB4-D68CF8705A46}.Debug|Any CPU.Build.0 = Debug|Any CPU
		{089001B8-3BCE-42EC-ACB4-D68CF8705A46}.Debug|Mixed Platforms.ActiveCfg = Debug|Any CPU
		{089001B8-3BCE-42EC-ACB4-D68CF8705A46}.Debug|Mixed Platforms.Build.0 = Debug|Any CPU
		{089001B8-3BCE-42EC-ACB4-D68CF8705A46}.Debug|x64.ActiveCfg = Debug|Any CPU
		{089001B8-3BCE-42EC-ACB4-D68CF8705A46}.Debug|x64.Build.0 = Debug|Any CPU
		{089001B8-3BCE-42EC-ACB4-D68CF8705A46}.Debug|x86.ActiveCfg = Debug|Any CPU
		{089001B8-3BCE-42EC-ACB4-D68CF8705A46}.Debug|x86.Build.0 = Debug|Any CPU
		{089001B8-3BCE-42EC-ACB4-D68CF8705A46}.Debug32|Any CPU.ActiveCfg = Debug|Any CPU
		{089001B8-3BCE-42EC-ACB4-D68CF8705A46}.Debug32|Any CPU.Build.0 = Debug|Any CPU
		{089001B8-3BCE-42EC-ACB4-D68CF8705A46}.Debug32|Mixed Platforms.ActiveCfg = Debug|Any CPU
		{089001B8-3BCE-42EC-ACB4-D68CF8705A46}.Debug32|Mixed Platforms.Build.0 = Debug|Any CPU
		{089001B8-3BCE-42EC-ACB4-D68CF8705A46}.Debug32|x64.ActiveCfg = Debug|Any CPU
		{089001B8-3BCE-42EC-ACB4-D68CF8705A46}.Debug32|x64.Build.0 = Debug|Any CPU
		{089001B8-3BCE-42EC-ACB4-D68CF8705A46}.Debug32|x86.ActiveCfg = Debug|Any CPU
		{089001B8-3BCE-42EC-ACB4-D68CF8705A46}.Debug32|x86.Build.0 = Debug|Any CPU
		{089001B8-3BCE-42EC-ACB4-D68CF8705A46}.Release|Any CPU.ActiveCfg = Release|Any CPU
		{089001B8-3BCE-42EC-ACB4-D68CF8705A46}.Release|Any CPU.Build.0 = Release|Any CPU
		{089001B8-3BCE-42EC-ACB4-D68CF8705A46}.Release|Mixed Platforms.ActiveCfg = Release|Any CPU
		{089001B8-3BCE-42EC-ACB4-D68CF8705A46}.Release|Mixed Platforms.Build.0 = Release|Any CPU
		{089001B8-3BCE-42EC-ACB4-D68CF8705A46}.Release|x64.ActiveCfg = Release|Any CPU
		{089001B8-3BCE-42EC-ACB4-D68CF8705A46}.Release|x64.Build.0 = Release|Any CPU
		{089001B8-3BCE-42EC-ACB4-D68CF8705A46}.Release|x86.ActiveCfg = Release|Any CPU
		{089001B8-3BCE-42EC-ACB4-D68CF8705A46}.Release|x86.Build.0 = Release|Any CPU
		{089001B8-3BCE-42EC-ACB4-D68CF8705A46}.ReleaseX64|Any CPU.ActiveCfg = Release|Any CPU
		{089001B8-3BCE-42EC-ACB4-D68CF8705A46}.ReleaseX64|Any CPU.Build.0 = Release|Any CPU
		{089001B8-3BCE-42EC-ACB4-D68CF8705A46}.ReleaseX64|Mixed Platforms.ActiveCfg = Release|Any CPU
		{089001B8-3BCE-42EC-ACB4-D68CF8705A46}.ReleaseX64|Mixed Platforms.Build.0 = Release|Any CPU
		{089001B8-3BCE-42EC-ACB4-D68CF8705A46}.ReleaseX64|x64.ActiveCfg = Release|Any CPU
		{089001B8-3BCE-42EC-ACB4-D68CF8705A46}.ReleaseX64|x64.Build.0 = Release|Any CPU
		{089001B8-3BCE-42EC-ACB4-D68CF8705A46}.ReleaseX64|x86.ActiveCfg = Release|Any CPU
		{089001B8-3BCE-42EC-ACB4-D68CF8705A46}.ReleaseX64|x86.Build.0 = Release|Any CPU
		{DF2A1B02-EACF-4F54-8692-ABAC9AF54D8E}.Debug|Any CPU.ActiveCfg = Debug|Any CPU
		{DF2A1B02-EACF-4F54-8692-ABAC9AF54D8E}.Debug|Any CPU.Build.0 = Debug|Any CPU
		{DF2A1B02-EACF-4F54-8692-ABAC9AF54D8E}.Debug|Mixed Platforms.ActiveCfg = Debug|Any CPU
		{DF2A1B02-EACF-4F54-8692-ABAC9AF54D8E}.Debug|Mixed Platforms.Build.0 = Debug|Any CPU
		{DF2A1B02-EACF-4F54-8692-ABAC9AF54D8E}.Debug|x64.ActiveCfg = Debug|Any CPU
		{DF2A1B02-EACF-4F54-8692-ABAC9AF54D8E}.Debug|x86.ActiveCfg = Debug|Any CPU
		{DF2A1B02-EACF-4F54-8692-ABAC9AF54D8E}.Debug|x86.Build.0 = Debug|Any CPU
		{DF2A1B02-EACF-4F54-8692-ABAC9AF54D8E}.Debug32|Any CPU.ActiveCfg = Debug|Any CPU
		{DF2A1B02-EACF-4F54-8692-ABAC9AF54D8E}.Debug32|Any CPU.Build.0 = Debug|Any CPU
		{DF2A1B02-EACF-4F54-8692-ABAC9AF54D8E}.Debug32|Mixed Platforms.ActiveCfg = Debug|Any CPU
		{DF2A1B02-EACF-4F54-8692-ABAC9AF54D8E}.Debug32|Mixed Platforms.Build.0 = Debug|Any CPU
		{DF2A1B02-EACF-4F54-8692-ABAC9AF54D8E}.Debug32|x64.ActiveCfg = Debug|Any CPU
		{DF2A1B02-EACF-4F54-8692-ABAC9AF54D8E}.Debug32|x64.Build.0 = Debug|Any CPU
		{DF2A1B02-EACF-4F54-8692-ABAC9AF54D8E}.Debug32|x86.ActiveCfg = Debug|Any CPU
		{DF2A1B02-EACF-4F54-8692-ABAC9AF54D8E}.Debug32|x86.Build.0 = Debug|Any CPU
		{DF2A1B02-EACF-4F54-8692-ABAC9AF54D8E}.Release|Any CPU.ActiveCfg = Release|Any CPU
		{DF2A1B02-EACF-4F54-8692-ABAC9AF54D8E}.Release|Any CPU.Build.0 = Release|Any CPU
		{DF2A1B02-EACF-4F54-8692-ABAC9AF54D8E}.Release|Mixed Platforms.ActiveCfg = Release|Any CPU
		{DF2A1B02-EACF-4F54-8692-ABAC9AF54D8E}.Release|Mixed Platforms.Build.0 = Release|Any CPU
		{DF2A1B02-EACF-4F54-8692-ABAC9AF54D8E}.Release|x64.ActiveCfg = Release|Any CPU
		{DF2A1B02-EACF-4F54-8692-ABAC9AF54D8E}.Release|x86.ActiveCfg = Release|Any CPU
		{DF2A1B02-EACF-4F54-8692-ABAC9AF54D8E}.Release|x86.Build.0 = Release|Any CPU
		{DF2A1B02-EACF-4F54-8692-ABAC9AF54D8E}.ReleaseX64|Any CPU.ActiveCfg = Release|Any CPU
		{DF2A1B02-EACF-4F54-8692-ABAC9AF54D8E}.ReleaseX64|Any CPU.Build.0 = Release|Any CPU
		{DF2A1B02-EACF-4F54-8692-ABAC9AF54D8E}.ReleaseX64|Mixed Platforms.ActiveCfg = Release|Any CPU
		{DF2A1B02-EACF-4F54-8692-ABAC9AF54D8E}.ReleaseX64|Mixed Platforms.Build.0 = Release|Any CPU
		{DF2A1B02-EACF-4F54-8692-ABAC9AF54D8E}.ReleaseX64|x64.ActiveCfg = Release|Any CPU
		{DF2A1B02-EACF-4F54-8692-ABAC9AF54D8E}.ReleaseX64|x86.ActiveCfg = Release|Any CPU
		{DF2A1B02-EACF-4F54-8692-ABAC9AF54D8E}.ReleaseX64|x86.Build.0 = Release|Any CPU
		{B111BF5D-905A-4AC0-B679-03C2CC387AC7}.Debug|Any CPU.ActiveCfg = Debug|Any CPU
		{B111BF5D-905A-4AC0-B679-03C2CC387AC7}.Debug|Any CPU.Build.0 = Debug|Any CPU
		{B111BF5D-905A-4AC0-B679-03C2CC387AC7}.Debug|Mixed Platforms.ActiveCfg = Debug|Any CPU
		{B111BF5D-905A-4AC0-B679-03C2CC387AC7}.Debug|Mixed Platforms.Build.0 = Debug|Any CPU
		{B111BF5D-905A-4AC0-B679-03C2CC387AC7}.Debug|x64.ActiveCfg = Debug|Any CPU
		{B111BF5D-905A-4AC0-B679-03C2CC387AC7}.Debug|x86.ActiveCfg = Debug|Any CPU
		{B111BF5D-905A-4AC0-B679-03C2CC387AC7}.Debug32|Any CPU.ActiveCfg = Debug|Any CPU
		{B111BF5D-905A-4AC0-B679-03C2CC387AC7}.Debug32|Any CPU.Build.0 = Debug|Any CPU
		{B111BF5D-905A-4AC0-B679-03C2CC387AC7}.Debug32|Mixed Platforms.ActiveCfg = Debug|Any CPU
		{B111BF5D-905A-4AC0-B679-03C2CC387AC7}.Debug32|Mixed Platforms.Build.0 = Debug|Any CPU
		{B111BF5D-905A-4AC0-B679-03C2CC387AC7}.Debug32|x64.ActiveCfg = Debug|Any CPU
		{B111BF5D-905A-4AC0-B679-03C2CC387AC7}.Debug32|x86.ActiveCfg = Debug|Any CPU
		{B111BF5D-905A-4AC0-B679-03C2CC387AC7}.Release|Any CPU.ActiveCfg = Release|Any CPU
		{B111BF5D-905A-4AC0-B679-03C2CC387AC7}.Release|Any CPU.Build.0 = Release|Any CPU
		{B111BF5D-905A-4AC0-B679-03C2CC387AC7}.Release|Mixed Platforms.ActiveCfg = Release|Any CPU
		{B111BF5D-905A-4AC0-B679-03C2CC387AC7}.Release|Mixed Platforms.Build.0 = Release|Any CPU
		{B111BF5D-905A-4AC0-B679-03C2CC387AC7}.Release|x64.ActiveCfg = Release|Any CPU
		{B111BF5D-905A-4AC0-B679-03C2CC387AC7}.Release|x86.ActiveCfg = Release|Any CPU
		{B111BF5D-905A-4AC0-B679-03C2CC387AC7}.ReleaseX64|Any CPU.ActiveCfg = Release|Any CPU
		{B111BF5D-905A-4AC0-B679-03C2CC387AC7}.ReleaseX64|Any CPU.Build.0 = Release|Any CPU
		{B111BF5D-905A-4AC0-B679-03C2CC387AC7}.ReleaseX64|Mixed Platforms.ActiveCfg = Release|Any CPU
		{B111BF5D-905A-4AC0-B679-03C2CC387AC7}.ReleaseX64|Mixed Platforms.Build.0 = Release|Any CPU
		{B111BF5D-905A-4AC0-B679-03C2CC387AC7}.ReleaseX64|x64.ActiveCfg = Release|Any CPU
		{B111BF5D-905A-4AC0-B679-03C2CC387AC7}.ReleaseX64|x86.ActiveCfg = Release|Any CPU
		{DF7D6401-1959-405F-8F35-65FD8AD320B7}.Debug|Any CPU.ActiveCfg = Debug|Any CPU
		{DF7D6401-1959-405F-8F35-65FD8AD320B7}.Debug|Any CPU.Build.0 = Debug|Any CPU
		{DF7D6401-1959-405F-8F35-65FD8AD320B7}.Debug|Mixed Platforms.ActiveCfg = Debug|Any CPU
		{DF7D6401-1959-405F-8F35-65FD8AD320B7}.Debug|Mixed Platforms.Build.0 = Debug|Any CPU
		{DF7D6401-1959-405F-8F35-65FD8AD320B7}.Debug|x64.ActiveCfg = Debug|Any CPU
		{DF7D6401-1959-405F-8F35-65FD8AD320B7}.Debug|x86.ActiveCfg = Debug|Any CPU
		{DF7D6401-1959-405F-8F35-65FD8AD320B7}.Debug32|Any CPU.ActiveCfg = Debug|Any CPU
		{DF7D6401-1959-405F-8F35-65FD8AD320B7}.Debug32|Any CPU.Build.0 = Debug|Any CPU
		{DF7D6401-1959-405F-8F35-65FD8AD320B7}.Debug32|Mixed Platforms.ActiveCfg = Debug|Any CPU
		{DF7D6401-1959-405F-8F35-65FD8AD320B7}.Debug32|Mixed Platforms.Build.0 = Debug|Any CPU
		{DF7D6401-1959-405F-8F35-65FD8AD320B7}.Debug32|x64.ActiveCfg = Debug|Any CPU
		{DF7D6401-1959-405F-8F35-65FD8AD320B7}.Debug32|x86.ActiveCfg = Debug|Any CPU
		{DF7D6401-1959-405F-8F35-65FD8AD320B7}.Release|Any CPU.ActiveCfg = Release|Any CPU
		{DF7D6401-1959-405F-8F35-65FD8AD320B7}.Release|Any CPU.Build.0 = Release|Any CPU
		{DF7D6401-1959-405F-8F35-65FD8AD320B7}.Release|Mixed Platforms.ActiveCfg = Release|Any CPU
		{DF7D6401-1959-405F-8F35-65FD8AD320B7}.Release|Mixed Platforms.Build.0 = Release|Any CPU
		{DF7D6401-1959-405F-8F35-65FD8AD320B7}.Release|x64.ActiveCfg = Release|Any CPU
		{DF7D6401-1959-405F-8F35-65FD8AD320B7}.Release|x86.ActiveCfg = Release|Any CPU
		{DF7D6401-1959-405F-8F35-65FD8AD320B7}.ReleaseX64|Any CPU.ActiveCfg = Release|Any CPU
		{DF7D6401-1959-405F-8F35-65FD8AD320B7}.ReleaseX64|Any CPU.Build.0 = Release|Any CPU
		{DF7D6401-1959-405F-8F35-65FD8AD320B7}.ReleaseX64|Mixed Platforms.ActiveCfg = Release|Any CPU
		{DF7D6401-1959-405F-8F35-65FD8AD320B7}.ReleaseX64|Mixed Platforms.Build.0 = Release|Any CPU
		{DF7D6401-1959-405F-8F35-65FD8AD320B7}.ReleaseX64|x64.ActiveCfg = Release|Any CPU
		{DF7D6401-1959-405F-8F35-65FD8AD320B7}.ReleaseX64|x86.ActiveCfg = Release|Any CPU
		{A62AB280-42D0-4639-8391-4BFA73269625}.Debug|Any CPU.ActiveCfg = Debug|Any CPU
		{A62AB280-42D0-4639-8391-4BFA73269625}.Debug|Any CPU.Build.0 = Debug|Any CPU
		{A62AB280-42D0-4639-8391-4BFA73269625}.Debug|Mixed Platforms.ActiveCfg = Debug|Any CPU
		{A62AB280-42D0-4639-8391-4BFA73269625}.Debug|Mixed Platforms.Build.0 = Debug|Any CPU
		{A62AB280-42D0-4639-8391-4BFA73269625}.Debug|x64.ActiveCfg = Debug|Any CPU
		{A62AB280-42D0-4639-8391-4BFA73269625}.Debug|x86.ActiveCfg = Debug|Any CPU
		{A62AB280-42D0-4639-8391-4BFA73269625}.Debug32|Any CPU.ActiveCfg = Debug|Any CPU
		{A62AB280-42D0-4639-8391-4BFA73269625}.Debug32|Any CPU.Build.0 = Debug|Any CPU
		{A62AB280-42D0-4639-8391-4BFA73269625}.Debug32|Mixed Platforms.ActiveCfg = Debug|Any CPU
		{A62AB280-42D0-4639-8391-4BFA73269625}.Debug32|Mixed Platforms.Build.0 = Debug|Any CPU
		{A62AB280-42D0-4639-8391-4BFA73269625}.Debug32|x64.ActiveCfg = Debug|Any CPU
		{A62AB280-42D0-4639-8391-4BFA73269625}.Debug32|x86.ActiveCfg = Debug|Any CPU
		{A62AB280-42D0-4639-8391-4BFA73269625}.Release|Any CPU.ActiveCfg = Release|Any CPU
		{A62AB280-42D0-4639-8391-4BFA73269625}.Release|Any CPU.Build.0 = Release|Any CPU
		{A62AB280-42D0-4639-8391-4BFA73269625}.Release|Mixed Platforms.ActiveCfg = Release|Any CPU
		{A62AB280-42D0-4639-8391-4BFA73269625}.Release|Mixed Platforms.Build.0 = Release|Any CPU
		{A62AB280-42D0-4639-8391-4BFA73269625}.Release|x64.ActiveCfg = Release|Any CPU
		{A62AB280-42D0-4639-8391-4BFA73269625}.Release|x86.ActiveCfg = Release|Any CPU
		{A62AB280-42D0-4639-8391-4BFA73269625}.ReleaseX64|Any CPU.ActiveCfg = Release|Any CPU
		{A62AB280-42D0-4639-8391-4BFA73269625}.ReleaseX64|Any CPU.Build.0 = Release|Any CPU
		{A62AB280-42D0-4639-8391-4BFA73269625}.ReleaseX64|Mixed Platforms.ActiveCfg = Release|Any CPU
		{A62AB280-42D0-4639-8391-4BFA73269625}.ReleaseX64|Mixed Platforms.Build.0 = Release|Any CPU
		{A62AB280-42D0-4639-8391-4BFA73269625}.ReleaseX64|x64.ActiveCfg = Release|Any CPU
		{A62AB280-42D0-4639-8391-4BFA73269625}.ReleaseX64|x86.ActiveCfg = Release|Any CPU
		{483D9C7D-108E-4AEC-9DA2-20E57ABE217F}.Debug|Any CPU.ActiveCfg = Debug|Any CPU
		{483D9C7D-108E-4AEC-9DA2-20E57ABE217F}.Debug|Any CPU.Build.0 = Debug|Any CPU
		{483D9C7D-108E-4AEC-9DA2-20E57ABE217F}.Debug|Mixed Platforms.ActiveCfg = Debug|Any CPU
		{483D9C7D-108E-4AEC-9DA2-20E57ABE217F}.Debug|Mixed Platforms.Build.0 = Debug|Any CPU
		{483D9C7D-108E-4AEC-9DA2-20E57ABE217F}.Debug|x64.ActiveCfg = Debug|Any CPU
		{483D9C7D-108E-4AEC-9DA2-20E57ABE217F}.Debug|x86.ActiveCfg = Debug|Any CPU
		{483D9C7D-108E-4AEC-9DA2-20E57ABE217F}.Debug32|Any CPU.ActiveCfg = Debug|Any CPU
		{483D9C7D-108E-4AEC-9DA2-20E57ABE217F}.Debug32|Any CPU.Build.0 = Debug|Any CPU
		{483D9C7D-108E-4AEC-9DA2-20E57ABE217F}.Debug32|Mixed Platforms.ActiveCfg = Debug|Any CPU
		{483D9C7D-108E-4AEC-9DA2-20E57ABE217F}.Debug32|Mixed Platforms.Build.0 = Debug|Any CPU
		{483D9C7D-108E-4AEC-9DA2-20E57ABE217F}.Debug32|x64.ActiveCfg = Debug|Any CPU
		{483D9C7D-108E-4AEC-9DA2-20E57ABE217F}.Debug32|x86.ActiveCfg = Debug|Any CPU
		{483D9C7D-108E-4AEC-9DA2-20E57ABE217F}.Release|Any CPU.ActiveCfg = Release|Any CPU
		{483D9C7D-108E-4AEC-9DA2-20E57ABE217F}.Release|Any CPU.Build.0 = Release|Any CPU
		{483D9C7D-108E-4AEC-9DA2-20E57ABE217F}.Release|Mixed Platforms.ActiveCfg = Release|Any CPU
		{483D9C7D-108E-4AEC-9DA2-20E57ABE217F}.Release|Mixed Platforms.Build.0 = Release|Any CPU
		{483D9C7D-108E-4AEC-9DA2-20E57ABE217F}.Release|x64.ActiveCfg = Release|Any CPU
		{483D9C7D-108E-4AEC-9DA2-20E57ABE217F}.Release|x86.ActiveCfg = Release|Any CPU
		{483D9C7D-108E-4AEC-9DA2-20E57ABE217F}.ReleaseX64|Any CPU.ActiveCfg = Release|Any CPU
		{483D9C7D-108E-4AEC-9DA2-20E57ABE217F}.ReleaseX64|Any CPU.Build.0 = Release|Any CPU
		{483D9C7D-108E-4AEC-9DA2-20E57ABE217F}.ReleaseX64|Mixed Platforms.ActiveCfg = Release|Any CPU
		{483D9C7D-108E-4AEC-9DA2-20E57ABE217F}.ReleaseX64|Mixed Platforms.Build.0 = Release|Any CPU
		{483D9C7D-108E-4AEC-9DA2-20E57ABE217F}.ReleaseX64|x64.ActiveCfg = Release|Any CPU
		{483D9C7D-108E-4AEC-9DA2-20E57ABE217F}.ReleaseX64|x86.ActiveCfg = Release|Any CPU
		{5388053E-2E8F-4201-A96C-77861EC058C1}.Debug|Any CPU.ActiveCfg = Debug|Any CPU
		{5388053E-2E8F-4201-A96C-77861EC058C1}.Debug|Any CPU.Build.0 = Debug|Any CPU
		{5388053E-2E8F-4201-A96C-77861EC058C1}.Debug|Mixed Platforms.ActiveCfg = Debug|Any CPU
		{5388053E-2E8F-4201-A96C-77861EC058C1}.Debug|Mixed Platforms.Build.0 = Debug|Any CPU
		{5388053E-2E8F-4201-A96C-77861EC058C1}.Debug|x64.ActiveCfg = Debug|Any CPU
		{5388053E-2E8F-4201-A96C-77861EC058C1}.Debug|x64.Build.0 = Debug|Any CPU
		{5388053E-2E8F-4201-A96C-77861EC058C1}.Debug|x86.ActiveCfg = Debug|Any CPU
		{5388053E-2E8F-4201-A96C-77861EC058C1}.Debug|x86.Build.0 = Debug|Any CPU
		{5388053E-2E8F-4201-A96C-77861EC058C1}.Debug32|Any CPU.ActiveCfg = Debug|Any CPU
		{5388053E-2E8F-4201-A96C-77861EC058C1}.Debug32|Any CPU.Build.0 = Debug|Any CPU
		{5388053E-2E8F-4201-A96C-77861EC058C1}.Debug32|Mixed Platforms.ActiveCfg = Debug|Any CPU
		{5388053E-2E8F-4201-A96C-77861EC058C1}.Debug32|Mixed Platforms.Build.0 = Debug|Any CPU
		{5388053E-2E8F-4201-A96C-77861EC058C1}.Debug32|x64.ActiveCfg = Debug|Any CPU
		{5388053E-2E8F-4201-A96C-77861EC058C1}.Debug32|x64.Build.0 = Debug|Any CPU
		{5388053E-2E8F-4201-A96C-77861EC058C1}.Debug32|x86.ActiveCfg = Debug|Any CPU
		{5388053E-2E8F-4201-A96C-77861EC058C1}.Debug32|x86.Build.0 = Debug|Any CPU
		{5388053E-2E8F-4201-A96C-77861EC058C1}.Release|Any CPU.ActiveCfg = Release|Any CPU
		{5388053E-2E8F-4201-A96C-77861EC058C1}.Release|Any CPU.Build.0 = Release|Any CPU
		{5388053E-2E8F-4201-A96C-77861EC058C1}.Release|Mixed Platforms.ActiveCfg = Release|Any CPU
		{5388053E-2E8F-4201-A96C-77861EC058C1}.Release|Mixed Platforms.Build.0 = Release|Any CPU
		{5388053E-2E8F-4201-A96C-77861EC058C1}.Release|x64.ActiveCfg = Release|Any CPU
		{5388053E-2E8F-4201-A96C-77861EC058C1}.Release|x64.Build.0 = Release|Any CPU
		{5388053E-2E8F-4201-A96C-77861EC058C1}.Release|x86.ActiveCfg = Release|Any CPU
		{5388053E-2E8F-4201-A96C-77861EC058C1}.Release|x86.Build.0 = Release|Any CPU
		{5388053E-2E8F-4201-A96C-77861EC058C1}.ReleaseX64|Any CPU.ActiveCfg = Release|Any CPU
		{5388053E-2E8F-4201-A96C-77861EC058C1}.ReleaseX64|Any CPU.Build.0 = Release|Any CPU
		{5388053E-2E8F-4201-A96C-77861EC058C1}.ReleaseX64|Mixed Platforms.ActiveCfg = Release|Any CPU
		{5388053E-2E8F-4201-A96C-77861EC058C1}.ReleaseX64|Mixed Platforms.Build.0 = Release|Any CPU
		{5388053E-2E8F-4201-A96C-77861EC058C1}.ReleaseX64|x64.ActiveCfg = Release|Any CPU
		{5388053E-2E8F-4201-A96C-77861EC058C1}.ReleaseX64|x64.Build.0 = Release|Any CPU
		{5388053E-2E8F-4201-A96C-77861EC058C1}.ReleaseX64|x86.ActiveCfg = Release|Any CPU
		{5388053E-2E8F-4201-A96C-77861EC058C1}.ReleaseX64|x86.Build.0 = Release|Any CPU
		{D35C4DBC-58F9-459D-9B33-5F9146DC70AF}.Debug|Any CPU.ActiveCfg = Debug|Any CPU
		{D35C4DBC-58F9-459D-9B33-5F9146DC70AF}.Debug|Any CPU.Build.0 = Debug|Any CPU
		{D35C4DBC-58F9-459D-9B33-5F9146DC70AF}.Debug|Mixed Platforms.ActiveCfg = Debug|Any CPU
		{D35C4DBC-58F9-459D-9B33-5F9146DC70AF}.Debug|Mixed Platforms.Build.0 = Debug|Any CPU
		{D35C4DBC-58F9-459D-9B33-5F9146DC70AF}.Debug|x64.ActiveCfg = Debug|Any CPU
		{D35C4DBC-58F9-459D-9B33-5F9146DC70AF}.Debug|x64.Build.0 = Debug|Any CPU
		{D35C4DBC-58F9-459D-9B33-5F9146DC70AF}.Debug|x86.ActiveCfg = Debug|Any CPU
		{D35C4DBC-58F9-459D-9B33-5F9146DC70AF}.Debug|x86.Build.0 = Debug|Any CPU
		{D35C4DBC-58F9-459D-9B33-5F9146DC70AF}.Debug32|Any CPU.ActiveCfg = Debug|Any CPU
		{D35C4DBC-58F9-459D-9B33-5F9146DC70AF}.Debug32|Any CPU.Build.0 = Debug|Any CPU
		{D35C4DBC-58F9-459D-9B33-5F9146DC70AF}.Debug32|Mixed Platforms.ActiveCfg = Debug|Any CPU
		{D35C4DBC-58F9-459D-9B33-5F9146DC70AF}.Debug32|Mixed Platforms.Build.0 = Debug|Any CPU
		{D35C4DBC-58F9-459D-9B33-5F9146DC70AF}.Debug32|x64.ActiveCfg = Debug|Any CPU
		{D35C4DBC-58F9-459D-9B33-5F9146DC70AF}.Debug32|x64.Build.0 = Debug|Any CPU
		{D35C4DBC-58F9-459D-9B33-5F9146DC70AF}.Debug32|x86.ActiveCfg = Debug|Any CPU
		{D35C4DBC-58F9-459D-9B33-5F9146DC70AF}.Debug32|x86.Build.0 = Debug|Any CPU
		{D35C4DBC-58F9-459D-9B33-5F9146DC70AF}.Release|Any CPU.ActiveCfg = Release|Any CPU
		{D35C4DBC-58F9-459D-9B33-5F9146DC70AF}.Release|Any CPU.Build.0 = Release|Any CPU
		{D35C4DBC-58F9-459D-9B33-5F9146DC70AF}.Release|Mixed Platforms.ActiveCfg = Release|Any CPU
		{D35C4DBC-58F9-459D-9B33-5F9146DC70AF}.Release|Mixed Platforms.Build.0 = Release|Any CPU
		{D35C4DBC-58F9-459D-9B33-5F9146DC70AF}.Release|x64.ActiveCfg = Release|Any CPU
		{D35C4DBC-58F9-459D-9B33-5F9146DC70AF}.Release|x64.Build.0 = Release|Any CPU
		{D35C4DBC-58F9-459D-9B33-5F9146DC70AF}.Release|x86.ActiveCfg = Release|Any CPU
		{D35C4DBC-58F9-459D-9B33-5F9146DC70AF}.Release|x86.Build.0 = Release|Any CPU
		{D35C4DBC-58F9-459D-9B33-5F9146DC70AF}.ReleaseX64|Any CPU.ActiveCfg = Release|Any CPU
		{D35C4DBC-58F9-459D-9B33-5F9146DC70AF}.ReleaseX64|Any CPU.Build.0 = Release|Any CPU
		{D35C4DBC-58F9-459D-9B33-5F9146DC70AF}.ReleaseX64|Mixed Platforms.ActiveCfg = Release|Any CPU
		{D35C4DBC-58F9-459D-9B33-5F9146DC70AF}.ReleaseX64|Mixed Platforms.Build.0 = Release|Any CPU
		{D35C4DBC-58F9-459D-9B33-5F9146DC70AF}.ReleaseX64|x64.ActiveCfg = Release|Any CPU
		{D35C4DBC-58F9-459D-9B33-5F9146DC70AF}.ReleaseX64|x64.Build.0 = Release|Any CPU
		{D35C4DBC-58F9-459D-9B33-5F9146DC70AF}.ReleaseX64|x86.ActiveCfg = Release|Any CPU
		{D35C4DBC-58F9-459D-9B33-5F9146DC70AF}.ReleaseX64|x86.Build.0 = Release|Any CPU
	EndGlobalSection
	GlobalSection(SolutionProperties) = preSolution
		HideSolutionNode = FALSE
	EndGlobalSection
	GlobalSection(ExtensibilityGlobals) = postSolution
		SolutionGuid = {DDEFD35D-437C-4DE2-BBCF-978390F3D5BC}
	EndGlobalSection
EndGlobal
