
Microsoft Visual Studio Solution File, Format Version 12.00
# Visual Studio 15
VisualStudioVersion = 15.0.26228.4
MinimumVisualStudioVersion = 10.0.40219.1
Project("{FAE04EC0-301F-11D3-BF4B-00C04F79EFBC}") = "TransferManager3", "TransferManager2\TransferManager3.csproj", "{AAC4A7FF-52D3-4459-A8E9-35423C49D16A}"
EndProject
Project("{FAE04EC0-301F-11D3-BF4B-00C04F79EFBC}") = "A_TestForm", "A_TestForm\A_TestForm.csproj", "{729A21B9-CC7A-4C08-B027-0CA4CEE53B4B}"
	ProjectSection(ProjectDependencies) = postProject
		{483D9C7D-108E-4AEC-9DA2-20E57ABE217F} = {483D9C7D-108E-4AEC-9DA2-20E57ABE217F}
	EndProjectSection
EndProject
Project("{FAE04EC0-301F-11D3-BF4B-00C04F79EFBC}") = "TMRBrowser", "ApplicationForTest\TMRBrowser.csproj", "{AE2D8637-B2F9-462A-B683-27245E619209}"
EndProject
Project("{FAE04EC0-301F-11D3-BF4B-00C04F79EFBC}") = "ASI2TI", "ASI2TI\ASI2TI.csproj", "{46F55296-61F2-4BFE-B812-A5E7B7817751}"
EndProject
Project("{FAE04EC0-301F-11D3-BF4B-00C04F79EFBC}") = "BloomCalculator", "BloomCalculator\BloomCalculator.csproj", "{B0C0CF77-A485-462C-8622-E66C8E7899D3}"
EndProject
Project("{FAE04EC0-301F-11D3-BF4B-00C04F79EFBC}") = "ColorSlider", "ColorSlider\ColorSlider.csproj", "{16E224DC-7FF0-4908-8318-D6A3AC2E797A}"
EndProject
Project("{FAE04EC0-301F-11D3-BF4B-00C04F79EFBC}") = "Common", "Common\Common.csproj", "{DFEE4C9B-F9FC-4186-945F-27518E4FCEB7}"
EndProject
Project("{FAE04EC0-301F-11D3-BF4B-00C04F79EFBC}") = "DataGridViewCustomColumns", "DataGridViewCustomColumns\DataGridViewCustomColumns.csproj", "{A61C4450-11B5-4AB8-B6C1-C07AC448FF23}"
EndProject
Project("{FAE04EC0-301F-11D3-BF4B-00C04F79EFBC}") = "DragNDrop", "DragNDrop\DragNDrop.csproj", "{83BFDBDC-6DF5-4E5C-B11F-DDAC4E633E1F}"
EndProject
Project("{FAE04EC0-301F-11D3-BF4B-00C04F79EFBC}") = "FieldFormationControl", "FieldFormationControl\FieldFormationControl\FieldFormationControl.csproj", "{23E5DD68-40AD-438A-8FA8-4A8A632D2480}"
EndProject
Project("{FAE04EC0-301F-11D3-BF4B-00C04F79EFBC}") = "ImagesAndIcons", "ImagesAndIcons\ImagesAndIcons.csproj", "{4BF3DE1F-62C2-44A8-BB5E-27125D3D58D2}"
EndProject
Project("{FAE04EC0-301F-11D3-BF4B-00C04F79EFBC}") = "LeagueScanner", "LeagueScanner\LeagueScanner.csproj", "{7189CCC8-369E-480F-BD4A-2A696B84CB99}"
EndProject
Project("{FAE04EC0-301F-11D3-BF4B-00C04F79EFBC}") = "LicenseCodeComputer", "LicenseCodeComputer\LicenseCodeComputer.csproj", "{42FFC262-1D32-40C8-9348-EB88154033C5}"
EndProject
Project("{FAE04EC0-301F-11D3-BF4B-00C04F79EFBC}") = "Languages", "Multilanguage\Languages.csproj", "{E0E469C1-BFB5-4EC0-93F1-F019C9101110}"
EndProject
Project("{FAE04EC0-301F-11D3-BF4B-00C04F79EFBC}") = "NationListEditor", "NationListEditor\NationListEditor.csproj", "{F15B1AC4-2F1A-4547-974C-E1018D6E6926}"
EndProject
Project("{FAE04EC0-301F-11D3-BF4B-00C04F79EFBC}") = "NTR_Common", "NTR_Common\NTR_Common.csproj", "{D32F5344-D291-42FC-8B6E-4183864E2D77}"
EndProject
Project("{FAE04EC0-301F-11D3-BF4B-00C04F79EFBC}") = "NTR_Forms", "NTR_Forms\NTR_Forms.csproj", "{B2E3E5FE-5B00-4CD2-9421-928527670538}"
EndProject
Project("{FAE04EC0-301F-11D3-BF4B-00C04F79EFBC}") = "PlayerFileEditor", "PlayerFileEditor\PlayerFileEditor.csproj", "{CE541773-93E1-4663-902D-709C76BCD358}"
EndProject
Project("{FAE04EC0-301F-11D3-BF4B-00C04F79EFBC}") = "Profile", "Profile\Profile.csproj", "{089001B8-3BCE-42EC-ACB4-D68CF8705A46}"
EndProject
Project("{FAE04EC0-301F-11D3-BF4B-00C04F79EFBC}") = "ScoutSeries", "ScoutSeries\ScoutSeries.csproj", "{A63925D1-B7B1-47A2-A602-06C46D38783D}"
EndProject
Project("{FAE04EC0-301F-11D3-BF4B-00C04F79EFBC}") = "TacticsEditor", "TacticsEditor\TacticsEditor.csproj", "{B57C7DBD-1A49-44BD-8CE8-00D881BC68CA}"
EndProject
Project("{FAE04EC0-301F-11D3-BF4B-00C04F79EFBC}") = "TeamFileEditor", "TeamFileEditor\TeamFileEditor.csproj", "{0215852B-9ACB-4F63-ACED-094A23E730CB}"
EndProject
Project("{FAE04EC0-301F-11D3-BF4B-00C04F79EFBC}") = "TM_Player_Scanner", "TM_Player_Scanner\TM_Player_Scanner.csproj", "{EBC57698-F6D4-4786-81FA-61751FE14A46}"
EndProject
Project("{FAE04EC0-301F-11D3-BF4B-00C04F79EFBC}") = "TMCopy", "TMCopy\TMCopy.csproj", "{76AD2067-AAD4-45AB-A081-3057E787AFDA}"
EndProject
Project("{FAE04EC0-301F-11D3-BF4B-00C04F79EFBC}") = "TMEconomyEvaluator", "TMEconomyEvaluator\TMEconomyEvaluator.csproj", "{57D4421D-454B-4315-A398-39382AF0B4CF}"
EndProject
Project("{FAE04EC0-301F-11D3-BF4B-00C04F79EFBC}") = "TMR_CustomControls", "TMR_CostumControls\TMR_CustomControls.csproj", "{DF2A1B02-EACF-4F54-8692-ABAC9AF54D8E}"
EndProject
Project("{FAE04EC0-301F-11D3-BF4B-00C04F79EFBC}") = "TMYouthDevelopment", "TMR_YouthDevelopment\TMYouthDevelopment.csproj", "{C3F0C446-4AA4-47DE-AAD3-B8D3C9FB4578}"
EndProject
Project("{FAE04EC0-301F-11D3-BF4B-00C04F79EFBC}") = "TmRecorder2", "TmRecorder2\TmRecorder2.csproj", "{25CFAD7E-E3B7-4F5E-AC68-582ACC94CECC}"
EndProject
Project("{FAE04EC0-301F-11D3-BF4B-00C04F79EFBC}") = "ULMatchGenerator", "ULMatchGenerator\ULMatchGenerator.csproj", "{90A4958F-D59D-4CFD-AEDA-15F8CD07FEAB}"
EndProject
Project("{FAE04EC0-301F-11D3-BF4B-00C04F79EFBC}") = "ActionsAnalysisTool", "WindowsFormsApplication1\ActionsAnalysisTool.csproj", "{A26FB953-8161-4B40-B009-66CF392F52D1}"
EndProject
Project("{FAE04EC0-301F-11D3-BF4B-00C04F79EFBC}") = "Other Files", "Other Files\Other Files.csproj", "{B111BF5D-905A-4AC0-B679-03C2CC387AC7}"
EndProject
Project("{FAE04EC0-301F-11D3-BF4B-00C04F79EFBC}") = "NTR_Db", "NTR_Db\NTR_Db.csproj", "{DF7D6401-1959-405F-8F35-65FD8AD320B7}"
EndProject
Project("{FAE04EC0-301F-11D3-BF4B-00C04F79EFBC}") = "TmRecorder3", "TmRecorder3\TmRecorder3.csproj", "{EE1AB3F4-2A82-4C21-9077-9846163DC2B7}"
EndProject
Project("{FAE04EC0-301F-11D3-BF4B-00C04F79EFBC}") = "NTR_Controls", "NTR_Controls\NTR_Controls.csproj", "{A62AB280-42D0-4639-8391-4BFA73269625}"
EndProject
Project("{FAE04EC0-301F-11D3-BF4B-00C04F79EFBC}") = "ATmRecorderCleaner", "ATmRecorderCleaner\ATmRecorderCleaner.csproj", "{A30CC08E-0066-4A49-ADAD-E7BBB23E0155}"
EndProject
Project("{FAE04EC0-301F-11D3-BF4B-00C04F79EFBC}") = "NTR_WebBrowser", "NTR_Browser\NTR_WebBrowser.csproj", "{483D9C7D-108E-4AEC-9DA2-20E57ABE217F}"
EndProject
Project("{FAE04EC0-301F-11D3-BF4B-00C04F79EFBC}") = "TMRecorder", "TMRecorder\TMRecorder.csproj", "{5388053E-2E8F-4201-A96C-77861EC058C1}"
EndProject
Global
	GlobalSection(SolutionConfigurationPlatforms) = preSolution
		Debug|Any CPU = Debug|Any CPU
		Debug|Mixed Platforms = Debug|Mixed Platforms
		Debug|x64 = Debug|x64
		Debug|x86 = Debug|x86
		Debug32|Any CPU = Debug32|Any CPU
		Debug32|Mixed Platforms = Debug32|Mixed Platforms
		Debug32|x64 = Debug32|x64
		Debug32|x86 = Debug32|x86
		Release|Any CPU = Release|Any CPU
		Release|Mixed Platforms = Release|Mixed Platforms
		Release|x64 = Release|x64
		Release|x86 = Release|x86
		ReleaseX64|Any CPU = ReleaseX64|Any CPU
		ReleaseX64|Mixed Platforms = ReleaseX64|Mixed Platforms
		ReleaseX64|x64 = ReleaseX64|x64
		ReleaseX64|x86 = ReleaseX64|x86
	EndGlobalSection
	GlobalSection(ProjectConfigurationPlatforms) = postSolution
		{AAC4A7FF-52D3-4459-A8E9-35423C49D16A}.Debug|Any CPU.ActiveCfg = Debug|Any CPU
		{AAC4A7FF-52D3-4459-A8E9-35423C49D16A}.Debug|Any CPU.Build.0 = Debug|Any CPU
		{AAC4A7FF-52D3-4459-A8E9-35423C49D16A}.Debug|Mixed Platforms.ActiveCfg = Debug|x86
		{AAC4A7FF-52D3-4459-A8E9-35423C49D16A}.Debug|Mixed Platforms.Build.0 = Debug|x86
		{AAC4A7FF-52D3-4459-A8E9-35423C49D16A}.Debug|x64.ActiveCfg = Debug|x64
		{AAC4A7FF-52D3-4459-A8E9-35423C49D16A}.Debug|x64.Build.0 = Debug|x64
		{AAC4A7FF-52D3-4459-A8E9-35423C49D16A}.Debug|x86.ActiveCfg = Debug|x86
		{AAC4A7FF-52D3-4459-A8E9-35423C49D16A}.Debug|x86.Build.0 = Debug|x86
		{AAC4A7FF-52D3-4459-A8E9-35423C49D16A}.Debug32|Any CPU.ActiveCfg = Debug32|Any CPU
		{AAC4A7FF-52D3-4459-A8E9-35423C49D16A}.Debug32|Any CPU.Build.0 = Debug32|Any CPU
		{AAC4A7FF-52D3-4459-A8E9-35423C49D16A}.Debug32|Mixed Platforms.ActiveCfg = Debug32|x86
		{AAC4A7FF-52D3-4459-A8E9-35423C49D16A}.Debug32|Mixed Platforms.Build.0 = Debug32|x86
		{AAC4A7FF-52D3-4459-A8E9-35423C49D16A}.Debug32|x64.ActiveCfg = Debug32|x64
		{AAC4A7FF-52D3-4459-A8E9-35423C49D16A}.Debug32|x64.Build.0 = Debug32|x64
		{AAC4A7FF-52D3-4459-A8E9-35423C49D16A}.Debug32|x86.ActiveCfg = Debug32|x86
		{AAC4A7FF-52D3-4459-A8E9-35423C49D16A}.Debug32|x86.Build.0 = Debug32|x86
		{AAC4A7FF-52D3-4459-A8E9-35423C49D16A}.Release|Any CPU.ActiveCfg = Release|Any CPU
		{AAC4A7FF-52D3-4459-A8E9-35423C49D16A}.Release|Any CPU.Build.0 = Release|Any CPU
		{AAC4A7FF-52D3-4459-A8E9-35423C49D16A}.Release|Mixed Platforms.ActiveCfg = Release|x86
		{AAC4A7FF-52D3-4459-A8E9-35423C49D16A}.Release|Mixed Platforms.Build.0 = Release|x86
		{AAC4A7FF-52D3-4459-A8E9-35423C49D16A}.Release|x64.ActiveCfg = Release|x64
		{AAC4A7FF-52D3-4459-A8E9-35423C49D16A}.Release|x64.Build.0 = Release|x64
		{AAC4A7FF-52D3-4459-A8E9-35423C49D16A}.Release|x86.ActiveCfg = Release|x86
		{AAC4A7FF-52D3-4459-A8E9-35423C49D16A}.Release|x86.Build.0 = Release|x86
		{AAC4A7FF-52D3-4459-A8E9-35423C49D16A}.ReleaseX64|Any CPU.ActiveCfg = ReleaseX64|Any CPU
		{AAC4A7FF-52D3-4459-A8E9-35423C49D16A}.ReleaseX64|Any CPU.Build.0 = ReleaseX64|Any CPU
		{AAC4A7FF-52D3-4459-A8E9-35423C49D16A}.ReleaseX64|Mixed Platforms.ActiveCfg = ReleaseX64|x86
		{AAC4A7FF-52D3-4459-A8E9-35423C49D16A}.ReleaseX64|Mixed Platforms.Build.0 = ReleaseX64|x86
		{AAC4A7FF-52D3-4459-A8E9-35423C49D16A}.ReleaseX64|x64.ActiveCfg = ReleaseX64|x64
		{AAC4A7FF-52D3-4459-A8E9-35423C49D16A}.ReleaseX64|x64.Build.0 = ReleaseX64|x64
		{AAC4A7FF-52D3-4459-A8E9-35423C49D16A}.ReleaseX64|x86.ActiveCfg = ReleaseX64|x86
		{AAC4A7FF-52D3-4459-A8E9-35423C49D16A}.ReleaseX64|x86.Build.0 = ReleaseX64|x86
		{729A21B9-CC7A-4C08-B027-0CA4CEE53B4B}.Debug|Any CPU.ActiveCfg = Debug|Any CPU
		{729A21B9-CC7A-4C08-B027-0CA4CEE53B4B}.Debug|Any CPU.Build.0 = Debug|Any CPU
		{729A21B9-CC7A-4C08-B027-0CA4CEE53B4B}.Debug|Mixed Platforms.ActiveCfg = Debug|Any CPU
		{729A21B9-CC7A-4C08-B027-0CA4CEE53B4B}.Debug|Mixed Platforms.Build.0 = Debug|Any CPU
		{729A21B9-CC7A-4C08-B027-0CA4CEE53B4B}.Debug|x64.ActiveCfg = Debug|Any CPU
		{729A21B9-CC7A-4C08-B027-0CA4CEE53B4B}.Debug|x86.ActiveCfg = Debug|Any CPU
		{729A21B9-CC7A-4C08-B027-0CA4CEE53B4B}.Debug32|Any CPU.ActiveCfg = Debug|Any CPU
		{729A21B9-CC7A-4C08-B027-0CA4CEE53B4B}.Debug32|Any CPU.Build.0 = Debug|Any CPU
		{729A21B9-CC7A-4C08-B027-0CA4CEE53B4B}.Debug32|Mixed Platforms.ActiveCfg = Debug|Any CPU
		{729A21B9-CC7A-4C08-B027-0CA4CEE53B4B}.Debug32|Mixed Platforms.Build.0 = Debug|Any CPU
		{729A21B9-CC7A-4C08-B027-0CA4CEE53B4B}.Debug32|x64.ActiveCfg = Debug|Any CPU
		{729A21B9-CC7A-4C08-B027-0CA4CEE53B4B}.Debug32|x86.ActiveCfg = Debug|Any CPU
		{729A21B9-CC7A-4C08-B027-0CA4CEE53B4B}.Release|Any CPU.ActiveCfg = Release|Any CPU
		{729A21B9-CC7A-4C08-B027-0CA4CEE53B4B}.Release|Any CPU.Build.0 = Release|Any CPU
		{729A21B9-CC7A-4C08-B027-0CA4CEE53B4B}.Release|Mixed Platforms.ActiveCfg = Release|Any CPU
		{729A21B9-CC7A-4C08-B027-0CA4CEE53B4B}.Release|Mixed Platforms.Build.0 = Release|Any CPU
		{729A21B9-CC7A-4C08-B027-0CA4CEE53B4B}.Release|x64.ActiveCfg = Release|Any CPU
		{729A21B9-CC7A-4C08-B027-0CA4CEE53B4B}.Release|x86.ActiveCfg = Release|Any CPU
		{729A21B9-CC7A-4C08-B027-0CA4CEE53B4B}.ReleaseX64|Any CPU.ActiveCfg = Release|Any CPU
		{729A21B9-CC7A-4C08-B027-0CA4CEE53B4B}.ReleaseX64|Any CPU.Build.0 = Release|Any CPU
		{729A21B9-CC7A-4C08-B027-0CA4CEE53B4B}.ReleaseX64|Mixed Platforms.ActiveCfg = Release|Any CPU
		{729A21B9-CC7A-4C08-B027-0CA4CEE53B4B}.ReleaseX64|Mixed Platforms.Build.0 = Release|Any CPU
		{729A21B9-CC7A-4C08-B027-0CA4CEE53B4B}.ReleaseX64|x64.ActiveCfg = Release|Any CPU
		{729A21B9-CC7A-4C08-B027-0CA4CEE53B4B}.ReleaseX64|x86.ActiveCfg = Release|Any CPU
		{AE2D8637-B2F9-462A-B683-27245E619209}.Debug|Any CPU.ActiveCfg = Debug|Any CPU
		{AE2D8637-B2F9-462A-B683-27245E619209}.Debug|Any CPU.Build.0 = Debug|Any CPU
		{AE2D8637-B2F9-462A-B683-27245E619209}.Debug|Mixed Platforms.ActiveCfg = Debug|x86
		{AE2D8637-B2F9-462A-B683-27245E619209}.Debug|Mixed Platforms.Build.0 = Debug|x86
		{AE2D8637-B2F9-462A-B683-27245E619209}.Debug|x64.ActiveCfg = Debug|x64
		{AE2D8637-B2F9-462A-B683-27245E619209}.Debug|x64.Build.0 = Debug|x64
		{AE2D8637-B2F9-462A-B683-27245E619209}.Debug|x86.ActiveCfg = Debug|x86
		{AE2D8637-B2F9-462A-B683-27245E619209}.Debug|x86.Build.0 = Debug|x86
		{AE2D8637-B2F9-462A-B683-27245E619209}.Debug32|Any CPU.ActiveCfg = Debug32|Any CPU
		{AE2D8637-B2F9-462A-B683-27245E619209}.Debug32|Any CPU.Build.0 = Debug32|Any CPU
		{AE2D8637-B2F9-462A-B683-27245E619209}.Debug32|Mixed Platforms.ActiveCfg = Debug32|x86
		{AE2D8637-B2F9-462A-B683-27245E619209}.Debug32|Mixed Platforms.Build.0 = Debug32|x86
		{AE2D8637-B2F9-462A-B683-27245E619209}.Debug32|x64.ActiveCfg = Debug32|x64
		{AE2D8637-B2F9-462A-B683-27245E619209}.Debug32|x64.Build.0 = Debug32|x64
		{AE2D8637-B2F9-462A-B683-27245E619209}.Debug32|x86.ActiveCfg = Debug32|x86
		{AE2D8637-B2F9-462A-B683-27245E619209}.Debug32|x86.Build.0 = Debug32|x86
		{AE2D8637-B2F9-462A-B683-27245E619209}.Release|Any CPU.ActiveCfg = Release|Any CPU
		{AE2D8637-B2F9-462A-B683-27245E619209}.Release|Any CPU.Build.0 = Release|Any CPU
		{AE2D8637-B2F9-462A-B683-27245E619209}.Release|Mixed Platforms.ActiveCfg = Release|x86
		{AE2D8637-B2F9-462A-B683-27245E619209}.Release|Mixed Platforms.Build.0 = Release|x86
		{AE2D8637-B2F9-462A-B683-27245E619209}.Release|x64.ActiveCfg = Release|x64
		{AE2D8637-B2F9-462A-B683-27245E619209}.Release|x64.Build.0 = Release|x64
		{AE2D8637-B2F9-462A-B683-27245E619209}.Release|x86.ActiveCfg = Release|x86
		{AE2D8637-B2F9-462A-B683-27245E619209}.Release|x86.Build.0 = Release|x86
		{AE2D8637-B2F9-462A-B683-27245E619209}.ReleaseX64|Any CPU.ActiveCfg = ReleaseX64|Any CPU
		{AE2D8637-B2F9-462A-B683-27245E619209}.ReleaseX64|Any CPU.Build.0 = ReleaseX64|Any CPU
		{AE2D8637-B2F9-462A-B683-27245E619209}.ReleaseX64|Mixed Platforms.ActiveCfg = ReleaseX64|x86
		{AE2D8637-B2F9-462A-B683-27245E619209}.ReleaseX64|Mixed Platforms.Build.0 = ReleaseX64|x86
		{AE2D8637-B2F9-462A-B683-27245E619209}.ReleaseX64|x64.ActiveCfg = ReleaseX64|x64
		{AE2D8637-B2F9-462A-B683-27245E619209}.ReleaseX64|x64.Build.0 = ReleaseX64|x64
		{AE2D8637-B2F9-462A-B683-27245E619209}.ReleaseX64|x86.ActiveCfg = ReleaseX64|x86
		{AE2D8637-B2F9-462A-B683-27245E619209}.ReleaseX64|x86.Build.0 = ReleaseX64|x86
		{46F55296-61F2-4BFE-B812-A5E7B7817751}.Debug|Any CPU.ActiveCfg = Debug|Any CPU
		{46F55296-61F2-4BFE-B812-A5E7B7817751}.Debug|Any CPU.Build.0 = Debug|Any CPU
		{46F55296-61F2-4BFE-B812-A5E7B7817751}.Debug|Mixed Platforms.ActiveCfg = Debug|x86
		{46F55296-61F2-4BFE-B812-A5E7B7817751}.Debug|Mixed Platforms.Build.0 = Debug|x86
		{46F55296-61F2-4BFE-B812-A5E7B7817751}.Debug|x64.ActiveCfg = Debug|x64
		{46F55296-61F2-4BFE-B812-A5E7B7817751}.Debug|x64.Build.0 = Debug|x64
		{46F55296-61F2-4BFE-B812-A5E7B7817751}.Debug|x86.ActiveCfg = Debug|x86
		{46F55296-61F2-4BFE-B812-A5E7B7817751}.Debug|x86.Build.0 = Debug|x86
		{46F55296-61F2-4BFE-B812-A5E7B7817751}.Debug32|Any CPU.ActiveCfg = Debug32|Any CPU
		{46F55296-61F2-4BFE-B812-A5E7B7817751}.Debug32|Any CPU.Build.0 = Debug32|Any CPU
		{46F55296-61F2-4BFE-B812-A5E7B7817751}.Debug32|Mixed Platforms.ActiveCfg = Debug32|x86
		{46F55296-61F2-4BFE-B812-A5E7B7817751}.Debug32|Mixed Platforms.Build.0 = Debug32|x86
		{46F55296-61F2-4BFE-B812-A5E7B7817751}.Debug32|x64.ActiveCfg = Debug32|x64
		{46F55296-61F2-4BFE-B812-A5E7B7817751}.Debug32|x64.Build.0 = Debug32|x64
		{46F55296-61F2-4BFE-B812-A5E7B7817751}.Debug32|x86.ActiveCfg = Debug32|x86
		{46F55296-61F2-4BFE-B812-A5E7B7817751}.Debug32|x86.Build.0 = Debug32|x86
		{46F55296-61F2-4BFE-B812-A5E7B7817751}.Release|Any CPU.ActiveCfg = Release|Any CPU
		{46F55296-61F2-4BFE-B812-A5E7B7817751}.Release|Any CPU.Build.0 = Release|Any CPU
		{46F55296-61F2-4BFE-B812-A5E7B7817751}.Release|Mixed Platforms.ActiveCfg = Release|x86
		{46F55296-61F2-4BFE-B812-A5E7B7817751}.Release|Mixed Platforms.Build.0 = Release|x86
		{46F55296-61F2-4BFE-B812-A5E7B7817751}.Release|x64.ActiveCfg = Release|x64
		{46F55296-61F2-4BFE-B812-A5E7B7817751}.Release|x64.Build.0 = Release|x64
		{46F55296-61F2-4BFE-B812-A5E7B7817751}.Release|x86.ActiveCfg = Release|x86
		{46F55296-61F2-4BFE-B812-A5E7B7817751}.Release|x86.Build.0 = Release|x86
		{46F55296-61F2-4BFE-B812-A5E7B7817751}.ReleaseX64|Any CPU.ActiveCfg = ReleaseX64|Any CPU
		{46F55296-61F2-4BFE-B812-A5E7B7817751}.ReleaseX64|Any CPU.Build.0 = ReleaseX64|Any CPU
		{46F55296-61F2-4BFE-B812-A5E7B7817751}.ReleaseX64|Mixed Platforms.ActiveCfg = ReleaseX64|x86
		{46F55296-61F2-4BFE-B812-A5E7B7817751}.ReleaseX64|Mixed Platforms.Build.0 = ReleaseX64|x86
		{46F55296-61F2-4BFE-B812-A5E7B7817751}.ReleaseX64|x64.ActiveCfg = ReleaseX64|x64
		{46F55296-61F2-4BFE-B812-A5E7B7817751}.ReleaseX64|x64.Build.0 = ReleaseX64|x64
		{46F55296-61F2-4BFE-B812-A5E7B7817751}.ReleaseX64|x86.ActiveCfg = ReleaseX64|x86
		{46F55296-61F2-4BFE-B812-A5E7B7817751}.ReleaseX64|x86.Build.0 = ReleaseX64|x86
		{B0C0CF77-A485-462C-8622-E66C8E7899D3}.Debug|Any CPU.ActiveCfg = Debug|Any CPU
		{B0C0CF77-A485-462C-8622-E66C8E7899D3}.Debug|Any CPU.Build.0 = Debug|Any CPU
		{B0C0CF77-A485-462C-8622-E66C8E7899D3}.Debug|Mixed Platforms.ActiveCfg = Debug|x86
		{B0C0CF77-A485-462C-8622-E66C8E7899D3}.Debug|Mixed Platforms.Build.0 = Debug|x86
		{B0C0CF77-A485-462C-8622-E66C8E7899D3}.Debug|x64.ActiveCfg = Debug|x64
		{B0C0CF77-A485-462C-8622-E66C8E7899D3}.Debug|x64.Build.0 = Debug|x64
		{B0C0CF77-A485-462C-8622-E66C8E7899D3}.Debug|x86.ActiveCfg = Debug|x86
		{B0C0CF77-A485-462C-8622-E66C8E7899D3}.Debug|x86.Build.0 = Debug|x86
		{B0C0CF77-A485-462C-8622-E66C8E7899D3}.Debug32|Any CPU.ActiveCfg = Debug32|Any CPU
		{B0C0CF77-A485-462C-8622-E66C8E7899D3}.Debug32|Any CPU.Build.0 = Debug32|Any CPU
		{B0C0CF77-A485-462C-8622-E66C8E7899D3}.Debug32|Mixed Platforms.ActiveCfg = Debug32|x86
		{B0C0CF77-A485-462C-8622-E66C8E7899D3}.Debug32|Mixed Platforms.Build.0 = Debug32|x86
		{B0C0CF77-A485-462C-8622-E66C8E7899D3}.Debug32|x64.ActiveCfg = Debug32|x64
		{B0C0CF77-A485-462C-8622-E66C8E7899D3}.Debug32|x64.Build.0 = Debug32|x64
		{B0C0CF77-A485-462C-8622-E66C8E7899D3}.Debug32|x86.ActiveCfg = Debug32|x86
		{B0C0CF77-A485-462C-8622-E66C8E7899D3}.Debug32|x86.Build.0 = Debug32|x86
		{B0C0CF77-A485-462C-8622-E66C8E7899D3}.Release|Any CPU.ActiveCfg = Release|Any CPU
		{B0C0CF77-A485-462C-8622-E66C8E7899D3}.Release|Any CPU.Build.0 = Release|Any CPU
		{B0C0CF77-A485-462C-8622-E66C8E7899D3}.Release|Mixed Platforms.ActiveCfg = Release|x86
		{B0C0CF77-A485-462C-8622-E66C8E7899D3}.Release|Mixed Platforms.Build.0 = Release|x86
		{B0C0CF77-A485-462C-8622-E66C8E7899D3}.Release|x64.ActiveCfg = Release|x64
		{B0C0CF77-A485-462C-8622-E66C8E7899D3}.Release|x64.Build.0 = Release|x64
		{B0C0CF77-A485-462C-8622-E66C8E7899D3}.Release|x86.ActiveCfg = Release|x86
		{B0C0CF77-A485-462C-8622-E66C8E7899D3}.Release|x86.Build.0 = Release|x86
		{B0C0CF77-A485-462C-8622-E66C8E7899D3}.ReleaseX64|Any CPU.ActiveCfg = ReleaseX64|Any CPU
		{B0C0CF77-A485-462C-8622-E66C8E7899D3}.ReleaseX64|Any CPU.Build.0 = ReleaseX64|Any CPU
		{B0C0CF77-A485-462C-8622-E66C8E7899D3}.ReleaseX64|Mixed Platforms.ActiveCfg = ReleaseX64|x86
		{B0C0CF77-A485-462C-8622-E66C8E7899D3}.ReleaseX64|Mixed Platforms.Build.0 = ReleaseX64|x86
		{B0C0CF77-A485-462C-8622-E66C8E7899D3}.ReleaseX64|x64.ActiveCfg = ReleaseX64|x64
		{B0C0CF77-A485-462C-8622-E66C8E7899D3}.ReleaseX64|x64.Build.0 = ReleaseX64|x64
		{B0C0CF77-A485-462C-8622-E66C8E7899D3}.ReleaseX64|x86.ActiveCfg = ReleaseX64|x86
		{B0C0CF77-A485-462C-8622-E66C8E7899D3}.ReleaseX64|x86.Build.0 = ReleaseX64|x86
		{16E224DC-7FF0-4908-8318-D6A3AC2E797A}.Debug|Any CPU.ActiveCfg = Debug|Any CPU
		{16E224DC-7FF0-4908-8318-D6A3AC2E797A}.Debug|Any CPU.Build.0 = Debug|Any CPU
		{16E224DC-7FF0-4908-8318-D6A3AC2E797A}.Debug|Mixed Platforms.ActiveCfg = Debug|x86
		{16E224DC-7FF0-4908-8318-D6A3AC2E797A}.Debug|Mixed Platforms.Build.0 = Debug|x86
		{16E224DC-7FF0-4908-8318-D6A3AC2E797A}.Debug|x64.ActiveCfg = Debug|x64
		{16E224DC-7FF0-4908-8318-D6A3AC2E797A}.Debug|x64.Build.0 = Debug|x64
		{16E224DC-7FF0-4908-8318-D6A3AC2E797A}.Debug|x86.ActiveCfg = Debug|x86
		{16E224DC-7FF0-4908-8318-D6A3AC2E797A}.Debug|x86.Build.0 = Debug|x86
		{16E224DC-7FF0-4908-8318-D6A3AC2E797A}.Debug32|Any CPU.ActiveCfg = Debug32|Any CPU
		{16E224DC-7FF0-4908-8318-D6A3AC2E797A}.Debug32|Any CPU.Build.0 = Debug32|Any CPU
		{16E224DC-7FF0-4908-8318-D6A3AC2E797A}.Debug32|Mixed Platforms.ActiveCfg = Debug32|x86
		{16E224DC-7FF0-4908-8318-D6A3AC2E797A}.Debug32|Mixed Platforms.Build.0 = Debug32|x86
		{16E224DC-7FF0-4908-8318-D6A3AC2E797A}.Debug32|x64.ActiveCfg = Debug32|x64
		{16E224DC-7FF0-4908-8318-D6A3AC2E797A}.Debug32|x64.Build.0 = Debug32|x64
		{16E224DC-7FF0-4908-8318-D6A3AC2E797A}.Debug32|x86.ActiveCfg = Debug32|x86
		{16E224DC-7FF0-4908-8318-D6A3AC2E797A}.Debug32|x86.Build.0 = Debug32|x86
		{16E224DC-7FF0-4908-8318-D6A3AC2E797A}.Release|Any CPU.ActiveCfg = Release|Any CPU
		{16E224DC-7FF0-4908-8318-D6A3AC2E797A}.Release|Any CPU.Build.0 = Release|Any CPU
		{16E224DC-7FF0-4908-8318-D6A3AC2E797A}.Release|Mixed Platforms.ActiveCfg = Release|x86
		{16E224DC-7FF0-4908-8318-D6A3AC2E797A}.Release|Mixed Platforms.Build.0 = Release|x86
		{16E224DC-7FF0-4908-8318-D6A3AC2E797A}.Release|x64.ActiveCfg = Release|x64
		{16E224DC-7FF0-4908-8318-D6A3AC2E797A}.Release|x64.Build.0 = Release|x64
		{16E224DC-7FF0-4908-8318-D6A3AC2E797A}.Release|x86.ActiveCfg = Release|x86
		{16E224DC-7FF0-4908-8318-D6A3AC2E797A}.Release|x86.Build.0 = Release|x86
		{16E224DC-7FF0-4908-8318-D6A3AC2E797A}.ReleaseX64|Any CPU.ActiveCfg = ReleaseX64|Any CPU
		{16E224DC-7FF0-4908-8318-D6A3AC2E797A}.ReleaseX64|Any CPU.Build.0 = ReleaseX64|Any CPU
		{16E224DC-7FF0-4908-8318-D6A3AC2E797A}.ReleaseX64|Mixed Platforms.ActiveCfg = ReleaseX64|x86
		{16E224DC-7FF0-4908-8318-D6A3AC2E797A}.ReleaseX64|Mixed Platforms.Build.0 = ReleaseX64|x86
		{16E224DC-7FF0-4908-8318-D6A3AC2E797A}.ReleaseX64|x64.ActiveCfg = ReleaseX64|x64
		{16E224DC-7FF0-4908-8318-D6A3AC2E797A}.ReleaseX64|x64.Build.0 = ReleaseX64|x64
		{16E224DC-7FF0-4908-8318-D6A3AC2E797A}.ReleaseX64|x86.ActiveCfg = ReleaseX64|x86
		{16E224DC-7FF0-4908-8318-D6A3AC2E797A}.ReleaseX64|x86.Build.0 = ReleaseX64|x86
		{DFEE4C9B-F9FC-4186-945F-27518E4FCEB7}.Debug|Any CPU.ActiveCfg = Debug|Any CPU
		{DFEE4C9B-F9FC-4186-945F-27518E4FCEB7}.Debug|Any CPU.Build.0 = Debug|Any CPU
		{DFEE4C9B-F9FC-4186-945F-27518E4FCEB7}.Debug|Mixed Platforms.ActiveCfg = Debug|x86
		{DFEE4C9B-F9FC-4186-945F-27518E4FCEB7}.Debug|Mixed Platforms.Build.0 = Debug|x86
		{DFEE4C9B-F9FC-4186-945F-27518E4FCEB7}.Debug|x64.ActiveCfg = Debug|x64
		{DFEE4C9B-F9FC-4186-945F-27518E4FCEB7}.Debug|x64.Build.0 = Debug|x64
		{DFEE4C9B-F9FC-4186-945F-27518E4FCEB7}.Debug|x86.ActiveCfg = Debug|x86
		{DFEE4C9B-F9FC-4186-945F-27518E4FCEB7}.Debug|x86.Build.0 = Debug|x86
		{DFEE4C9B-F9FC-4186-945F-27518E4FCEB7}.Debug32|Any CPU.ActiveCfg = Debug32|Any CPU
		{DFEE4C9B-F9FC-4186-945F-27518E4FCEB7}.Debug32|Any CPU.Build.0 = Debug32|Any CPU
		{DFEE4C9B-F9FC-4186-945F-27518E4FCEB7}.Debug32|Mixed Platforms.ActiveCfg = Debug32|x86
		{DFEE4C9B-F9FC-4186-945F-27518E4FCEB7}.Debug32|Mixed Platforms.Build.0 = Debug32|x86
		{DFEE4C9B-F9FC-4186-945F-27518E4FCEB7}.Debug32|x64.ActiveCfg = Debug32|x64
		{DFEE4C9B-F9FC-4186-945F-27518E4FCEB7}.Debug32|x64.Build.0 = Debug32|x64
		{DFEE4C9B-F9FC-4186-945F-27518E4FCEB7}.Debug32|x86.ActiveCfg = Debug32|x86
		{DFEE4C9B-F9FC-4186-945F-27518E4FCEB7}.Debug32|x86.Build.0 = Debug32|x86
		{DFEE4C9B-F9FC-4186-945F-27518E4FCEB7}.Release|Any CPU.ActiveCfg = Release|Any CPU
		{DFEE4C9B-F9FC-4186-945F-27518E4FCEB7}.Release|Any CPU.Build.0 = Release|Any CPU
		{DFEE4C9B-F9FC-4186-945F-27518E4FCEB7}.Release|Mixed Platforms.ActiveCfg = Release|x86
		{DFEE4C9B-F9FC-4186-945F-27518E4FCEB7}.Release|Mixed Platforms.Build.0 = Release|x86
		{DFEE4C9B-F9FC-4186-945F-27518E4FCEB7}.Release|x64.ActiveCfg = Release|x64
		{DFEE4C9B-F9FC-4186-945F-27518E4FCEB7}.Release|x64.Build.0 = Release|x64
		{DFEE4C9B-F9FC-4186-945F-27518E4FCEB7}.Release|x86.ActiveCfg = Release|x86
		{DFEE4C9B-F9FC-4186-945F-27518E4FCEB7}.Release|x86.Build.0 = Release|x86
		{DFEE4C9B-F9FC-4186-945F-27518E4FCEB7}.ReleaseX64|Any CPU.ActiveCfg = ReleaseX64|Any CPU
		{DFEE4C9B-F9FC-4186-945F-27518E4FCEB7}.ReleaseX64|Any CPU.Build.0 = ReleaseX64|Any CPU
		{DFEE4C9B-F9FC-4186-945F-27518E4FCEB7}.ReleaseX64|Mixed Platforms.ActiveCfg = ReleaseX64|x86
		{DFEE4C9B-F9FC-4186-945F-27518E4FCEB7}.ReleaseX64|Mixed Platforms.Build.0 = ReleaseX64|x86
		{DFEE4C9B-F9FC-4186-945F-27518E4FCEB7}.ReleaseX64|x64.ActiveCfg = ReleaseX64|x64
		{DFEE4C9B-F9FC-4186-945F-27518E4FCEB7}.ReleaseX64|x64.Build.0 = ReleaseX64|x64
		{DFEE4C9B-F9FC-4186-945F-27518E4FCEB7}.ReleaseX64|x86.ActiveCfg = ReleaseX64|x86
		{DFEE4C9B-F9FC-4186-945F-27518E4FCEB7}.ReleaseX64|x86.Build.0 = ReleaseX64|x86
		{A61C4450-11B5-4AB8-B6C1-C07AC448FF23}.Debug|Any CPU.ActiveCfg = Debug|Any CPU
		{A61C4450-11B5-4AB8-B6C1-C07AC448FF23}.Debug|Any CPU.Build.0 = Debug|Any CPU
		{A61C4450-11B5-4AB8-B6C1-C07AC448FF23}.Debug|Mixed Platforms.ActiveCfg = Debug|x86
		{A61C4450-11B5-4AB8-B6C1-C07AC448FF23}.Debug|Mixed Platforms.Build.0 = Debug|x86
		{A61C4450-11B5-4AB8-B6C1-C07AC448FF23}.Debug|x64.ActiveCfg = Debug|x64
		{A61C4450-11B5-4AB8-B6C1-C07AC448FF23}.Debug|x64.Build.0 = Debug|x64
		{A61C4450-11B5-4AB8-B6C1-C07AC448FF23}.Debug|x86.ActiveCfg = Debug|x86
		{A61C4450-11B5-4AB8-B6C1-C07AC448FF23}.Debug|x86.Build.0 = Debug|x86
		{A61C4450-11B5-4AB8-B6C1-C07AC448FF23}.Debug32|Any CPU.ActiveCfg = Debug32|Any CPU
		{A61C4450-11B5-4AB8-B6C1-C07AC448FF23}.Debug32|Any CPU.Build.0 = Debug32|Any CPU
		{A61C4450-11B5-4AB8-B6C1-C07AC448FF23}.Debug32|Mixed Platforms.ActiveCfg = Debug32|x86
		{A61C4450-11B5-4AB8-B6C1-C07AC448FF23}.Debug32|Mixed Platforms.Build.0 = Debug32|x86
		{A61C4450-11B5-4AB8-B6C1-C07AC448FF23}.Debug32|x64.ActiveCfg = Debug32|x64
		{A61C4450-11B5-4AB8-B6C1-C07AC448FF23}.Debug32|x64.Build.0 = Debug32|x64
		{A61C4450-11B5-4AB8-B6C1-C07AC448FF23}.Debug32|x86.ActiveCfg = Debug32|x86
		{A61C4450-11B5-4AB8-B6C1-C07AC448FF23}.Debug32|x86.Build.0 = Debug32|x86
		{A61C4450-11B5-4AB8-B6C1-C07AC448FF23}.Release|Any CPU.ActiveCfg = Release|Any CPU
		{A61C4450-11B5-4AB8-B6C1-C07AC448FF23}.Release|Any CPU.Build.0 = Release|Any CPU
		{A61C4450-11B5-4AB8-B6C1-C07AC448FF23}.Release|Mixed Platforms.ActiveCfg = Release|x86
		{A61C4450-11B5-4AB8-B6C1-C07AC448FF23}.Release|Mixed Platforms.Build.0 = Release|x86
		{A61C4450-11B5-4AB8-B6C1-C07AC448FF23}.Release|x64.ActiveCfg = Release|x64
		{A61C4450-11B5-4AB8-B6C1-C07AC448FF23}.Release|x64.Build.0 = Release|x64
		{A61C4450-11B5-4AB8-B6C1-C07AC448FF23}.Release|x86.ActiveCfg = Release|x86
		{A61C4450-11B5-4AB8-B6C1-C07AC448FF23}.Release|x86.Build.0 = Release|x86
		{A61C4450-11B5-4AB8-B6C1-C07AC448FF23}.ReleaseX64|Any CPU.ActiveCfg = ReleaseX64|Any CPU
		{A61C4450-11B5-4AB8-B6C1-C07AC448FF23}.ReleaseX64|Any CPU.Build.0 = ReleaseX64|Any CPU
		{A61C4450-11B5-4AB8-B6C1-C07AC448FF23}.ReleaseX64|Mixed Platforms.ActiveCfg = ReleaseX64|x86
		{A61C4450-11B5-4AB8-B6C1-C07AC448FF23}.ReleaseX64|Mixed Platforms.Build.0 = ReleaseX64|x86
		{A61C4450-11B5-4AB8-B6C1-C07AC448FF23}.ReleaseX64|x64.ActiveCfg = ReleaseX64|x64
		{A61C4450-11B5-4AB8-B6C1-C07AC448FF23}.ReleaseX64|x64.Build.0 = ReleaseX64|x64
		{A61C4450-11B5-4AB8-B6C1-C07AC448FF23}.ReleaseX64|x86.ActiveCfg = ReleaseX64|x86
		{A61C4450-11B5-4AB8-B6C1-C07AC448FF23}.ReleaseX64|x86.Build.0 = ReleaseX64|x86
		{83BFDBDC-6DF5-4E5C-B11F-DDAC4E633E1F}.Debug|Any CPU.ActiveCfg = Debug|Any CPU
		{83BFDBDC-6DF5-4E5C-B11F-DDAC4E633E1F}.Debug|Any CPU.Build.0 = Debug|Any CPU
		{83BFDBDC-6DF5-4E5C-B11F-DDAC4E633E1F}.Debug|Mixed Platforms.ActiveCfg = Debug|x86
		{83BFDBDC-6DF5-4E5C-B11F-DDAC4E633E1F}.Debug|Mixed Platforms.Build.0 = Debug|x86
		{83BFDBDC-6DF5-4E5C-B11F-DDAC4E633E1F}.Debug|x64.ActiveCfg = Debug|x64
		{83BFDBDC-6DF5-4E5C-B11F-DDAC4E633E1F}.Debug|x64.Build.0 = Debug|x64
		{83BFDBDC-6DF5-4E5C-B11F-DDAC4E633E1F}.Debug|x86.ActiveCfg = Debug|x86
		{83BFDBDC-6DF5-4E5C-B11F-DDAC4E633E1F}.Debug|x86.Build.0 = Debug|x86
		{83BFDBDC-6DF5-4E5C-B11F-DDAC4E633E1F}.Debug32|Any CPU.ActiveCfg = Debug32|Any CPU
		{83BFDBDC-6DF5-4E5C-B11F-DDAC4E633E1F}.Debug32|Any CPU.Build.0 = Debug32|Any CPU
		{83BFDBDC-6DF5-4E5C-B11F-DDAC4E633E1F}.Debug32|Mixed Platforms.ActiveCfg = Debug32|x86
		{83BFDBDC-6DF5-4E5C-B11F-DDAC4E633E1F}.Debug32|Mixed Platforms.Build.0 = Debug32|x86
		{83BFDBDC-6DF5-4E5C-B11F-DDAC4E633E1F}.Debug32|x64.ActiveCfg = Debug32|x64
		{83BFDBDC-6DF5-4E5C-B11F-DDAC4E633E1F}.Debug32|x64.Build.0 = Debug32|x64
		{83BFDBDC-6DF5-4E5C-B11F-DDAC4E633E1F}.Debug32|x86.ActiveCfg = Debug32|x86
		{83BFDBDC-6DF5-4E5C-B11F-DDAC4E633E1F}.Debug32|x86.Build.0 = Debug32|x86
		{83BFDBDC-6DF5-4E5C-B11F-DDAC4E633E1F}.Release|Any CPU.ActiveCfg = Release|Any CPU
		{83BFDBDC-6DF5-4E5C-B11F-DDAC4E633E1F}.Release|Any CPU.Build.0 = Release|Any CPU
		{83BFDBDC-6DF5-4E5C-B11F-DDAC4E633E1F}.Release|Mixed Platforms.ActiveCfg = Release|x86
		{83BFDBDC-6DF5-4E5C-B11F-DDAC4E633E1F}.Release|Mixed Platforms.Build.0 = Release|x86
		{83BFDBDC-6DF5-4E5C-B11F-DDAC4E633E1F}.Release|x64.ActiveCfg = Release|x64
		{83BFDBDC-6DF5-4E5C-B11F-DDAC4E633E1F}.Release|x64.Build.0 = Release|x64
		{83BFDBDC-6DF5-4E5C-B11F-DDAC4E633E1F}.Release|x86.ActiveCfg = Release|x86
		{83BFDBDC-6DF5-4E5C-B11F-DDAC4E633E1F}.Release|x86.Build.0 = Release|x86
		{83BFDBDC-6DF5-4E5C-B11F-DDAC4E633E1F}.ReleaseX64|Any CPU.ActiveCfg = Release|Any CPU
		{83BFDBDC-6DF5-4E5C-B11F-DDAC4E633E1F}.ReleaseX64|Any CPU.Build.0 = Release|Any CPU
		{83BFDBDC-6DF5-4E5C-B11F-DDAC4E633E1F}.ReleaseX64|Mixed Platforms.ActiveCfg = Release|x86
		{83BFDBDC-6DF5-4E5C-B11F-DDAC4E633E1F}.ReleaseX64|Mixed Platforms.Build.0 = Release|x86
		{83BFDBDC-6DF5-4E5C-B11F-DDAC4E633E1F}.ReleaseX64|x64.ActiveCfg = Release|x64
		{83BFDBDC-6DF5-4E5C-B11F-DDAC4E633E1F}.ReleaseX64|x64.Build.0 = Release|x64
		{83BFDBDC-6DF5-4E5C-B11F-DDAC4E633E1F}.ReleaseX64|x86.ActiveCfg = Release|x86
		{83BFDBDC-6DF5-4E5C-B11F-DDAC4E633E1F}.ReleaseX64|x86.Build.0 = Release|x86
		{23E5DD68-40AD-438A-8FA8-4A8A632D2480}.Debug|Any CPU.ActiveCfg = Debug|Any CPU
		{23E5DD68-40AD-438A-8FA8-4A8A632D2480}.Debug|Any CPU.Build.0 = Debug|Any CPU
		{23E5DD68-40AD-438A-8FA8-4A8A632D2480}.Debug|Mixed Platforms.ActiveCfg = Debug|x86
		{23E5DD68-40AD-438A-8FA8-4A8A632D2480}.Debug|Mixed Platforms.Build.0 = Debug|x86
		{23E5DD68-40AD-438A-8FA8-4A8A632D2480}.Debug|x64.ActiveCfg = Debug|x64
		{23E5DD68-40AD-438A-8FA8-4A8A632D2480}.Debug|x64.Build.0 = Debug|x64
		{23E5DD68-40AD-438A-8FA8-4A8A632D2480}.Debug|x86.ActiveCfg = Debug|x86
		{23E5DD68-40AD-438A-8FA8-4A8A632D2480}.Debug|x86.Build.0 = Debug|x86
		{23E5DD68-40AD-438A-8FA8-4A8A632D2480}.Debug32|Any CPU.ActiveCfg = Debug32|Any CPU
		{23E5DD68-40AD-438A-8FA8-4A8A632D2480}.Debug32|Any CPU.Build.0 = Debug32|Any CPU
		{23E5DD68-40AD-438A-8FA8-4A8A632D2480}.Debug32|Mixed Platforms.ActiveCfg = Debug32|x86
		{23E5DD68-40AD-438A-8FA8-4A8A632D2480}.Debug32|Mixed Platforms.Build.0 = Debug32|x86
		{23E5DD68-40AD-438A-8FA8-4A8A632D2480}.Debug32|x64.ActiveCfg = Debug32|x64
		{23E5DD68-40AD-438A-8FA8-4A8A632D2480}.Debug32|x64.Build.0 = Debug32|x64
		{23E5DD68-40AD-438A-8FA8-4A8A632D2480}.Debug32|x86.ActiveCfg = Debug32|x86
		{23E5DD68-40AD-438A-8FA8-4A8A632D2480}.Debug32|x86.Build.0 = Debug32|x86
		{23E5DD68-40AD-438A-8FA8-4A8A632D2480}.Release|Any CPU.ActiveCfg = Release|Any CPU
		{23E5DD68-40AD-438A-8FA8-4A8A632D2480}.Release|Any CPU.Build.0 = Release|Any CPU
		{23E5DD68-40AD-438A-8FA8-4A8A632D2480}.Release|Mixed Platforms.ActiveCfg = Release|x86
		{23E5DD68-40AD-438A-8FA8-4A8A632D2480}.Release|Mixed Platforms.Build.0 = Release|x86
		{23E5DD68-40AD-438A-8FA8-4A8A632D2480}.Release|x64.ActiveCfg = Release|x64
		{23E5DD68-40AD-438A-8FA8-4A8A632D2480}.Release|x64.Build.0 = Release|x64
		{23E5DD68-40AD-438A-8FA8-4A8A632D2480}.Release|x86.ActiveCfg = Release|x86
		{23E5DD68-40AD-438A-8FA8-4A8A632D2480}.Release|x86.Build.0 = Release|x86
		{23E5DD68-40AD-438A-8FA8-4A8A632D2480}.ReleaseX64|Any CPU.ActiveCfg = ReleaseX64|Any CPU
		{23E5DD68-40AD-438A-8FA8-4A8A632D2480}.ReleaseX64|Any CPU.Build.0 = ReleaseX64|Any CPU
		{23E5DD68-40AD-438A-8FA8-4A8A632D2480}.ReleaseX64|Mixed Platforms.ActiveCfg = ReleaseX64|x86
		{23E5DD68-40AD-438A-8FA8-4A8A632D2480}.ReleaseX64|Mixed Platforms.Build.0 = ReleaseX64|x86
		{23E5DD68-40AD-438A-8FA8-4A8A632D2480}.ReleaseX64|x64.ActiveCfg = ReleaseX64|x64
		{23E5DD68-40AD-438A-8FA8-4A8A632D2480}.ReleaseX64|x64.Build.0 = ReleaseX64|x64
		{23E5DD68-40AD-438A-8FA8-4A8A632D2480}.ReleaseX64|x86.ActiveCfg = ReleaseX64|x86
		{23E5DD68-40AD-438A-8FA8-4A8A632D2480}.ReleaseX64|x86.Build.0 = ReleaseX64|x86
		{4BF3DE1F-62C2-44A8-BB5E-27125D3D58D2}.Debug|Any CPU.ActiveCfg = Debug|Any CPU
		{4BF3DE1F-62C2-44A8-BB5E-27125D3D58D2}.Debug|Any CPU.Build.0 = Debug|Any CPU
		{4BF3DE1F-62C2-44A8-BB5E-27125D3D58D2}.Debug|Mixed Platforms.ActiveCfg = Debug|x86
		{4BF3DE1F-62C2-44A8-BB5E-27125D3D58D2}.Debug|Mixed Platforms.Build.0 = Debug|x86
		{4BF3DE1F-62C2-44A8-BB5E-27125D3D58D2}.Debug|x64.ActiveCfg = Debug|Any CPU
		{4BF3DE1F-62C2-44A8-BB5E-27125D3D58D2}.Debug|x86.ActiveCfg = Debug|x86
		{4BF3DE1F-62C2-44A8-BB5E-27125D3D58D2}.Debug|x86.Build.0 = Debug|x86
		{4BF3DE1F-62C2-44A8-BB5E-27125D3D58D2}.Debug32|Any CPU.ActiveCfg = Debug32|Any CPU
		{4BF3DE1F-62C2-44A8-BB5E-27125D3D58D2}.Debug32|Any CPU.Build.0 = Debug32|Any CPU
		{4BF3DE1F-62C2-44A8-BB5E-27125D3D58D2}.Debug32|Mixed Platforms.ActiveCfg = Debug32|x86
		{4BF3DE1F-62C2-44A8-BB5E-27125D3D58D2}.Debug32|Mixed Platforms.Build.0 = Debug32|x86
		{4BF3DE1F-62C2-44A8-BB5E-27125D3D58D2}.Debug32|x64.ActiveCfg = Debug32|Any CPU
		{4BF3DE1F-62C2-44A8-BB5E-27125D3D58D2}.Debug32|x86.ActiveCfg = Debug32|x86
		{4BF3DE1F-62C2-44A8-BB5E-27125D3D58D2}.Debug32|x86.Build.0 = Debug32|x86
		{4BF3DE1F-62C2-44A8-BB5E-27125D3D58D2}.Release|Any CPU.ActiveCfg = Release|Any CPU
		{4BF3DE1F-62C2-44A8-BB5E-27125D3D58D2}.Release|Any CPU.Build.0 = Release|Any CPU
		{4BF3DE1F-62C2-44A8-BB5E-27125D3D58D2}.Release|Mixed Platforms.ActiveCfg = Release|x86
		{4BF3DE1F-62C2-44A8-BB5E-27125D3D58D2}.Release|Mixed Platforms.Build.0 = Release|x86
		{4BF3DE1F-62C2-44A8-BB5E-27125D3D58D2}.Release|x64.ActiveCfg = Release|Any CPU
		{4BF3DE1F-62C2-44A8-BB5E-27125D3D58D2}.Release|x86.ActiveCfg = Release|x86
		{4BF3DE1F-62C2-44A8-BB5E-27125D3D58D2}.Release|x86.Build.0 = Release|x86
		{4BF3DE1F-62C2-44A8-BB5E-27125D3D58D2}.ReleaseX64|Any CPU.ActiveCfg = Release|Any CPU
		{4BF3DE1F-62C2-44A8-BB5E-27125D3D58D2}.ReleaseX64|Any CPU.Build.0 = Release|Any CPU
		{4BF3DE1F-62C2-44A8-BB5E-27125D3D58D2}.ReleaseX64|Mixed Platforms.ActiveCfg = Release|x86
		{4BF3DE1F-62C2-44A8-BB5E-27125D3D58D2}.ReleaseX64|Mixed Platforms.Build.0 = Release|x86
		{4BF3DE1F-62C2-44A8-BB5E-27125D3D58D2}.ReleaseX64|x64.ActiveCfg = Release|Any CPU
		{4BF3DE1F-62C2-44A8-BB5E-27125D3D58D2}.ReleaseX64|x86.ActiveCfg = Release|x86
		{4BF3DE1F-62C2-44A8-BB5E-27125D3D58D2}.ReleaseX64|x86.Build.0 = Release|x86
		{7189CCC8-369E-480F-BD4A-2A696B84CB99}.Debug|Any CPU.ActiveCfg = Debug|Any CPU
		{7189CCC8-369E-480F-BD4A-2A696B84CB99}.Debug|Any CPU.Build.0 = Debug|Any CPU
		{7189CCC8-369E-480F-BD4A-2A696B84CB99}.Debug|Mixed Platforms.ActiveCfg = Debug|x86
		{7189CCC8-369E-480F-BD4A-2A696B84CB99}.Debug|Mixed Platforms.Build.0 = Debug|x86
		{7189CCC8-369E-480F-BD4A-2A696B84CB99}.Debug|x64.ActiveCfg = Debug|Any CPU
		{7189CCC8-369E-480F-BD4A-2A696B84CB99}.Debug|x86.ActiveCfg = Debug|x86
		{7189CCC8-369E-480F-BD4A-2A696B84CB99}.Debug|x86.Build.0 = Debug|x86
		{7189CCC8-369E-480F-BD4A-2A696B84CB99}.Debug32|Any CPU.ActiveCfg = Debug32|Any CPU
		{7189CCC8-369E-480F-BD4A-2A696B84CB99}.Debug32|Any CPU.Build.0 = Debug32|Any CPU
		{7189CCC8-369E-480F-BD4A-2A696B84CB99}.Debug32|Mixed Platforms.ActiveCfg = Debug32|x86
		{7189CCC8-369E-480F-BD4A-2A696B84CB99}.Debug32|Mixed Platforms.Build.0 = Debug32|x86
		{7189CCC8-369E-480F-BD4A-2A696B84CB99}.Debug32|x64.ActiveCfg = Debug32|Any CPU
		{7189CCC8-369E-480F-BD4A-2A696B84CB99}.Debug32|x86.ActiveCfg = Debug32|x86
		{7189CCC8-369E-480F-BD4A-2A696B84CB99}.Debug32|x86.Build.0 = Debug32|x86
		{7189CCC8-369E-480F-BD4A-2A696B84CB99}.Release|Any CPU.ActiveCfg = Release|Any CPU
		{7189CCC8-369E-480F-BD4A-2A696B84CB99}.Release|Any CPU.Build.0 = Release|Any CPU
		{7189CCC8-369E-480F-BD4A-2A696B84CB99}.Release|Mixed Platforms.ActiveCfg = Release|x86
		{7189CCC8-369E-480F-BD4A-2A696B84CB99}.Release|Mixed Platforms.Build.0 = Release|x86
		{7189CCC8-369E-480F-BD4A-2A696B84CB99}.Release|x64.ActiveCfg = Release|Any CPU
		{7189CCC8-369E-480F-BD4A-2A696B84CB99}.Release|x86.ActiveCfg = Release|x86
		{7189CCC8-369E-480F-BD4A-2A696B84CB99}.Release|x86.Build.0 = Release|x86
		{7189CCC8-369E-480F-BD4A-2A696B84CB99}.ReleaseX64|Any CPU.ActiveCfg = Release|Any CPU
		{7189CCC8-369E-480F-BD4A-2A696B84CB99}.ReleaseX64|Any CPU.Build.0 = Release|Any CPU
		{7189CCC8-369E-480F-BD4A-2A696B84CB99}.ReleaseX64|Mixed Platforms.ActiveCfg = Release|x86
		{7189CCC8-369E-480F-BD4A-2A696B84CB99}.ReleaseX64|Mixed Platforms.Build.0 = Release|x86
		{7189CCC8-369E-480F-BD4A-2A696B84CB99}.ReleaseX64|x64.ActiveCfg = Release|Any CPU
		{7189CCC8-369E-480F-BD4A-2A696B84CB99}.ReleaseX64|x86.ActiveCfg = Release|x86
		{7189CCC8-369E-480F-BD4A-2A696B84CB99}.ReleaseX64|x86.Build.0 = Release|x86
		{42FFC262-1D32-40C8-9348-EB88154033C5}.Debug|Any CPU.ActiveCfg = Debug|Any CPU
		{42FFC262-1D32-40C8-9348-EB88154033C5}.Debug|Any CPU.Build.0 = Debug|Any CPU
		{42FFC262-1D32-40C8-9348-EB88154033C5}.Debug|Mixed Platforms.ActiveCfg = Debug|Any CPU
		{42FFC262-1D32-40C8-9348-EB88154033C5}.Debug|Mixed Platforms.Build.0 = Debug|Any CPU
		{42FFC262-1D32-40C8-9348-EB88154033C5}.Debug|x64.ActiveCfg = Debug|Any CPU
		{42FFC262-1D32-40C8-9348-EB88154033C5}.Debug|x86.ActiveCfg = Debug|Any CPU
		{42FFC262-1D32-40C8-9348-EB88154033C5}.Debug32|Any CPU.ActiveCfg = Debug|Any CPU
		{42FFC262-1D32-40C8-9348-EB88154033C5}.Debug32|Any CPU.Build.0 = Debug|Any CPU
		{42FFC262-1D32-40C8-9348-EB88154033C5}.Debug32|Mixed Platforms.ActiveCfg = Debug|Any CPU
		{42FFC262-1D32-40C8-9348-EB88154033C5}.Debug32|Mixed Platforms.Build.0 = Debug|Any CPU
		{42FFC262-1D32-40C8-9348-EB88154033C5}.Debug32|x64.ActiveCfg = Debug|Any CPU
		{42FFC262-1D32-40C8-9348-EB88154033C5}.Debug32|x86.ActiveCfg = Debug|Any CPU
		{42FFC262-1D32-40C8-9348-EB88154033C5}.Release|Any CPU.ActiveCfg = Release|Any CPU
		{42FFC262-1D32-40C8-9348-EB88154033C5}.Release|Any CPU.Build.0 = Release|Any CPU
		{42FFC262-1D32-40C8-9348-EB88154033C5}.Release|Mixed Platforms.ActiveCfg = Release|Any CPU
		{42FFC262-1D32-40C8-9348-EB88154033C5}.Release|Mixed Platforms.Build.0 = Release|Any CPU
		{42FFC262-1D32-40C8-9348-EB88154033C5}.Release|x64.ActiveCfg = Release|Any CPU
		{42FFC262-1D32-40C8-9348-EB88154033C5}.Release|x86.ActiveCfg = Release|Any CPU
		{42FFC262-1D32-40C8-9348-EB88154033C5}.ReleaseX64|Any CPU.ActiveCfg = Release|Any CPU
		{42FFC262-1D32-40C8-9348-EB88154033C5}.ReleaseX64|Any CPU.Build.0 = Release|Any CPU
		{42FFC262-1D32-40C8-9348-EB88154033C5}.ReleaseX64|Mixed Platforms.ActiveCfg = Release|Any CPU
		{42FFC262-1D32-40C8-9348-EB88154033C5}.ReleaseX64|Mixed Platforms.Build.0 = Release|Any CPU
		{42FFC262-1D32-40C8-9348-EB88154033C5}.ReleaseX64|x64.ActiveCfg = Release|Any CPU
		{42FFC262-1D32-40C8-9348-EB88154033C5}.ReleaseX64|x86.ActiveCfg = Release|Any CPU
		{E0E469C1-BFB5-4EC0-93F1-F019C9101110}.Debug|Any CPU.ActiveCfg = Debug|Any CPU
		{E0E469C1-BFB5-4EC0-93F1-F019C9101110}.Debug|Any CPU.Build.0 = Debug|Any CPU
		{E0E469C1-BFB5-4EC0-93F1-F019C9101110}.Debug|Mixed Platforms.ActiveCfg = Debug|x86
		{E0E469C1-BFB5-4EC0-93F1-F019C9101110}.Debug|Mixed Platforms.Build.0 = Debug|x86
		{E0E469C1-BFB5-4EC0-93F1-F019C9101110}.Debug|x64.ActiveCfg = Debug|Any CPU
		{E0E469C1-BFB5-4EC0-93F1-F019C9101110}.Debug|x86.ActiveCfg = Debug|x86
		{E0E469C1-BFB5-4EC0-93F1-F019C9101110}.Debug|x86.Build.0 = Debug|x86
		{E0E469C1-BFB5-4EC0-93F1-F019C9101110}.Debug32|Any CPU.ActiveCfg = Debug32|Any CPU
		{E0E469C1-BFB5-4EC0-93F1-F019C9101110}.Debug32|Any CPU.Build.0 = Debug32|Any CPU
		{E0E469C1-BFB5-4EC0-93F1-F019C9101110}.Debug32|Mixed Platforms.ActiveCfg = Debug32|x86
		{E0E469C1-BFB5-4EC0-93F1-F019C9101110}.Debug32|Mixed Platforms.Build.0 = Debug32|x86
		{E0E469C1-BFB5-4EC0-93F1-F019C9101110}.Debug32|x64.ActiveCfg = Debug32|Any CPU
		{E0E469C1-BFB5-4EC0-93F1-F019C9101110}.Debug32|x86.ActiveCfg = Debug32|x86
		{E0E469C1-BFB5-4EC0-93F1-F019C9101110}.Debug32|x86.Build.0 = Debug32|x86
		{E0E469C1-BFB5-4EC0-93F1-F019C9101110}.Release|Any CPU.ActiveCfg = Release|Any CPU
		{E0E469C1-BFB5-4EC0-93F1-F019C9101110}.Release|Any CPU.Build.0 = Release|Any CPU
		{E0E469C1-BFB5-4EC0-93F1-F019C9101110}.Release|Mixed Platforms.ActiveCfg = Release|x86
		{E0E469C1-BFB5-4EC0-93F1-F019C9101110}.Release|Mixed Platforms.Build.0 = Release|x86
		{E0E469C1-BFB5-4EC0-93F1-F019C9101110}.Release|x64.ActiveCfg = Release|Any CPU
		{E0E469C1-BFB5-4EC0-93F1-F019C9101110}.Release|x86.ActiveCfg = Release|x86
		{E0E469C1-BFB5-4EC0-93F1-F019C9101110}.Release|x86.Build.0 = Release|x86
		{E0E469C1-BFB5-4EC0-93F1-F019C9101110}.ReleaseX64|Any CPU.ActiveCfg = Release|Any CPU
		{E0E469C1-BFB5-4EC0-93F1-F019C9101110}.ReleaseX64|Any CPU.Build.0 = Release|Any CPU
		{E0E469C1-BFB5-4EC0-93F1-F019C9101110}.ReleaseX64|Mixed Platforms.ActiveCfg = Release|x86
		{E0E469C1-BFB5-4EC0-93F1-F019C9101110}.ReleaseX64|Mixed Platforms.Build.0 = Release|x86
		{E0E469C1-BFB5-4EC0-93F1-F019C9101110}.ReleaseX64|x64.ActiveCfg = Release|Any CPU
		{E0E469C1-BFB5-4EC0-93F1-F019C9101110}.ReleaseX64|x86.ActiveCfg = Release|x86
		{E0E469C1-BFB5-4EC0-93F1-F019C9101110}.ReleaseX64|x86.Build.0 = Release|x86
		{F15B1AC4-2F1A-4547-974C-E1018D6E6926}.Debug|Any CPU.ActiveCfg = Debug|Any CPU
		{F15B1AC4-2F1A-4547-974C-E1018D6E6926}.Debug|Any CPU.Build.0 = Debug|Any CPU
		{F15B1AC4-2F1A-4547-974C-E1018D6E6926}.Debug|Mixed Platforms.ActiveCfg = Debug|x86
		{F15B1AC4-2F1A-4547-974C-E1018D6E6926}.Debug|Mixed Platforms.Build.0 = Debug|x86
		{F15B1AC4-2F1A-4547-974C-E1018D6E6926}.Debug|x64.ActiveCfg = Debug|x64
		{F15B1AC4-2F1A-4547-974C-E1018D6E6926}.Debug|x64.Build.0 = Debug|x64
		{F15B1AC4-2F1A-4547-974C-E1018D6E6926}.Debug|x86.ActiveCfg = Debug|x86
		{F15B1AC4-2F1A-4547-974C-E1018D6E6926}.Debug|x86.Build.0 = Debug|x86
		{F15B1AC4-2F1A-4547-974C-E1018D6E6926}.Debug32|Any CPU.ActiveCfg = Debug32|Any CPU
		{F15B1AC4-2F1A-4547-974C-E1018D6E6926}.Debug32|Any CPU.Build.0 = Debug32|Any CPU
		{F15B1AC4-2F1A-4547-974C-E1018D6E6926}.Debug32|Mixed Platforms.ActiveCfg = Debug32|x86
		{F15B1AC4-2F1A-4547-974C-E1018D6E6926}.Debug32|Mixed Platforms.Build.0 = Debug32|x86
		{F15B1AC4-2F1A-4547-974C-E1018D6E6926}.Debug32|x64.ActiveCfg = Debug32|x64
		{F15B1AC4-2F1A-4547-974C-E1018D6E6926}.Debug32|x64.Build.0 = Debug32|x64
		{F15B1AC4-2F1A-4547-974C-E1018D6E6926}.Debug32|x86.ActiveCfg = Debug32|x86
		{F15B1AC4-2F1A-4547-974C-E1018D6E6926}.Debug32|x86.Build.0 = Debug32|x86
		{F15B1AC4-2F1A-4547-974C-E1018D6E6926}.Release|Any CPU.ActiveCfg = Release|Any CPU
		{F15B1AC4-2F1A-4547-974C-E1018D6E6926}.Release|Any CPU.Build.0 = Release|Any CPU
		{F15B1AC4-2F1A-4547-974C-E1018D6E6926}.Release|Mixed Platforms.ActiveCfg = Release|x86
		{F15B1AC4-2F1A-4547-974C-E1018D6E6926}.Release|Mixed Platforms.Build.0 = Release|x86
		{F15B1AC4-2F1A-4547-974C-E1018D6E6926}.Release|x64.ActiveCfg = Release|x64
		{F15B1AC4-2F1A-4547-974C-E1018D6E6926}.Release|x64.Build.0 = Release|x64
		{F15B1AC4-2F1A-4547-974C-E1018D6E6926}.Release|x86.ActiveCfg = Release|x86
		{F15B1AC4-2F1A-4547-974C-E1018D6E6926}.Release|x86.Build.0 = Release|x86
		{F15B1AC4-2F1A-4547-974C-E1018D6E6926}.ReleaseX64|Any CPU.ActiveCfg = ReleaseX64|Any CPU
		{F15B1AC4-2F1A-4547-974C-E1018D6E6926}.ReleaseX64|Any CPU.Build.0 = ReleaseX64|Any CPU
		{F15B1AC4-2F1A-4547-974C-E1018D6E6926}.ReleaseX64|Mixed Platforms.ActiveCfg = ReleaseX64|x86
		{F15B1AC4-2F1A-4547-974C-E1018D6E6926}.ReleaseX64|Mixed Platforms.Build.0 = ReleaseX64|x86
		{F15B1AC4-2F1A-4547-974C-E1018D6E6926}.ReleaseX64|x64.ActiveCfg = ReleaseX64|x64
		{F15B1AC4-2F1A-4547-974C-E1018D6E6926}.ReleaseX64|x64.Build.0 = ReleaseX64|x64
		{F15B1AC4-2F1A-4547-974C-E1018D6E6926}.ReleaseX64|x86.ActiveCfg = ReleaseX64|x86
		{F15B1AC4-2F1A-4547-974C-E1018D6E6926}.ReleaseX64|x86.Build.0 = ReleaseX64|x86
		{D32F5344-D291-42FC-8B6E-4183864E2D77}.Debug|Any CPU.ActiveCfg = Debug|Any CPU
		{D32F5344-D291-42FC-8B6E-4183864E2D77}.Debug|Any CPU.Build.0 = Debug|Any CPU
		{D32F5344-D291-42FC-8B6E-4183864E2D77}.Debug|Mixed Platforms.ActiveCfg = Debug|x86
		{D32F5344-D291-42FC-8B6E-4183864E2D77}.Debug|Mixed Platforms.Build.0 = Debug|x86
		{D32F5344-D291-42FC-8B6E-4183864E2D77}.Debug|x64.ActiveCfg = Debug|Any CPU
		{D32F5344-D291-42FC-8B6E-4183864E2D77}.Debug|x86.ActiveCfg = Debug|x86
		{D32F5344-D291-42FC-8B6E-4183864E2D77}.Debug|x86.Build.0 = Debug|x86
		{D32F5344-D291-42FC-8B6E-4183864E2D77}.Debug32|Any CPU.ActiveCfg = Debug32|Any CPU
		{D32F5344-D291-42FC-8B6E-4183864E2D77}.Debug32|Any CPU.Build.0 = Debug32|Any CPU
		{D32F5344-D291-42FC-8B6E-4183864E2D77}.Debug32|Mixed Platforms.ActiveCfg = Debug32|x86
		{D32F5344-D291-42FC-8B6E-4183864E2D77}.Debug32|Mixed Platforms.Build.0 = Debug32|x86
		{D32F5344-D291-42FC-8B6E-4183864E2D77}.Debug32|x64.ActiveCfg = Debug32|Any CPU
		{D32F5344-D291-42FC-8B6E-4183864E2D77}.Debug32|x86.ActiveCfg = Debug32|x86
		{D32F5344-D291-42FC-8B6E-4183864E2D77}.Debug32|x86.Build.0 = Debug32|x86
		{D32F5344-D291-42FC-8B6E-4183864E2D77}.Release|Any CPU.ActiveCfg = Release|Any CPU
		{D32F5344-D291-42FC-8B6E-4183864E2D77}.Release|Any CPU.Build.0 = Release|Any CPU
		{D32F5344-D291-42FC-8B6E-4183864E2D77}.Release|Mixed Platforms.ActiveCfg = Release|x86
		{D32F5344-D291-42FC-8B6E-4183864E2D77}.Release|Mixed Platforms.Build.0 = Release|x86
		{D32F5344-D291-42FC-8B6E-4183864E2D77}.Release|x64.ActiveCfg = Release|Any CPU
		{D32F5344-D291-42FC-8B6E-4183864E2D77}.Release|x86.ActiveCfg = Release|x86
		{D32F5344-D291-42FC-8B6E-4183864E2D77}.Release|x86.Build.0 = Release|x86
		{D32F5344-D291-42FC-8B6E-4183864E2D77}.ReleaseX64|Any CPU.ActiveCfg = Release|Any CPU
		{D32F5344-D291-42FC-8B6E-4183864E2D77}.ReleaseX64|Any CPU.Build.0 = Release|Any CPU
		{D32F5344-D291-42FC-8B6E-4183864E2D77}.ReleaseX64|Mixed Platforms.ActiveCfg = Release|x86
		{D32F5344-D291-42FC-8B6E-4183864E2D77}.ReleaseX64|Mixed Platforms.Build.0 = Release|x86
		{D32F5344-D291-42FC-8B6E-4183864E2D77}.ReleaseX64|x64.ActiveCfg = Release|Any CPU
		{D32F5344-D291-42FC-8B6E-4183864E2D77}.ReleaseX64|x86.ActiveCfg = Release|x86
		{D32F5344-D291-42FC-8B6E-4183864E2D77}.ReleaseX64|x86.Build.0 = Release|x86
		{B2E3E5FE-5B00-4CD2-9421-928527670538}.Debug|Any CPU.ActiveCfg = Debug|Any CPU
		{B2E3E5FE-5B00-4CD2-9421-928527670538}.Debug|Any CPU.Build.0 = Debug|Any CPU
		{B2E3E5FE-5B00-4CD2-9421-928527670538}.Debug|Mixed Platforms.ActiveCfg = Debug|x86
		{B2E3E5FE-5B00-4CD2-9421-928527670538}.Debug|Mixed Platforms.Build.0 = Debug|x86
		{B2E3E5FE-5B00-4CD2-9421-928527670538}.Debug|x64.ActiveCfg = Debug|Any CPU
		{B2E3E5FE-5B00-4CD2-9421-928527670538}.Debug|x86.ActiveCfg = Debug|x86
		{B2E3E5FE-5B00-4CD2-9421-928527670538}.Debug|x86.Build.0 = Debug|x86
		{B2E3E5FE-5B00-4CD2-9421-928527670538}.Debug32|Any CPU.ActiveCfg = Debug32|Any CPU
		{B2E3E5FE-5B00-4CD2-9421-928527670538}.Debug32|Any CPU.Build.0 = Debug32|Any CPU
		{B2E3E5FE-5B00-4CD2-9421-928527670538}.Debug32|Mixed Platforms.ActiveCfg = Debug32|x86
		{B2E3E5FE-5B00-4CD2-9421-928527670538}.Debug32|Mixed Platforms.Build.0 = Debug32|x86
		{B2E3E5FE-5B00-4CD2-9421-928527670538}.Debug32|x64.ActiveCfg = Debug32|Any CPU
		{B2E3E5FE-5B00-4CD2-9421-928527670538}.Debug32|x86.ActiveCfg = Debug32|x86
		{B2E3E5FE-5B00-4CD2-9421-928527670538}.Debug32|x86.Build.0 = Debug32|x86
		{B2E3E5FE-5B00-4CD2-9421-928527670538}.Release|Any CPU.ActiveCfg = Release|Any CPU
		{B2E3E5FE-5B00-4CD2-9421-928527670538}.Release|Any CPU.Build.0 = Release|Any CPU
		{B2E3E5FE-5B00-4CD2-9421-928527670538}.Release|Mixed Platforms.ActiveCfg = Release|x86
		{B2E3E5FE-5B00-4CD2-9421-928527670538}.Release|Mixed Platforms.Build.0 = Release|x86
		{B2E3E5FE-5B00-4CD2-9421-928527670538}.Release|x64.ActiveCfg = Release|Any CPU
		{B2E3E5FE-5B00-4CD2-9421-928527670538}.Release|x86.ActiveCfg = Release|x86
		{B2E3E5FE-5B00-4CD2-9421-928527670538}.Release|x86.Build.0 = Release|x86
		{B2E3E5FE-5B00-4CD2-9421-928527670538}.ReleaseX64|Any CPU.ActiveCfg = Release|Any CPU
		{B2E3E5FE-5B00-4CD2-9421-928527670538}.ReleaseX64|Any CPU.Build.0 = Release|Any CPU
		{B2E3E5FE-5B00-4CD2-9421-928527670538}.ReleaseX64|Mixed Platforms.ActiveCfg = Release|x86
		{B2E3E5FE-5B00-4CD2-9421-928527670538}.ReleaseX64|Mixed Platforms.Build.0 = Release|x86
		{B2E3E5FE-5B00-4CD2-9421-928527670538}.ReleaseX64|x64.ActiveCfg = Release|Any CPU
		{B2E3E5FE-5B00-4CD2-9421-928527670538}.ReleaseX64|x86.ActiveCfg = Release|x86
		{B2E3E5FE-5B00-4CD2-9421-928527670538}.ReleaseX64|x86.Build.0 = Release|x86
		{CE541773-93E1-4663-902D-709C76BCD358}.Debug|Any CPU.ActiveCfg = Debug|Any CPU
		{CE541773-93E1-4663-902D-709C76BCD358}.Debug|Any CPU.Build.0 = Debug|Any CPU
		{CE541773-93E1-4663-902D-709C76BCD358}.Debug|Mixed Platforms.ActiveCfg = Debug|x86
		{CE541773-93E1-4663-902D-709C76BCD358}.Debug|Mixed Platforms.Build.0 = Debug|x86
		{CE541773-93E1-4663-902D-709C76BCD358}.Debug|x64.ActiveCfg = Debug|x64
		{CE541773-93E1-4663-902D-709C76BCD358}.Debug|x64.Build.0 = Debug|x64
		{CE541773-93E1-4663-902D-709C76BCD358}.Debug|x86.ActiveCfg = Debug|x86
		{CE541773-93E1-4663-902D-709C76BCD358}.Debug|x86.Build.0 = Debug|x86
		{CE541773-93E1-4663-902D-709C76BCD358}.Debug32|Any CPU.ActiveCfg = Debug32|Any CPU
		{CE541773-93E1-4663-902D-709C76BCD358}.Debug32|Any CPU.Build.0 = Debug32|Any CPU
		{CE541773-93E1-4663-902D-709C76BCD358}.Debug32|Mixed Platforms.ActiveCfg = Debug32|x86
		{CE541773-93E1-4663-902D-709C76BCD358}.Debug32|Mixed Platforms.Build.0 = Debug32|x86
		{CE541773-93E1-4663-902D-709C76BCD358}.Debug32|x64.ActiveCfg = Debug32|x64
		{CE541773-93E1-4663-902D-709C76BCD358}.Debug32|x64.Build.0 = Debug32|x64
		{CE541773-93E1-4663-902D-709C76BCD358}.Debug32|x86.ActiveCfg = Debug32|x86
		{CE541773-93E1-4663-902D-709C76BCD358}.Debug32|x86.Build.0 = Debug32|x86
		{CE541773-93E1-4663-902D-709C76BCD358}.Release|Any CPU.ActiveCfg = Release|Any CPU
		{CE541773-93E1-4663-902D-709C76BCD358}.Release|Any CPU.Build.0 = Release|Any CPU
		{CE541773-93E1-4663-902D-709C76BCD358}.Release|Mixed Platforms.ActiveCfg = Release|x86
		{CE541773-93E1-4663-902D-709C76BCD358}.Release|Mixed Platforms.Build.0 = Release|x86
		{CE541773-93E1-4663-902D-709C76BCD358}.Release|x64.ActiveCfg = Release|x64
		{CE541773-93E1-4663-902D-709C76BCD358}.Release|x64.Build.0 = Release|x64
		{CE541773-93E1-4663-902D-709C76BCD358}.Release|x86.ActiveCfg = Release|x86
		{CE541773-93E1-4663-902D-709C76BCD358}.Release|x86.Build.0 = Release|x86
		{CE541773-93E1-4663-902D-709C76BCD358}.ReleaseX64|Any CPU.ActiveCfg = ReleaseX64|Any CPU
		{CE541773-93E1-4663-902D-709C76BCD358}.ReleaseX64|Any CPU.Build.0 = ReleaseX64|Any CPU
		{CE541773-93E1-4663-902D-709C76BCD358}.ReleaseX64|Mixed Platforms.ActiveCfg = ReleaseX64|x86
		{CE541773-93E1-4663-902D-709C76BCD358}.ReleaseX64|Mixed Platforms.Build.0 = ReleaseX64|x86
		{CE541773-93E1-4663-902D-709C76BCD358}.ReleaseX64|x64.ActiveCfg = ReleaseX64|x64
		{CE541773-93E1-4663-902D-709C76BCD358}.ReleaseX64|x64.Build.0 = ReleaseX64|x64
		{CE541773-93E1-4663-902D-709C76BCD358}.ReleaseX64|x86.ActiveCfg = ReleaseX64|x86
		{CE541773-93E1-4663-902D-709C76BCD358}.ReleaseX64|x86.Build.0 = ReleaseX64|x86
		{089001B8-3BCE-42EC-ACB4-D68CF8705A46}.Debug|Any CPU.ActiveCfg = Debug|Any CPU
		{089001B8-3BCE-42EC-ACB4-D68CF8705A46}.Debug|Any CPU.Build.0 = Debug|Any CPU
		{089001B8-3BCE-42EC-ACB4-D68CF8705A46}.Debug|Mixed Platforms.ActiveCfg = Debug|x86
		{089001B8-3BCE-42EC-ACB4-D68CF8705A46}.Debug|Mixed Platforms.Build.0 = Debug|x86
		{089001B8-3BCE-42EC-ACB4-D68CF8705A46}.Debug|x64.ActiveCfg = Debug|x64
		{089001B8-3BCE-42EC-ACB4-D68CF8705A46}.Debug|x64.Build.0 = Debug|x64
		{089001B8-3BCE-42EC-ACB4-D68CF8705A46}.Debug|x86.ActiveCfg = Debug|x86
		{089001B8-3BCE-42EC-ACB4-D68CF8705A46}.Debug|x86.Build.0 = Debug|x86
		{089001B8-3BCE-42EC-ACB4-D68CF8705A46}.Debug32|Any CPU.ActiveCfg = Debug32|Any CPU
		{089001B8-3BCE-42EC-ACB4-D68CF8705A46}.Debug32|Any CPU.Build.0 = Debug32|Any CPU
		{089001B8-3BCE-42EC-ACB4-D68CF8705A46}.Debug32|Mixed Platforms.ActiveCfg = Debug32|x86
		{089001B8-3BCE-42EC-ACB4-D68CF8705A46}.Debug32|Mixed Platforms.Build.0 = Debug32|x86
		{089001B8-3BCE-42EC-ACB4-D68CF8705A46}.Debug32|x64.ActiveCfg = Debug32|x64
		{089001B8-3BCE-42EC-ACB4-D68CF8705A46}.Debug32|x64.Build.0 = Debug32|x64
		{089001B8-3BCE-42EC-ACB4-D68CF8705A46}.Debug32|x86.ActiveCfg = Debug32|x86
		{089001B8-3BCE-42EC-ACB4-D68CF8705A46}.Debug32|x86.Build.0 = Debug32|x86
		{089001B8-3BCE-42EC-ACB4-D68CF8705A46}.Release|Any CPU.ActiveCfg = Release|Any CPU
		{089001B8-3BCE-42EC-ACB4-D68CF8705A46}.Release|Any CPU.Build.0 = Release|Any CPU
		{089001B8-3BCE-42EC-ACB4-D68CF8705A46}.Release|Mixed Platforms.ActiveCfg = Release|x86
		{089001B8-3BCE-42EC-ACB4-D68CF8705A46}.Release|Mixed Platforms.Build.0 = Release|x86
		{089001B8-3BCE-42EC-ACB4-D68CF8705A46}.Release|x64.ActiveCfg = Release|x64
		{089001B8-3BCE-42EC-ACB4-D68CF8705A46}.Release|x64.Build.0 = Release|x64
		{089001B8-3BCE-42EC-ACB4-D68CF8705A46}.Release|x86.ActiveCfg = Release|x86
		{089001B8-3BCE-42EC-ACB4-D68CF8705A46}.Release|x86.Build.0 = Release|x86
		{089001B8-3BCE-42EC-ACB4-D68CF8705A46}.ReleaseX64|Any CPU.ActiveCfg = ReleaseX64|Any CPU
		{089001B8-3BCE-42EC-ACB4-D68CF8705A46}.ReleaseX64|Any CPU.Build.0 = ReleaseX64|Any CPU
		{089001B8-3BCE-42EC-ACB4-D68CF8705A46}.ReleaseX64|Mixed Platforms.ActiveCfg = ReleaseX64|x86
		{089001B8-3BCE-42EC-ACB4-D68CF8705A46}.ReleaseX64|Mixed Platforms.Build.0 = ReleaseX64|x86
		{089001B8-3BCE-42EC-ACB4-D68CF8705A46}.ReleaseX64|x64.ActiveCfg = ReleaseX64|x64
		{089001B8-3BCE-42EC-ACB4-D68CF8705A46}.ReleaseX64|x64.Build.0 = ReleaseX64|x64
		{089001B8-3BCE-42EC-ACB4-D68CF8705A46}.ReleaseX64|x86.ActiveCfg = ReleaseX64|x86
		{089001B8-3BCE-42EC-ACB4-D68CF8705A46}.ReleaseX64|x86.Build.0 = ReleaseX64|x86
		{A63925D1-B7B1-47A2-A602-06C46D38783D}.Debug|Any CPU.ActiveCfg = Debug|Any CPU
		{A63925D1-B7B1-47A2-A602-06C46D38783D}.Debug|Any CPU.Build.0 = Debug|Any CPU
		{A63925D1-B7B1-47A2-A602-06C46D38783D}.Debug|Mixed Platforms.ActiveCfg = Debug|x86
		{A63925D1-B7B1-47A2-A602-06C46D38783D}.Debug|Mixed Platforms.Build.0 = Debug|x86
		{A63925D1-B7B1-47A2-A602-06C46D38783D}.Debug|x64.ActiveCfg = Debug|Any CPU
		{A63925D1-B7B1-47A2-A602-06C46D38783D}.Debug|x86.ActiveCfg = Debug|x86
		{A63925D1-B7B1-47A2-A602-06C46D38783D}.Debug|x86.Build.0 = Debug|x86
		{A63925D1-B7B1-47A2-A602-06C46D38783D}.Debug32|Any CPU.ActiveCfg = Debug32|Any CPU
		{A63925D1-B7B1-47A2-A602-06C46D38783D}.Debug32|Any CPU.Build.0 = Debug32|Any CPU
		{A63925D1-B7B1-47A2-A602-06C46D38783D}.Debug32|Mixed Platforms.ActiveCfg = Debug32|x86
		{A63925D1-B7B1-47A2-A602-06C46D38783D}.Debug32|Mixed Platforms.Build.0 = Debug32|x86
		{A63925D1-B7B1-47A2-A602-06C46D38783D}.Debug32|x64.ActiveCfg = Debug32|Any CPU
		{A63925D1-B7B1-47A2-A602-06C46D38783D}.Debug32|x86.ActiveCfg = Debug32|x86
		{A63925D1-B7B1-47A2-A602-06C46D38783D}.Debug32|x86.Build.0 = Debug32|x86
		{A63925D1-B7B1-47A2-A602-06C46D38783D}.Release|Any CPU.ActiveCfg = Release|Any CPU
		{A63925D1-B7B1-47A2-A602-06C46D38783D}.Release|Any CPU.Build.0 = Release|Any CPU
		{A63925D1-B7B1-47A2-A602-06C46D38783D}.Release|Mixed Platforms.ActiveCfg = Release|x86
		{A63925D1-B7B1-47A2-A602-06C46D38783D}.Release|Mixed Platforms.Build.0 = Release|x86
		{A63925D1-B7B1-47A2-A602-06C46D38783D}.Release|x64.ActiveCfg = Release|Any CPU
		{A63925D1-B7B1-47A2-A602-06C46D38783D}.Release|x86.ActiveCfg = Release|x86
		{A63925D1-B7B1-47A2-A602-06C46D38783D}.Release|x86.Build.0 = Release|x86
		{A63925D1-B7B1-47A2-A602-06C46D38783D}.ReleaseX64|Any CPU.ActiveCfg = Release|Any CPU
		{A63925D1-B7B1-47A2-A602-06C46D38783D}.ReleaseX64|Any CPU.Build.0 = Release|Any CPU
		{A63925D1-B7B1-47A2-A602-06C46D38783D}.ReleaseX64|Mixed Platforms.ActiveCfg = Release|x86
		{A63925D1-B7B1-47A2-A602-06C46D38783D}.ReleaseX64|Mixed Platforms.Build.0 = Release|x86
		{A63925D1-B7B1-47A2-A602-06C46D38783D}.ReleaseX64|x64.ActiveCfg = Release|Any CPU
		{A63925D1-B7B1-47A2-A602-06C46D38783D}.ReleaseX64|x86.ActiveCfg = Release|x86
		{A63925D1-B7B1-47A2-A602-06C46D38783D}.ReleaseX64|x86.Build.0 = Release|x86
		{B57C7DBD-1A49-44BD-8CE8-00D881BC68CA}.Debug|Any CPU.ActiveCfg = Debug|Any CPU
		{B57C7DBD-1A49-44BD-8CE8-00D881BC68CA}.Debug|Any CPU.Build.0 = Debug|Any CPU
		{B57C7DBD-1A49-44BD-8CE8-00D881BC68CA}.Debug|Mixed Platforms.ActiveCfg = Debug|x86
		{B57C7DBD-1A49-44BD-8CE8-00D881BC68CA}.Debug|Mixed Platforms.Build.0 = Debug|x86
		{B57C7DBD-1A49-44BD-8CE8-00D881BC68CA}.Debug|x64.ActiveCfg = Debug|Any CPU
		{B57C7DBD-1A49-44BD-8CE8-00D881BC68CA}.Debug|x86.ActiveCfg = Debug|x86
		{B57C7DBD-1A49-44BD-8CE8-00D881BC68CA}.Debug|x86.Build.0 = Debug|x86
		{B57C7DBD-1A49-44BD-8CE8-00D881BC68CA}.Debug32|Any CPU.ActiveCfg = Debug32|Any CPU
		{B57C7DBD-1A49-44BD-8CE8-00D881BC68CA}.Debug32|Any CPU.Build.0 = Debug32|Any CPU
		{B57C7DBD-1A49-44BD-8CE8-00D881BC68CA}.Debug32|Mixed Platforms.ActiveCfg = Debug32|x86
		{B57C7DBD-1A49-44BD-8CE8-00D881BC68CA}.Debug32|Mixed Platforms.Build.0 = Debug32|x86
		{B57C7DBD-1A49-44BD-8CE8-00D881BC68CA}.Debug32|x64.ActiveCfg = Debug32|Any CPU
		{B57C7DBD-1A49-44BD-8CE8-00D881BC68CA}.Debug32|x86.ActiveCfg = Debug32|x86
		{B57C7DBD-1A49-44BD-8CE8-00D881BC68CA}.Debug32|x86.Build.0 = Debug32|x86
		{B57C7DBD-1A49-44BD-8CE8-00D881BC68CA}.Release|Any CPU.ActiveCfg = Release|Any CPU
		{B57C7DBD-1A49-44BD-8CE8-00D881BC68CA}.Release|Any CPU.Build.0 = Release|Any CPU
		{B57C7DBD-1A49-44BD-8CE8-00D881BC68CA}.Release|Mixed Platforms.ActiveCfg = Release|x86
		{B57C7DBD-1A49-44BD-8CE8-00D881BC68CA}.Release|Mixed Platforms.Build.0 = Release|x86
		{B57C7DBD-1A49-44BD-8CE8-00D881BC68CA}.Release|x64.ActiveCfg = Release|Any CPU
		{B57C7DBD-1A49-44BD-8CE8-00D881BC68CA}.Release|x86.ActiveCfg = Release|x86
		{B57C7DBD-1A49-44BD-8CE8-00D881BC68CA}.Release|x86.Build.0 = Release|x86
		{B57C7DBD-1A49-44BD-8CE8-00D881BC68CA}.ReleaseX64|Any CPU.ActiveCfg = Release|Any CPU
		{B57C7DBD-1A49-44BD-8CE8-00D881BC68CA}.ReleaseX64|Any CPU.Build.0 = Release|Any CPU
		{B57C7DBD-1A49-44BD-8CE8-00D881BC68CA}.ReleaseX64|Mixed Platforms.ActiveCfg = Release|x86
		{B57C7DBD-1A49-44BD-8CE8-00D881BC68CA}.ReleaseX64|Mixed Platforms.Build.0 = Release|x86
		{B57C7DBD-1A49-44BD-8CE8-00D881BC68CA}.ReleaseX64|x64.ActiveCfg = Release|Any CPU
		{B57C7DBD-1A49-44BD-8CE8-00D881BC68CA}.ReleaseX64|x86.ActiveCfg = Release|x86
		{B57C7DBD-1A49-44BD-8CE8-00D881BC68CA}.ReleaseX64|x86.Build.0 = Release|x86
		{0215852B-9ACB-4F63-ACED-094A23E730CB}.Debug|Any CPU.ActiveCfg = Debug|Any CPU
		{0215852B-9ACB-4F63-ACED-094A23E730CB}.Debug|Any CPU.Build.0 = Debug|Any CPU
		{0215852B-9ACB-4F63-ACED-094A23E730CB}.Debug|Mixed Platforms.ActiveCfg = Debug|x86
		{0215852B-9ACB-4F63-ACED-094A23E730CB}.Debug|Mixed Platforms.Build.0 = Debug|x86
		{0215852B-9ACB-4F63-ACED-094A23E730CB}.Debug|x64.ActiveCfg = Debug|x64
		{0215852B-9ACB-4F63-ACED-094A23E730CB}.Debug|x64.Build.0 = Debug|x64
		{0215852B-9ACB-4F63-ACED-094A23E730CB}.Debug|x86.ActiveCfg = Debug|x86
		{0215852B-9ACB-4F63-ACED-094A23E730CB}.Debug|x86.Build.0 = Debug|x86
		{0215852B-9ACB-4F63-ACED-094A23E730CB}.Debug32|Any CPU.ActiveCfg = Debug32|Any CPU
		{0215852B-9ACB-4F63-ACED-094A23E730CB}.Debug32|Any CPU.Build.0 = Debug32|Any CPU
		{0215852B-9ACB-4F63-ACED-094A23E730CB}.Debug32|Mixed Platforms.ActiveCfg = Debug32|x86
		{0215852B-9ACB-4F63-ACED-094A23E730CB}.Debug32|Mixed Platforms.Build.0 = Debug32|x86
		{0215852B-9ACB-4F63-ACED-094A23E730CB}.Debug32|x64.ActiveCfg = Debug32|x64
		{0215852B-9ACB-4F63-ACED-094A23E730CB}.Debug32|x64.Build.0 = Debug32|x64
		{0215852B-9ACB-4F63-ACED-094A23E730CB}.Debug32|x86.ActiveCfg = Debug32|x86
		{0215852B-9ACB-4F63-ACED-094A23E730CB}.Debug32|x86.Build.0 = Debug32|x86
		{0215852B-9ACB-4F63-ACED-094A23E730CB}.Release|Any CPU.ActiveCfg = Release|Any CPU
		{0215852B-9ACB-4F63-ACED-094A23E730CB}.Release|Any CPU.Build.0 = Release|Any CPU
		{0215852B-9ACB-4F63-ACED-094A23E730CB}.Release|Mixed Platforms.ActiveCfg = Release|x86
		{0215852B-9ACB-4F63-ACED-094A23E730CB}.Release|Mixed Platforms.Build.0 = Release|x86
		{0215852B-9ACB-4F63-ACED-094A23E730CB}.Release|x64.ActiveCfg = Release|x64
		{0215852B-9ACB-4F63-ACED-094A23E730CB}.Release|x64.Build.0 = Release|x64
		{0215852B-9ACB-4F63-ACED-094A23E730CB}.Release|x86.ActiveCfg = Release|x86
		{0215852B-9ACB-4F63-ACED-094A23E730CB}.Release|x86.Build.0 = Release|x86
		{0215852B-9ACB-4F63-ACED-094A23E730CB}.ReleaseX64|Any CPU.ActiveCfg = ReleaseX64|Any CPU
		{0215852B-9ACB-4F63-ACED-094A23E730CB}.ReleaseX64|Any CPU.Build.0 = ReleaseX64|Any CPU
		{0215852B-9ACB-4F63-ACED-094A23E730CB}.ReleaseX64|Mixed Platforms.ActiveCfg = ReleaseX64|x86
		{0215852B-9ACB-4F63-ACED-094A23E730CB}.ReleaseX64|Mixed Platforms.Build.0 = ReleaseX64|x86
		{0215852B-9ACB-4F63-ACED-094A23E730CB}.ReleaseX64|x64.ActiveCfg = ReleaseX64|x64
		{0215852B-9ACB-4F63-ACED-094A23E730CB}.ReleaseX64|x64.Build.0 = ReleaseX64|x64
		{0215852B-9ACB-4F63-ACED-094A23E730CB}.ReleaseX64|x86.ActiveCfg = ReleaseX64|x86
		{0215852B-9ACB-4F63-ACED-094A23E730CB}.ReleaseX64|x86.Build.0 = ReleaseX64|x86
		{EBC57698-F6D4-4786-81FA-61751FE14A46}.Debug|Any CPU.ActiveCfg = Debug|Any CPU
		{EBC57698-F6D4-4786-81FA-61751FE14A46}.Debug|Any CPU.Build.0 = Debug|Any CPU
		{EBC57698-F6D4-4786-81FA-61751FE14A46}.Debug|Mixed Platforms.ActiveCfg = Debug|x86
		{EBC57698-F6D4-4786-81FA-61751FE14A46}.Debug|Mixed Platforms.Build.0 = Debug|x86
		{EBC57698-F6D4-4786-81FA-61751FE14A46}.Debug|x64.ActiveCfg = Debug|x64
		{EBC57698-F6D4-4786-81FA-61751FE14A46}.Debug|x64.Build.0 = Debug|x64
		{EBC57698-F6D4-4786-81FA-61751FE14A46}.Debug|x86.ActiveCfg = Debug|x86
		{EBC57698-F6D4-4786-81FA-61751FE14A46}.Debug|x86.Build.0 = Debug|x86
		{EBC57698-F6D4-4786-81FA-61751FE14A46}.Debug32|Any CPU.ActiveCfg = Debug32|Any CPU
		{EBC57698-F6D4-4786-81FA-61751FE14A46}.Debug32|Any CPU.Build.0 = Debug32|Any CPU
		{EBC57698-F6D4-4786-81FA-61751FE14A46}.Debug32|Mixed Platforms.ActiveCfg = Debug32|x86
		{EBC57698-F6D4-4786-81FA-61751FE14A46}.Debug32|Mixed Platforms.Build.0 = Debug32|x86
		{EBC57698-F6D4-4786-81FA-61751FE14A46}.Debug32|x64.ActiveCfg = Debug32|x64
		{EBC57698-F6D4-4786-81FA-61751FE14A46}.Debug32|x64.Build.0 = Debug32|x64
		{EBC57698-F6D4-4786-81FA-61751FE14A46}.Debug32|x86.ActiveCfg = Debug32|x86
		{EBC57698-F6D4-4786-81FA-61751FE14A46}.Debug32|x86.Build.0 = Debug32|x86
		{EBC57698-F6D4-4786-81FA-61751FE14A46}.Release|Any CPU.ActiveCfg = Release|Any CPU
		{EBC57698-F6D4-4786-81FA-61751FE14A46}.Release|Any CPU.Build.0 = Release|Any CPU
		{EBC57698-F6D4-4786-81FA-61751FE14A46}.Release|Mixed Platforms.ActiveCfg = Release|x86
		{EBC57698-F6D4-4786-81FA-61751FE14A46}.Release|Mixed Platforms.Build.0 = Release|x86
		{EBC57698-F6D4-4786-81FA-61751FE14A46}.Release|x64.ActiveCfg = Release|x64
		{EBC57698-F6D4-4786-81FA-61751FE14A46}.Release|x64.Build.0 = Release|x64
		{EBC57698-F6D4-4786-81FA-61751FE14A46}.Release|x86.ActiveCfg = Release|x86
		{EBC57698-F6D4-4786-81FA-61751FE14A46}.Release|x86.Build.0 = Release|x86
		{EBC57698-F6D4-4786-81FA-61751FE14A46}.ReleaseX64|Any CPU.ActiveCfg = ReleaseX64|Any CPU
		{EBC57698-F6D4-4786-81FA-61751FE14A46}.ReleaseX64|Any CPU.Build.0 = ReleaseX64|Any CPU
		{EBC57698-F6D4-4786-81FA-61751FE14A46}.ReleaseX64|Mixed Platforms.ActiveCfg = ReleaseX64|x86
		{EBC57698-F6D4-4786-81FA-61751FE14A46}.ReleaseX64|Mixed Platforms.Build.0 = ReleaseX64|x86
		{EBC57698-F6D4-4786-81FA-61751FE14A46}.ReleaseX64|x64.ActiveCfg = ReleaseX64|x64
		{EBC57698-F6D4-4786-81FA-61751FE14A46}.ReleaseX64|x64.Build.0 = ReleaseX64|x64
		{EBC57698-F6D4-4786-81FA-61751FE14A46}.ReleaseX64|x86.ActiveCfg = ReleaseX64|x86
		{EBC57698-F6D4-4786-81FA-61751FE14A46}.ReleaseX64|x86.Build.0 = ReleaseX64|x86
		{76AD2067-AAD4-45AB-A081-3057E787AFDA}.Debug|Any CPU.ActiveCfg = Debug|Any CPU
		{76AD2067-AAD4-45AB-A081-3057E787AFDA}.Debug|Any CPU.Build.0 = Debug|Any CPU
		{76AD2067-AAD4-45AB-A081-3057E787AFDA}.Debug|Mixed Platforms.ActiveCfg = Debug|x86
		{76AD2067-AAD4-45AB-A081-3057E787AFDA}.Debug|Mixed Platforms.Build.0 = Debug|x86
		{76AD2067-AAD4-45AB-A081-3057E787AFDA}.Debug|x64.ActiveCfg = Debug|x64
		{76AD2067-AAD4-45AB-A081-3057E787AFDA}.Debug|x64.Build.0 = Debug|x64
		{76AD2067-AAD4-45AB-A081-3057E787AFDA}.Debug|x86.ActiveCfg = Debug|x86
		{76AD2067-AAD4-45AB-A081-3057E787AFDA}.Debug|x86.Build.0 = Debug|x86
		{76AD2067-AAD4-45AB-A081-3057E787AFDA}.Debug32|Any CPU.ActiveCfg = Debug32|Any CPU
		{76AD2067-AAD4-45AB-A081-3057E787AFDA}.Debug32|Any CPU.Build.0 = Debug32|Any CPU
		{76AD2067-AAD4-45AB-A081-3057E787AFDA}.Debug32|Mixed Platforms.ActiveCfg = Debug32|x86
		{76AD2067-AAD4-45AB-A081-3057E787AFDA}.Debug32|Mixed Platforms.Build.0 = Debug32|x86
		{76AD2067-AAD4-45AB-A081-3057E787AFDA}.Debug32|x64.ActiveCfg = Debug32|x64
		{76AD2067-AAD4-45AB-A081-3057E787AFDA}.Debug32|x64.Build.0 = Debug32|x64
		{76AD2067-AAD4-45AB-A081-3057E787AFDA}.Debug32|x86.ActiveCfg = Debug32|x86
		{76AD2067-AAD4-45AB-A081-3057E787AFDA}.Debug32|x86.Build.0 = Debug32|x86
		{76AD2067-AAD4-45AB-A081-3057E787AFDA}.Release|Any CPU.ActiveCfg = Release|Any CPU
		{76AD2067-AAD4-45AB-A081-3057E787AFDA}.Release|Any CPU.Build.0 = Release|Any CPU
		{76AD2067-AAD4-45AB-A081-3057E787AFDA}.Release|Mixed Platforms.ActiveCfg = Release|x86
		{76AD2067-AAD4-45AB-A081-3057E787AFDA}.Release|Mixed Platforms.Build.0 = Release|x86
		{76AD2067-AAD4-45AB-A081-3057E787AFDA}.Release|x64.ActiveCfg = Release|x64
		{76AD2067-AAD4-45AB-A081-3057E787AFDA}.Release|x64.Build.0 = Release|x64
		{76AD2067-AAD4-45AB-A081-3057E787AFDA}.Release|x86.ActiveCfg = Release|x86
		{76AD2067-AAD4-45AB-A081-3057E787AFDA}.Release|x86.Build.0 = Release|x86
		{76AD2067-AAD4-45AB-A081-3057E787AFDA}.ReleaseX64|Any CPU.ActiveCfg = ReleaseX64|Any CPU
		{76AD2067-AAD4-45AB-A081-3057E787AFDA}.ReleaseX64|Any CPU.Build.0 = ReleaseX64|Any CPU
		{76AD2067-AAD4-45AB-A081-3057E787AFDA}.ReleaseX64|Mixed Platforms.ActiveCfg = ReleaseX64|x86
		{76AD2067-AAD4-45AB-A081-3057E787AFDA}.ReleaseX64|Mixed Platforms.Build.0 = ReleaseX64|x86
		{76AD2067-AAD4-45AB-A081-3057E787AFDA}.ReleaseX64|x64.ActiveCfg = ReleaseX64|x64
		{76AD2067-AAD4-45AB-A081-3057E787AFDA}.ReleaseX64|x64.Build.0 = ReleaseX64|x64
		{76AD2067-AAD4-45AB-A081-3057E787AFDA}.ReleaseX64|x86.ActiveCfg = ReleaseX64|x86
		{76AD2067-AAD4-45AB-A081-3057E787AFDA}.ReleaseX64|x86.Build.0 = ReleaseX64|x86
		{57D4421D-454B-4315-A398-39382AF0B4CF}.Debug|Any CPU.ActiveCfg = Debug|Any CPU
		{57D4421D-454B-4315-A398-39382AF0B4CF}.Debug|Any CPU.Build.0 = Debug|Any CPU
		{57D4421D-454B-4315-A398-39382AF0B4CF}.Debug|Mixed Platforms.ActiveCfg = Debug|x86
		{57D4421D-454B-4315-A398-39382AF0B4CF}.Debug|Mixed Platforms.Build.0 = Debug|x86
		{57D4421D-454B-4315-A398-39382AF0B4CF}.Debug|x64.ActiveCfg = Debug|x64
		{57D4421D-454B-4315-A398-39382AF0B4CF}.Debug|x64.Build.0 = Debug|x64
		{57D4421D-454B-4315-A398-39382AF0B4CF}.Debug|x86.ActiveCfg = Debug|x86
		{57D4421D-454B-4315-A398-39382AF0B4CF}.Debug|x86.Build.0 = Debug|x86
		{57D4421D-454B-4315-A398-39382AF0B4CF}.Debug32|Any CPU.ActiveCfg = Debug32|Any CPU
		{57D4421D-454B-4315-A398-39382AF0B4CF}.Debug32|Any CPU.Build.0 = Debug32|Any CPU
		{57D4421D-454B-4315-A398-39382AF0B4CF}.Debug32|Mixed Platforms.ActiveCfg = Debug32|x86
		{57D4421D-454B-4315-A398-39382AF0B4CF}.Debug32|Mixed Platforms.Build.0 = Debug32|x86
		{57D4421D-454B-4315-A398-39382AF0B4CF}.Debug32|x64.ActiveCfg = Debug32|x64
		{57D4421D-454B-4315-A398-39382AF0B4CF}.Debug32|x64.Build.0 = Debug32|x64
		{57D4421D-454B-4315-A398-39382AF0B4CF}.Debug32|x86.ActiveCfg = Debug32|x86
		{57D4421D-454B-4315-A398-39382AF0B4CF}.Debug32|x86.Build.0 = Debug32|x86
		{57D4421D-454B-4315-A398-39382AF0B4CF}.Release|Any CPU.ActiveCfg = Release|Any CPU
		{57D4421D-454B-4315-A398-39382AF0B4CF}.Release|Any CPU.Build.0 = Release|Any CPU
		{57D4421D-454B-4315-A398-39382AF0B4CF}.Release|Mixed Platforms.ActiveCfg = Release|x86
		{57D4421D-454B-4315-A398-39382AF0B4CF}.Release|Mixed Platforms.Build.0 = Release|x86
		{57D4421D-454B-4315-A398-39382AF0B4CF}.Release|x64.ActiveCfg = Release|x64
		{57D4421D-454B-4315-A398-39382AF0B4CF}.Release|x64.Build.0 = Release|x64
		{57D4421D-454B-4315-A398-39382AF0B4CF}.Release|x86.ActiveCfg = Release|x86
		{57D4421D-454B-4315-A398-39382AF0B4CF}.Release|x86.Build.0 = Release|x86
		{57D4421D-454B-4315-A398-39382AF0B4CF}.ReleaseX64|Any CPU.ActiveCfg = ReleaseX64|Any CPU
		{57D4421D-454B-4315-A398-39382AF0B4CF}.ReleaseX64|Any CPU.Build.0 = ReleaseX64|Any CPU
		{57D4421D-454B-4315-A398-39382AF0B4CF}.ReleaseX64|Mixed Platforms.ActiveCfg = ReleaseX64|x86
		{57D4421D-454B-4315-A398-39382AF0B4CF}.ReleaseX64|Mixed Platforms.Build.0 = ReleaseX64|x86
		{57D4421D-454B-4315-A398-39382AF0B4CF}.ReleaseX64|x64.ActiveCfg = ReleaseX64|x64
		{57D4421D-454B-4315-A398-39382AF0B4CF}.ReleaseX64|x64.Build.0 = ReleaseX64|x64
		{57D4421D-454B-4315-A398-39382AF0B4CF}.ReleaseX64|x86.ActiveCfg = ReleaseX64|x86
		{57D4421D-454B-4315-A398-39382AF0B4CF}.ReleaseX64|x86.Build.0 = ReleaseX64|x86
		{DF2A1B02-EACF-4F54-8692-ABAC9AF54D8E}.Debug|Any CPU.ActiveCfg = Debug|Any CPU
		{DF2A1B02-EACF-4F54-8692-ABAC9AF54D8E}.Debug|Any CPU.Build.0 = Debug|Any CPU
		{DF2A1B02-EACF-4F54-8692-ABAC9AF54D8E}.Debug|Mixed Platforms.ActiveCfg = Debug|x86
		{DF2A1B02-EACF-4F54-8692-ABAC9AF54D8E}.Debug|Mixed Platforms.Build.0 = Debug|x86
		{DF2A1B02-EACF-4F54-8692-ABAC9AF54D8E}.Debug|x64.ActiveCfg = Debug|Any CPU
		{DF2A1B02-EACF-4F54-8692-ABAC9AF54D8E}.Debug|x86.ActiveCfg = Debug|x86
		{DF2A1B02-EACF-4F54-8692-ABAC9AF54D8E}.Debug|x86.Build.0 = Debug|x86
		{DF2A1B02-EACF-4F54-8692-ABAC9AF54D8E}.Debug32|Any CPU.ActiveCfg = Debug32|Any CPU
		{DF2A1B02-EACF-4F54-8692-ABAC9AF54D8E}.Debug32|Any CPU.Build.0 = Debug32|Any CPU
		{DF2A1B02-EACF-4F54-8692-ABAC9AF54D8E}.Debug32|Mixed Platforms.ActiveCfg = Debug32|x86
		{DF2A1B02-EACF-4F54-8692-ABAC9AF54D8E}.Debug32|Mixed Platforms.Build.0 = Debug32|x86
		{DF2A1B02-EACF-4F54-8692-ABAC9AF54D8E}.Debug32|x64.ActiveCfg = Debug32|Any CPU
		{DF2A1B02-EACF-4F54-8692-ABAC9AF54D8E}.Debug32|x86.ActiveCfg = Debug32|x86
		{DF2A1B02-EACF-4F54-8692-ABAC9AF54D8E}.Debug32|x86.Build.0 = Debug32|x86
		{DF2A1B02-EACF-4F54-8692-ABAC9AF54D8E}.Release|Any CPU.ActiveCfg = Release|Any CPU
		{DF2A1B02-EACF-4F54-8692-ABAC9AF54D8E}.Release|Any CPU.Build.0 = Release|Any CPU
		{DF2A1B02-EACF-4F54-8692-ABAC9AF54D8E}.Release|Mixed Platforms.ActiveCfg = Release|x86
		{DF2A1B02-EACF-4F54-8692-ABAC9AF54D8E}.Release|Mixed Platforms.Build.0 = Release|x86
		{DF2A1B02-EACF-4F54-8692-ABAC9AF54D8E}.Release|x64.ActiveCfg = Release|Any CPU
		{DF2A1B02-EACF-4F54-8692-ABAC9AF54D8E}.Release|x86.ActiveCfg = Release|x86
		{DF2A1B02-EACF-4F54-8692-ABAC9AF54D8E}.Release|x86.Build.0 = Release|x86
		{DF2A1B02-EACF-4F54-8692-ABAC9AF54D8E}.ReleaseX64|Any CPU.ActiveCfg = Release|Any CPU
		{DF2A1B02-EACF-4F54-8692-ABAC9AF54D8E}.ReleaseX64|Any CPU.Build.0 = Release|Any CPU
		{DF2A1B02-EACF-4F54-8692-ABAC9AF54D8E}.ReleaseX64|Mixed Platforms.ActiveCfg = Release|x86
		{DF2A1B02-EACF-4F54-8692-ABAC9AF54D8E}.ReleaseX64|Mixed Platforms.Build.0 = Release|x86
		{DF2A1B02-EACF-4F54-8692-ABAC9AF54D8E}.ReleaseX64|x64.ActiveCfg = Release|Any CPU
		{DF2A1B02-EACF-4F54-8692-ABAC9AF54D8E}.ReleaseX64|x86.ActiveCfg = Release|x86
		{DF2A1B02-EACF-4F54-8692-ABAC9AF54D8E}.ReleaseX64|x86.Build.0 = Release|x86
		{C3F0C446-4AA4-47DE-AAD3-B8D3C9FB4578}.Debug|Any CPU.ActiveCfg = Debug|Any CPU
		{C3F0C446-4AA4-47DE-AAD3-B8D3C9FB4578}.Debug|Any CPU.Build.0 = Debug|Any CPU
		{C3F0C446-4AA4-47DE-AAD3-B8D3C9FB4578}.Debug|Mixed Platforms.ActiveCfg = Debug|x86
		{C3F0C446-4AA4-47DE-AAD3-B8D3C9FB4578}.Debug|Mixed Platforms.Build.0 = Debug|x86
		{C3F0C446-4AA4-47DE-AAD3-B8D3C9FB4578}.Debug|x64.ActiveCfg = Debug|x64
		{C3F0C446-4AA4-47DE-AAD3-B8D3C9FB4578}.Debug|x64.Build.0 = Debug|x64
		{C3F0C446-4AA4-47DE-AAD3-B8D3C9FB4578}.Debug|x86.ActiveCfg = Debug|x86
		{C3F0C446-4AA4-47DE-AAD3-B8D3C9FB4578}.Debug|x86.Build.0 = Debug|x86
		{C3F0C446-4AA4-47DE-AAD3-B8D3C9FB4578}.Debug32|Any CPU.ActiveCfg = Debug32|Any CPU
		{C3F0C446-4AA4-47DE-AAD3-B8D3C9FB4578}.Debug32|Any CPU.Build.0 = Debug32|Any CPU
		{C3F0C446-4AA4-47DE-AAD3-B8D3C9FB4578}.Debug32|Mixed Platforms.ActiveCfg = Debug32|x86
		{C3F0C446-4AA4-47DE-AAD3-B8D3C9FB4578}.Debug32|Mixed Platforms.Build.0 = Debug32|x86
		{C3F0C446-4AA4-47DE-AAD3-B8D3C9FB4578}.Debug32|x64.ActiveCfg = Debug32|x64
		{C3F0C446-4AA4-47DE-AAD3-B8D3C9FB4578}.Debug32|x64.Build.0 = Debug32|x64
		{C3F0C446-4AA4-47DE-AAD3-B8D3C9FB4578}.Debug32|x86.ActiveCfg = Debug32|x86
		{C3F0C446-4AA4-47DE-AAD3-B8D3C9FB4578}.Debug32|x86.Build.0 = Debug32|x86
		{C3F0C446-4AA4-47DE-AAD3-B8D3C9FB4578}.Release|Any CPU.ActiveCfg = Release|Any CPU
		{C3F0C446-4AA4-47DE-AAD3-B8D3C9FB4578}.Release|Any CPU.Build.0 = Release|Any CPU
		{C3F0C446-4AA4-47DE-AAD3-B8D3C9FB4578}.Release|Mixed Platforms.ActiveCfg = Release|x86
		{C3F0C446-4AA4-47DE-AAD3-B8D3C9FB4578}.Release|Mixed Platforms.Build.0 = Release|x86
		{C3F0C446-4AA4-47DE-AAD3-B8D3C9FB4578}.Release|x64.ActiveCfg = Release|x64
		{C3F0C446-4AA4-47DE-AAD3-B8D3C9FB4578}.Release|x64.Build.0 = Release|x64
		{C3F0C446-4AA4-47DE-AAD3-B8D3C9FB4578}.Release|x86.ActiveCfg = Release|x86
		{C3F0C446-4AA4-47DE-AAD3-B8D3C9FB4578}.Release|x86.Build.0 = Release|x86
		{C3F0C446-4AA4-47DE-AAD3-B8D3C9FB4578}.ReleaseX64|Any CPU.ActiveCfg = ReleaseX64|Any CPU
		{C3F0C446-4AA4-47DE-AAD3-B8D3C9FB4578}.ReleaseX64|Any CPU.Build.0 = ReleaseX64|Any CPU
		{C3F0C446-4AA4-47DE-AAD3-B8D3C9FB4578}.ReleaseX64|Mixed Platforms.ActiveCfg = ReleaseX64|x86
		{C3F0C446-4AA4-47DE-AAD3-B8D3C9FB4578}.ReleaseX64|Mixed Platforms.Build.0 = ReleaseX64|x86
		{C3F0C446-4AA4-47DE-AAD3-B8D3C9FB4578}.ReleaseX64|x64.ActiveCfg = ReleaseX64|x64
		{C3F0C446-4AA4-47DE-AAD3-B8D3C9FB4578}.ReleaseX64|x64.Build.0 = ReleaseX64|x64
		{C3F0C446-4AA4-47DE-AAD3-B8D3C9FB4578}.ReleaseX64|x86.ActiveCfg = ReleaseX64|x86
		{C3F0C446-4AA4-47DE-AAD3-B8D3C9FB4578}.ReleaseX64|x86.Build.0 = ReleaseX64|x86
		{25CFAD7E-E3B7-4F5E-AC68-582ACC94CECC}.Debug|Any CPU.ActiveCfg = Debug|Any CPU
		{25CFAD7E-E3B7-4F5E-AC68-582ACC94CECC}.Debug|Any CPU.Build.0 = Debug|Any CPU
		{25CFAD7E-E3B7-4F5E-AC68-582ACC94CECC}.Debug|Mixed Platforms.ActiveCfg = Debug|x86
		{25CFAD7E-E3B7-4F5E-AC68-582ACC94CECC}.Debug|Mixed Platforms.Build.0 = Debug|x86
		{25CFAD7E-E3B7-4F5E-AC68-582ACC94CECC}.Debug|x64.ActiveCfg = Debug|Any CPU
		{25CFAD7E-E3B7-4F5E-AC68-582ACC94CECC}.Debug|x86.ActiveCfg = Debug|x86
		{25CFAD7E-E3B7-4F5E-AC68-582ACC94CECC}.Debug|x86.Build.0 = Debug|x86
		{25CFAD7E-E3B7-4F5E-AC68-582ACC94CECC}.Debug32|Any CPU.ActiveCfg = Debug32|Any CPU
		{25CFAD7E-E3B7-4F5E-AC68-582ACC94CECC}.Debug32|Any CPU.Build.0 = Debug32|Any CPU
		{25CFAD7E-E3B7-4F5E-AC68-582ACC94CECC}.Debug32|Mixed Platforms.ActiveCfg = Debug32|x86
		{25CFAD7E-E3B7-4F5E-AC68-582ACC94CECC}.Debug32|Mixed Platforms.Build.0 = Debug32|x86
		{25CFAD7E-E3B7-4F5E-AC68-582ACC94CECC}.Debug32|x64.ActiveCfg = Debug32|Any CPU
		{25CFAD7E-E3B7-4F5E-AC68-582ACC94CECC}.Debug32|x86.ActiveCfg = Debug32|x86
		{25CFAD7E-E3B7-4F5E-AC68-582ACC94CECC}.Debug32|x86.Build.0 = Debug32|x86
		{25CFAD7E-E3B7-4F5E-AC68-582ACC94CECC}.Release|Any CPU.ActiveCfg = Release|Any CPU
		{25CFAD7E-E3B7-4F5E-AC68-582ACC94CECC}.Release|Any CPU.Build.0 = Release|Any CPU
		{25CFAD7E-E3B7-4F5E-AC68-582ACC94CECC}.Release|Mixed Platforms.ActiveCfg = Release|x86
		{25CFAD7E-E3B7-4F5E-AC68-582ACC94CECC}.Release|Mixed Platforms.Build.0 = Release|x86
		{25CFAD7E-E3B7-4F5E-AC68-582ACC94CECC}.Release|x64.ActiveCfg = Release|Any CPU
		{25CFAD7E-E3B7-4F5E-AC68-582ACC94CECC}.Release|x86.ActiveCfg = Release|x86
		{25CFAD7E-E3B7-4F5E-AC68-582ACC94CECC}.Release|x86.Build.0 = Release|x86
		{25CFAD7E-E3B7-4F5E-AC68-582ACC94CECC}.ReleaseX64|Any CPU.ActiveCfg = Release|Any CPU
		{25CFAD7E-E3B7-4F5E-AC68-582ACC94CECC}.ReleaseX64|Any CPU.Build.0 = Release|Any CPU
		{25CFAD7E-E3B7-4F5E-AC68-582ACC94CECC}.ReleaseX64|Mixed Platforms.ActiveCfg = Release|x86
		{25CFAD7E-E3B7-4F5E-AC68-582ACC94CECC}.ReleaseX64|Mixed Platforms.Build.0 = Release|x86
		{25CFAD7E-E3B7-4F5E-AC68-582ACC94CECC}.ReleaseX64|x64.ActiveCfg = Release|Any CPU
		{25CFAD7E-E3B7-4F5E-AC68-582ACC94CECC}.ReleaseX64|x86.ActiveCfg = Release|x86
		{25CFAD7E-E3B7-4F5E-AC68-582ACC94CECC}.ReleaseX64|x86.Build.0 = Release|x86
		{90A4958F-D59D-4CFD-AEDA-15F8CD07FEAB}.Debug|Any CPU.ActiveCfg = Debug|Any CPU
		{90A4958F-D59D-4CFD-AEDA-15F8CD07FEAB}.Debug|Any CPU.Build.0 = Debug|Any CPU
		{90A4958F-D59D-4CFD-AEDA-15F8CD07FEAB}.Debug|Mixed Platforms.ActiveCfg = Debug|x86
		{90A4958F-D59D-4CFD-AEDA-15F8CD07FEAB}.Debug|Mixed Platforms.Build.0 = Debug|x86
		{90A4958F-D59D-4CFD-AEDA-15F8CD07FEAB}.Debug|x64.ActiveCfg = Debug|Any CPU
		{90A4958F-D59D-4CFD-AEDA-15F8CD07FEAB}.Debug|x86.ActiveCfg = Debug|x86
		{90A4958F-D59D-4CFD-AEDA-15F8CD07FEAB}.Debug|x86.Build.0 = Debug|x86
		{90A4958F-D59D-4CFD-AEDA-15F8CD07FEAB}.Debug32|Any CPU.ActiveCfg = Debug32|Any CPU
		{90A4958F-D59D-4CFD-AEDA-15F8CD07FEAB}.Debug32|Any CPU.Build.0 = Debug32|Any CPU
		{90A4958F-D59D-4CFD-AEDA-15F8CD07FEAB}.Debug32|Mixed Platforms.ActiveCfg = Debug32|x86
		{90A4958F-D59D-4CFD-AEDA-15F8CD07FEAB}.Debug32|Mixed Platforms.Build.0 = Debug32|x86
		{90A4958F-D59D-4CFD-AEDA-15F8CD07FEAB}.Debug32|x64.ActiveCfg = Debug32|Any CPU
		{90A4958F-D59D-4CFD-AEDA-15F8CD07FEAB}.Debug32|x86.ActiveCfg = Debug32|x86
		{90A4958F-D59D-4CFD-AEDA-15F8CD07FEAB}.Debug32|x86.Build.0 = Debug32|x86
		{90A4958F-D59D-4CFD-AEDA-15F8CD07FEAB}.Release|Any CPU.ActiveCfg = Release|Any CPU
		{90A4958F-D59D-4CFD-AEDA-15F8CD07FEAB}.Release|Any CPU.Build.0 = Release|Any CPU
		{90A4958F-D59D-4CFD-AEDA-15F8CD07FEAB}.Release|Mixed Platforms.ActiveCfg = Release|x86
		{90A4958F-D59D-4CFD-AEDA-15F8CD07FEAB}.Release|Mixed Platforms.Build.0 = Release|x86
		{90A4958F-D59D-4CFD-AEDA-15F8CD07FEAB}.Release|x64.ActiveCfg = Release|Any CPU
		{90A4958F-D59D-4CFD-AEDA-15F8CD07FEAB}.Release|x86.ActiveCfg = Release|x86
		{90A4958F-D59D-4CFD-AEDA-15F8CD07FEAB}.Release|x86.Build.0 = Release|x86
		{90A4958F-D59D-4CFD-AEDA-15F8CD07FEAB}.ReleaseX64|Any CPU.ActiveCfg = Release|Any CPU
		{90A4958F-D59D-4CFD-AEDA-15F8CD07FEAB}.ReleaseX64|Any CPU.Build.0 = Release|Any CPU
		{90A4958F-D59D-4CFD-AEDA-15F8CD07FEAB}.ReleaseX64|Mixed Platforms.ActiveCfg = Release|x86
		{90A4958F-D59D-4CFD-AEDA-15F8CD07FEAB}.ReleaseX64|Mixed Platforms.Build.0 = Release|x86
		{90A4958F-D59D-4CFD-AEDA-15F8CD07FEAB}.ReleaseX64|x64.ActiveCfg = Release|Any CPU
		{90A4958F-D59D-4CFD-AEDA-15F8CD07FEAB}.ReleaseX64|x86.ActiveCfg = Release|x86
		{90A4958F-D59D-4CFD-AEDA-15F8CD07FEAB}.ReleaseX64|x86.Build.0 = Release|x86
		{A26FB953-8161-4B40-B009-66CF392F52D1}.Debug|Any CPU.ActiveCfg = Debug|Any CPU
		{A26FB953-8161-4B40-B009-66CF392F52D1}.Debug|Any CPU.Build.0 = Debug|Any CPU
		{A26FB953-8161-4B40-B009-66CF392F52D1}.Debug|Mixed Platforms.ActiveCfg = Debug|x86
		{A26FB953-8161-4B40-B009-66CF392F52D1}.Debug|Mixed Platforms.Build.0 = Debug|x86
		{A26FB953-8161-4B40-B009-66CF392F52D1}.Debug|x64.ActiveCfg = Debug|Any CPU
		{A26FB953-8161-4B40-B009-66CF392F52D1}.Debug|x86.ActiveCfg = Debug|x86
		{A26FB953-8161-4B40-B009-66CF392F52D1}.Debug|x86.Build.0 = Debug|x86
		{A26FB953-8161-4B40-B009-66CF392F52D1}.Debug32|Any CPU.ActiveCfg = Debug32|Any CPU
		{A26FB953-8161-4B40-B009-66CF392F52D1}.Debug32|Any CPU.Build.0 = Debug32|Any CPU
		{A26FB953-8161-4B40-B009-66CF392F52D1}.Debug32|Mixed Platforms.ActiveCfg = Debug32|x86
		{A26FB953-8161-4B40-B009-66CF392F52D1}.Debug32|Mixed Platforms.Build.0 = Debug32|x86
		{A26FB953-8161-4B40-B009-66CF392F52D1}.Debug32|x64.ActiveCfg = Debug32|Any CPU
		{A26FB953-8161-4B40-B009-66CF392F52D1}.Debug32|x86.ActiveCfg = Debug32|x86
		{A26FB953-8161-4B40-B009-66CF392F52D1}.Debug32|x86.Build.0 = Debug32|x86
		{A26FB953-8161-4B40-B009-66CF392F52D1}.Release|Any CPU.ActiveCfg = Release|Any CPU
		{A26FB953-8161-4B40-B009-66CF392F52D1}.Release|Any CPU.Build.0 = Release|Any CPU
		{A26FB953-8161-4B40-B009-66CF392F52D1}.Release|Mixed Platforms.ActiveCfg = Release|x86
		{A26FB953-8161-4B40-B009-66CF392F52D1}.Release|Mixed Platforms.Build.0 = Release|x86
		{A26FB953-8161-4B40-B009-66CF392F52D1}.Release|x64.ActiveCfg = Release|Any CPU
		{A26FB953-8161-4B40-B009-66CF392F52D1}.Release|x86.ActiveCfg = Release|x86
		{A26FB953-8161-4B40-B009-66CF392F52D1}.Release|x86.Build.0 = Release|x86
		{A26FB953-8161-4B40-B009-66CF392F52D1}.ReleaseX64|Any CPU.ActiveCfg = Release|Any CPU
		{A26FB953-8161-4B40-B009-66CF392F52D1}.ReleaseX64|Any CPU.Build.0 = Release|Any CPU
		{A26FB953-8161-4B40-B009-66CF392F52D1}.ReleaseX64|Mixed Platforms.ActiveCfg = Release|x86
		{A26FB953-8161-4B40-B009-66CF392F52D1}.ReleaseX64|Mixed Platforms.Build.0 = Release|x86
		{A26FB953-8161-4B40-B009-66CF392F52D1}.ReleaseX64|x64.ActiveCfg = Release|Any CPU
		{A26FB953-8161-4B40-B009-66CF392F52D1}.ReleaseX64|x86.ActiveCfg = Release|x86
		{A26FB953-8161-4B40-B009-66CF392F52D1}.ReleaseX64|x86.Build.0 = Release|x86
		{B111BF5D-905A-4AC0-B679-03C2CC387AC7}.Debug|Any CPU.ActiveCfg = Debug|Any CPU
		{B111BF5D-905A-4AC0-B679-03C2CC387AC7}.Debug|Any CPU.Build.0 = Debug|Any CPU
		{B111BF5D-905A-4AC0-B679-03C2CC387AC7}.Debug|Mixed Platforms.ActiveCfg = Debug|Any CPU
		{B111BF5D-905A-4AC0-B679-03C2CC387AC7}.Debug|Mixed Platforms.Build.0 = Debug|Any CPU
		{B111BF5D-905A-4AC0-B679-03C2CC387AC7}.Debug|x64.ActiveCfg = Debug|Any CPU
		{B111BF5D-905A-4AC0-B679-03C2CC387AC7}.Debug|x86.ActiveCfg = Debug|Any CPU
		{B111BF5D-905A-4AC0-B679-03C2CC387AC7}.Debug32|Any CPU.ActiveCfg = Debug|Any CPU
		{B111BF5D-905A-4AC0-B679-03C2CC387AC7}.Debug32|Any CPU.Build.0 = Debug|Any CPU
		{B111BF5D-905A-4AC0-B679-03C2CC387AC7}.Debug32|Mixed Platforms.ActiveCfg = Debug|Any CPU
		{B111BF5D-905A-4AC0-B679-03C2CC387AC7}.Debug32|Mixed Platforms.Build.0 = Debug|Any CPU
		{B111BF5D-905A-4AC0-B679-03C2CC387AC7}.Debug32|x64.ActiveCfg = Debug|Any CPU
		{B111BF5D-905A-4AC0-B679-03C2CC387AC7}.Debug32|x86.ActiveCfg = Debug|Any CPU
		{B111BF5D-905A-4AC0-B679-03C2CC387AC7}.Release|Any CPU.ActiveCfg = Release|Any CPU
		{B111BF5D-905A-4AC0-B679-03C2CC387AC7}.Release|Any CPU.Build.0 = Release|Any CPU
		{B111BF5D-905A-4AC0-B679-03C2CC387AC7}.Release|Mixed Platforms.ActiveCfg = Release|Any CPU
		{B111BF5D-905A-4AC0-B679-03C2CC387AC7}.Release|Mixed Platforms.Build.0 = Release|Any CPU
		{B111BF5D-905A-4AC0-B679-03C2CC387AC7}.Release|x64.ActiveCfg = Release|Any CPU
		{B111BF5D-905A-4AC0-B679-03C2CC387AC7}.Release|x86.ActiveCfg = Release|Any CPU
		{B111BF5D-905A-4AC0-B679-03C2CC387AC7}.ReleaseX64|Any CPU.ActiveCfg = Release|Any CPU
		{B111BF5D-905A-4AC0-B679-03C2CC387AC7}.ReleaseX64|Any CPU.Build.0 = Release|Any CPU
		{B111BF5D-905A-4AC0-B679-03C2CC387AC7}.ReleaseX64|Mixed Platforms.ActiveCfg = Release|Any CPU
		{B111BF5D-905A-4AC0-B679-03C2CC387AC7}.ReleaseX64|Mixed Platforms.Build.0 = Release|Any CPU
		{B111BF5D-905A-4AC0-B679-03C2CC387AC7}.ReleaseX64|x64.ActiveCfg = Release|Any CPU
		{B111BF5D-905A-4AC0-B679-03C2CC387AC7}.ReleaseX64|x86.ActiveCfg = Release|Any CPU
		{DF7D6401-1959-405F-8F35-65FD8AD320B7}.Debug|Any CPU.ActiveCfg = Debug|Any CPU
		{DF7D6401-1959-405F-8F35-65FD8AD320B7}.Debug|Any CPU.Build.0 = Debug|Any CPU
		{DF7D6401-1959-405F-8F35-65FD8AD320B7}.Debug|Mixed Platforms.ActiveCfg = Debug|Any CPU
		{DF7D6401-1959-405F-8F35-65FD8AD320B7}.Debug|Mixed Platforms.Build.0 = Debug|Any CPU
		{DF7D6401-1959-405F-8F35-65FD8AD320B7}.Debug|x64.ActiveCfg = Debug|Any CPU
		{DF7D6401-1959-405F-8F35-65FD8AD320B7}.Debug|x86.ActiveCfg = Debug|Any CPU
		{DF7D6401-1959-405F-8F35-65FD8AD320B7}.Debug32|Any CPU.ActiveCfg = Debug|Any CPU
		{DF7D6401-1959-405F-8F35-65FD8AD320B7}.Debug32|Any CPU.Build.0 = Debug|Any CPU
		{DF7D6401-1959-405F-8F35-65FD8AD320B7}.Debug32|Mixed Platforms.ActiveCfg = Debug|Any CPU
		{DF7D6401-1959-405F-8F35-65FD8AD320B7}.Debug32|Mixed Platforms.Build.0 = Debug|Any CPU
		{DF7D6401-1959-405F-8F35-65FD8AD320B7}.Debug32|x64.ActiveCfg = Debug|Any CPU
		{DF7D6401-1959-405F-8F35-65FD8AD320B7}.Debug32|x86.ActiveCfg = Debug|Any CPU
		{DF7D6401-1959-405F-8F35-65FD8AD320B7}.Release|Any CPU.ActiveCfg = Release|Any CPU
		{DF7D6401-1959-405F-8F35-65FD8AD320B7}.Release|Any CPU.Build.0 = Release|Any CPU
		{DF7D6401-1959-405F-8F35-65FD8AD320B7}.Release|Mixed Platforms.ActiveCfg = Release|Any CPU
		{DF7D6401-1959-405F-8F35-65FD8AD320B7}.Release|Mixed Platforms.Build.0 = Release|Any CPU
		{DF7D6401-1959-405F-8F35-65FD8AD320B7}.Release|x64.ActiveCfg = Release|Any CPU
		{DF7D6401-1959-405F-8F35-65FD8AD320B7}.Release|x86.ActiveCfg = Release|Any CPU
		{DF7D6401-1959-405F-8F35-65FD8AD320B7}.ReleaseX64|Any CPU.ActiveCfg = Release|Any CPU
		{DF7D6401-1959-405F-8F35-65FD8AD320B7}.ReleaseX64|Any CPU.Build.0 = Release|Any CPU
		{DF7D6401-1959-405F-8F35-65FD8AD320B7}.ReleaseX64|Mixed Platforms.ActiveCfg = Release|Any CPU
		{DF7D6401-1959-405F-8F35-65FD8AD320B7}.ReleaseX64|Mixed Platforms.Build.0 = Release|Any CPU
		{DF7D6401-1959-405F-8F35-65FD8AD320B7}.ReleaseX64|x64.ActiveCfg = Release|Any CPU
		{DF7D6401-1959-405F-8F35-65FD8AD320B7}.ReleaseX64|x86.ActiveCfg = Release|Any CPU
		{EE1AB3F4-2A82-4C21-9077-9846163DC2B7}.Debug|Any CPU.ActiveCfg = Debug|Any CPU
		{EE1AB3F4-2A82-4C21-9077-9846163DC2B7}.Debug|Any CPU.Build.0 = Debug|Any CPU
		{EE1AB3F4-2A82-4C21-9077-9846163DC2B7}.Debug|Mixed Platforms.ActiveCfg = Debug|Any CPU
		{EE1AB3F4-2A82-4C21-9077-9846163DC2B7}.Debug|Mixed Platforms.Build.0 = Debug|Any CPU
		{EE1AB3F4-2A82-4C21-9077-9846163DC2B7}.Debug|x64.ActiveCfg = Debug|Any CPU
		{EE1AB3F4-2A82-4C21-9077-9846163DC2B7}.Debug|x86.ActiveCfg = Debug|Any CPU
		{EE1AB3F4-2A82-4C21-9077-9846163DC2B7}.Debug32|Any CPU.ActiveCfg = Debug|Any CPU
		{EE1AB3F4-2A82-4C21-9077-9846163DC2B7}.Debug32|Any CPU.Build.0 = Debug|Any CPU
		{EE1AB3F4-2A82-4C21-9077-9846163DC2B7}.Debug32|Mixed Platforms.ActiveCfg = Debug|Any CPU
		{EE1AB3F4-2A82-4C21-9077-9846163DC2B7}.Debug32|Mixed Platforms.Build.0 = Debug|Any CPU
		{EE1AB3F4-2A82-4C21-9077-9846163DC2B7}.Debug32|x64.ActiveCfg = Debug|Any CPU
		{EE1AB3F4-2A82-4C21-9077-9846163DC2B7}.Debug32|x86.ActiveCfg = Debug|Any CPU
		{EE1AB3F4-2A82-4C21-9077-9846163DC2B7}.Release|Any CPU.ActiveCfg = Release|Any CPU
		{EE1AB3F4-2A82-4C21-9077-9846163DC2B7}.Release|Any CPU.Build.0 = Release|Any CPU
		{EE1AB3F4-2A82-4C21-9077-9846163DC2B7}.Release|Mixed Platforms.ActiveCfg = Release|Any CPU
		{EE1AB3F4-2A82-4C21-9077-9846163DC2B7}.Release|Mixed Platforms.Build.0 = Release|Any CPU
		{EE1AB3F4-2A82-4C21-9077-9846163DC2B7}.Release|x64.ActiveCfg = Release|Any CPU
		{EE1AB3F4-2A82-4C21-9077-9846163DC2B7}.Release|x86.ActiveCfg = Release|Any CPU
		{EE1AB3F4-2A82-4C21-9077-9846163DC2B7}.ReleaseX64|Any CPU.ActiveCfg = Release|Any CPU
		{EE1AB3F4-2A82-4C21-9077-9846163DC2B7}.ReleaseX64|Any CPU.Build.0 = Release|Any CPU
		{EE1AB3F4-2A82-4C21-9077-9846163DC2B7}.ReleaseX64|Mixed Platforms.ActiveCfg = Release|Any CPU
		{EE1AB3F4-2A82-4C21-9077-9846163DC2B7}.ReleaseX64|Mixed Platforms.Build.0 = Release|Any CPU
		{EE1AB3F4-2A82-4C21-9077-9846163DC2B7}.ReleaseX64|x64.ActiveCfg = Release|Any CPU
		{EE1AB3F4-2A82-4C21-9077-9846163DC2B7}.ReleaseX64|x86.ActiveCfg = Release|Any CPU
		{A62AB280-42D0-4639-8391-4BFA73269625}.Debug|Any CPU.ActiveCfg = Debug|Any CPU
		{A62AB280-42D0-4639-8391-4BFA73269625}.Debug|Any CPU.Build.0 = Debug|Any CPU
		{A62AB280-42D0-4639-8391-4BFA73269625}.Debug|Mixed Platforms.ActiveCfg = Debug|Any CPU
		{A62AB280-42D0-4639-8391-4BFA73269625}.Debug|Mixed Platforms.Build.0 = Debug|Any CPU
		{A62AB280-42D0-4639-8391-4BFA73269625}.Debug|x64.ActiveCfg = Debug|Any CPU
		{A62AB280-42D0-4639-8391-4BFA73269625}.Debug|x86.ActiveCfg = Debug|Any CPU
		{A62AB280-42D0-4639-8391-4BFA73269625}.Debug32|Any CPU.ActiveCfg = Debug|Any CPU
		{A62AB280-42D0-4639-8391-4BFA73269625}.Debug32|Any CPU.Build.0 = Debug|Any CPU
		{A62AB280-42D0-4639-8391-4BFA73269625}.Debug32|Mixed Platforms.ActiveCfg = Debug|Any CPU
		{A62AB280-42D0-4639-8391-4BFA73269625}.Debug32|Mixed Platforms.Build.0 = Debug|Any CPU
		{A62AB280-42D0-4639-8391-4BFA73269625}.Debug32|x64.ActiveCfg = Debug|Any CPU
		{A62AB280-42D0-4639-8391-4BFA73269625}.Debug32|x86.ActiveCfg = Debug|Any CPU
		{A62AB280-42D0-4639-8391-4BFA73269625}.Release|Any CPU.ActiveCfg = Release|Any CPU
		{A62AB280-42D0-4639-8391-4BFA73269625}.Release|Any CPU.Build.0 = Release|Any CPU
		{A62AB280-42D0-4639-8391-4BFA73269625}.Release|Mixed Platforms.ActiveCfg = Release|Any CPU
		{A62AB280-42D0-4639-8391-4BFA73269625}.Release|Mixed Platforms.Build.0 = Release|Any CPU
		{A62AB280-42D0-4639-8391-4BFA73269625}.Release|x64.ActiveCfg = Release|Any CPU
		{A62AB280-42D0-4639-8391-4BFA73269625}.Release|x86.ActiveCfg = Release|Any CPU
		{A62AB280-42D0-4639-8391-4BFA73269625}.ReleaseX64|Any CPU.ActiveCfg = Release|Any CPU
		{A62AB280-42D0-4639-8391-4BFA73269625}.ReleaseX64|Any CPU.Build.0 = Release|Any CPU
		{A62AB280-42D0-4639-8391-4BFA73269625}.ReleaseX64|Mixed Platforms.ActiveCfg = Release|Any CPU
		{A62AB280-42D0-4639-8391-4BFA73269625}.ReleaseX64|Mixed Platforms.Build.0 = Release|Any CPU
		{A62AB280-42D0-4639-8391-4BFA73269625}.ReleaseX64|x64.ActiveCfg = Release|Any CPU
		{A62AB280-42D0-4639-8391-4BFA73269625}.ReleaseX64|x86.ActiveCfg = Release|Any CPU
		{A30CC08E-0066-4A49-ADAD-E7BBB23E0155}.Debug|Any CPU.ActiveCfg = Debug|Any CPU
		{A30CC08E-0066-4A49-ADAD-E7BBB23E0155}.Debug|Any CPU.Build.0 = Debug|Any CPU
		{A30CC08E-0066-4A49-ADAD-E7BBB23E0155}.Debug|Mixed Platforms.ActiveCfg = Debug|Any CPU
		{A30CC08E-0066-4A49-ADAD-E7BBB23E0155}.Debug|Mixed Platforms.Build.0 = Debug|Any CPU
		{A30CC08E-0066-4A49-ADAD-E7BBB23E0155}.Debug|x64.ActiveCfg = Debug|Any CPU
		{A30CC08E-0066-4A49-ADAD-E7BBB23E0155}.Debug|x64.Build.0 = Debug|Any CPU
		{A30CC08E-0066-4A49-ADAD-E7BBB23E0155}.Debug|x86.ActiveCfg = Debug|Any CPU
		{A30CC08E-0066-4A49-ADAD-E7BBB23E0155}.Debug|x86.Build.0 = Debug|Any CPU
		{A30CC08E-0066-4A49-ADAD-E7BBB23E0155}.Debug32|Any CPU.ActiveCfg = Debug|Any CPU
		{A30CC08E-0066-4A49-ADAD-E7BBB23E0155}.Debug32|Any CPU.Build.0 = Debug|Any CPU
		{A30CC08E-0066-4A49-ADAD-E7BBB23E0155}.Debug32|Mixed Platforms.ActiveCfg = Debug|Any CPU
		{A30CC08E-0066-4A49-ADAD-E7BBB23E0155}.Debug32|Mixed Platforms.Build.0 = Debug|Any CPU
		{A30CC08E-0066-4A49-ADAD-E7BBB23E0155}.Debug32|x64.ActiveCfg = Debug|Any CPU
		{A30CC08E-0066-4A49-ADAD-E7BBB23E0155}.Debug32|x64.Build.0 = Debug|Any CPU
		{A30CC08E-0066-4A49-ADAD-E7BBB23E0155}.Debug32|x86.ActiveCfg = Debug|Any CPU
		{A30CC08E-0066-4A49-ADAD-E7BBB23E0155}.Debug32|x86.Build.0 = Debug|Any CPU
		{A30CC08E-0066-4A49-ADAD-E7BBB23E0155}.Release|Any CPU.ActiveCfg = Release|Any CPU
		{A30CC08E-0066-4A49-ADAD-E7BBB23E0155}.Release|Any CPU.Build.0 = Release|Any CPU
		{A30CC08E-0066-4A49-ADAD-E7BBB23E0155}.Release|Mixed Platforms.ActiveCfg = Release|Any CPU
		{A30CC08E-0066-4A49-ADAD-E7BBB23E0155}.Release|Mixed Platforms.Build.0 = Release|Any CPU
		{A30CC08E-0066-4A49-ADAD-E7BBB23E0155}.Release|x64.ActiveCfg = Release|Any CPU
		{A30CC08E-0066-4A49-ADAD-E7BBB23E0155}.Release|x64.Build.0 = Release|Any CPU
		{A30CC08E-0066-4A49-ADAD-E7BBB23E0155}.Release|x86.ActiveCfg = Release|Any CPU
		{A30CC08E-0066-4A49-ADAD-E7BBB23E0155}.Release|x86.Build.0 = Release|Any CPU
		{A30CC08E-0066-4A49-ADAD-E7BBB23E0155}.ReleaseX64|Any CPU.ActiveCfg = Release|Any CPU
		{A30CC08E-0066-4A49-ADAD-E7BBB23E0155}.ReleaseX64|Any CPU.Build.0 = Release|Any CPU
		{A30CC08E-0066-4A49-ADAD-E7BBB23E0155}.ReleaseX64|Mixed Platforms.ActiveCfg = Release|Any CPU
		{A30CC08E-0066-4A49-ADAD-E7BBB23E0155}.ReleaseX64|Mixed Platforms.Build.0 = Release|Any CPU
		{A30CC08E-0066-4A49-ADAD-E7BBB23E0155}.ReleaseX64|x64.ActiveCfg = Release|Any CPU
		{A30CC08E-0066-4A49-ADAD-E7BBB23E0155}.ReleaseX64|x64.Build.0 = Release|Any CPU
		{A30CC08E-0066-4A49-ADAD-E7BBB23E0155}.ReleaseX64|x86.ActiveCfg = Release|Any CPU
		{A30CC08E-0066-4A49-ADAD-E7BBB23E0155}.ReleaseX64|x86.Build.0 = Release|Any CPU
		{483D9C7D-108E-4AEC-9DA2-20E57ABE217F}.Debug|Any CPU.ActiveCfg = Debug|Any CPU
		{483D9C7D-108E-4AEC-9DA2-20E57ABE217F}.Debug|Any CPU.Build.0 = Debug|Any CPU
		{483D9C7D-108E-4AEC-9DA2-20E57ABE217F}.Debug|Mixed Platforms.ActiveCfg = Debug|Any CPU
		{483D9C7D-108E-4AEC-9DA2-20E57ABE217F}.Debug|Mixed Platforms.Build.0 = Debug|Any CPU
		{483D9C7D-108E-4AEC-9DA2-20E57ABE217F}.Debug|x64.ActiveCfg = Debug|Any CPU
		{483D9C7D-108E-4AEC-9DA2-20E57ABE217F}.Debug|x86.ActiveCfg = Debug|Any CPU
		{483D9C7D-108E-4AEC-9DA2-20E57ABE217F}.Debug32|Any CPU.ActiveCfg = Debug|Any CPU
		{483D9C7D-108E-4AEC-9DA2-20E57ABE217F}.Debug32|Any CPU.Build.0 = Debug|Any CPU
		{483D9C7D-108E-4AEC-9DA2-20E57ABE217F}.Debug32|Mixed Platforms.ActiveCfg = Debug|Any CPU
		{483D9C7D-108E-4AEC-9DA2-20E57ABE217F}.Debug32|Mixed Platforms.Build.0 = Debug|Any CPU
		{483D9C7D-108E-4AEC-9DA2-20E57ABE217F}.Debug32|x64.ActiveCfg = Debug|Any CPU
		{483D9C7D-108E-4AEC-9DA2-20E57ABE217F}.Debug32|x86.ActiveCfg = Debug|Any CPU
		{483D9C7D-108E-4AEC-9DA2-20E57ABE217F}.Release|Any CPU.ActiveCfg = Release|Any CPU
		{483D9C7D-108E-4AEC-9DA2-20E57ABE217F}.Release|Any CPU.Build.0 = Release|Any CPU
		{483D9C7D-108E-4AEC-9DA2-20E57ABE217F}.Release|Mixed Platforms.ActiveCfg = Release|Any CPU
		{483D9C7D-108E-4AEC-9DA2-20E57ABE217F}.Release|Mixed Platforms.Build.0 = Release|Any CPU
		{483D9C7D-108E-4AEC-9DA2-20E57ABE217F}.Release|x64.ActiveCfg = Release|Any CPU
		{483D9C7D-108E-4AEC-9DA2-20E57ABE217F}.Release|x86.ActiveCfg = Release|Any CPU
		{483D9C7D-108E-4AEC-9DA2-20E57ABE217F}.ReleaseX64|Any CPU.ActiveCfg = Release|Any CPU
		{483D9C7D-108E-4AEC-9DA2-20E57ABE217F}.ReleaseX64|Any CPU.Build.0 = Release|Any CPU
		{483D9C7D-108E-4AEC-9DA2-20E57ABE217F}.ReleaseX64|Mixed Platforms.ActiveCfg = Release|Any CPU
		{483D9C7D-108E-4AEC-9DA2-20E57ABE217F}.ReleaseX64|Mixed Platforms.Build.0 = Release|Any CPU
		{483D9C7D-108E-4AEC-9DA2-20E57ABE217F}.ReleaseX64|x64.ActiveCfg = Release|Any CPU
		{483D9C7D-108E-4AEC-9DA2-20E57ABE217F}.ReleaseX64|x86.ActiveCfg = Release|Any CPU
		{5388053E-2E8F-4201-A96C-77861EC058C1}.Debug|Any CPU.ActiveCfg = Debug|Any CPU
		{5388053E-2E8F-4201-A96C-77861EC058C1}.Debug|Any CPU.Build.0 = Debug|Any CPU
		{5388053E-2E8F-4201-A96C-77861EC058C1}.Debug|Mixed Platforms.ActiveCfg = Debug|x86
		{5388053E-2E8F-4201-A96C-77861EC058C1}.Debug|Mixed Platforms.Build.0 = Debug|x86
		{5388053E-2E8F-4201-A96C-77861EC058C1}.Debug|x64.ActiveCfg = Debug|x64
		{5388053E-2E8F-4201-A96C-77861EC058C1}.Debug|x64.Build.0 = Debug|x64
		{5388053E-2E8F-4201-A96C-77861EC058C1}.Debug|x86.ActiveCfg = Debug|x86
		{5388053E-2E8F-4201-A96C-77861EC058C1}.Debug|x86.Build.0 = Debug|x86
		{5388053E-2E8F-4201-A96C-77861EC058C1}.Debug32|Any CPU.ActiveCfg = Debug32|Any CPU
		{5388053E-2E8F-4201-A96C-77861EC058C1}.Debug32|Any CPU.Build.0 = Debug32|Any CPU
		{5388053E-2E8F-4201-A96C-77861EC058C1}.Debug32|Mixed Platforms.ActiveCfg = Debug32|x86
		{5388053E-2E8F-4201-A96C-77861EC058C1}.Debug32|Mixed Platforms.Build.0 = Debug32|x86
		{5388053E-2E8F-4201-A96C-77861EC058C1}.Debug32|x64.ActiveCfg = Debug32|x64
		{5388053E-2E8F-4201-A96C-77861EC058C1}.Debug32|x64.Build.0 = Debug32|x64
		{5388053E-2E8F-4201-A96C-77861EC058C1}.Debug32|x86.ActiveCfg = Debug32|x86
		{5388053E-2E8F-4201-A96C-77861EC058C1}.Debug32|x86.Build.0 = Debug32|x86
		{5388053E-2E8F-4201-A96C-77861EC058C1}.Release|Any CPU.ActiveCfg = Release|Any CPU
		{5388053E-2E8F-4201-A96C-77861EC058C1}.Release|Any CPU.Build.0 = Release|Any CPU
		{5388053E-2E8F-4201-A96C-77861EC058C1}.Release|Mixed Platforms.ActiveCfg = Release|x86
		{5388053E-2E8F-4201-A96C-77861EC058C1}.Release|Mixed Platforms.Build.0 = Release|x86
		{5388053E-2E8F-4201-A96C-77861EC058C1}.Release|x64.ActiveCfg = Release|x64
		{5388053E-2E8F-4201-A96C-77861EC058C1}.Release|x64.Build.0 = Release|x64
		{5388053E-2E8F-4201-A96C-77861EC058C1}.Release|x86.ActiveCfg = Release|x86
		{5388053E-2E8F-4201-A96C-77861EC058C1}.Release|x86.Build.0 = Release|x86
		{5388053E-2E8F-4201-A96C-77861EC058C1}.ReleaseX64|Any CPU.ActiveCfg = ReleaseX64|Any CPU
		{5388053E-2E8F-4201-A96C-77861EC058C1}.ReleaseX64|Any CPU.Build.0 = ReleaseX64|Any CPU
		{5388053E-2E8F-4201-A96C-77861EC058C1}.ReleaseX64|Mixed Platforms.ActiveCfg = ReleaseX64|x86
		{5388053E-2E8F-4201-A96C-77861EC058C1}.ReleaseX64|Mixed Platforms.Build.0 = ReleaseX64|x86
		{5388053E-2E8F-4201-A96C-77861EC058C1}.ReleaseX64|x64.ActiveCfg = ReleaseX64|x64
		{5388053E-2E8F-4201-A96C-77861EC058C1}.ReleaseX64|x64.Build.0 = ReleaseX64|x64
		{5388053E-2E8F-4201-A96C-77861EC058C1}.ReleaseX64|x86.ActiveCfg = ReleaseX64|x86
		{5388053E-2E8F-4201-A96C-77861EC058C1}.ReleaseX64|x86.Build.0 = ReleaseX64|x86
	EndGlobalSection
	GlobalSection(SolutionProperties) = preSolution
		HideSolutionNode = FALSE
	EndGlobalSection
EndGlobal
