
Microsoft Visual Studio Solution File, Format Version 12.00
# Visual Studio Express 2012 for Windows Desktop
Project("{FAE04EC0-301F-11D3-BF4B-00C04F79EFBC}") = "TransferManager3", "TransferManager2\TransferManager3.csproj", "{AAC4A7FF-52D3-4459-A8E9-35423C49D16A}"
EndProject
Project("{FAE04EC0-301F-11D3-BF4B-00C04F79EFBC}") = "A_TestForm", "A_TestForm\A_TestForm.csproj", "{729A21B9-CC7A-4C08-B027-0CA4CEE53B4B}"
EndProject
Project("{FAE04EC0-301F-11D3-BF4B-00C04F79EFBC}") = "Action Analysis Editor", "Action Analysis Editor\Action Analysis Editor.csproj", "{088D4590-092A-4867-BEAA-10A49494557C}"
EndProject
Project("{FAE04EC0-301F-11D3-BF4B-00C04F79EFBC}") = "TMRBrowser", "ApplicationForTest\TMRBrowser.csproj", "{AE2D8637-B2F9-462A-B683-27245E619209}"
EndProject
Project("{FAE04EC0-301F-11D3-BF4B-00C04F79EFBC}") = "ASI2TI", "ASI2TI\ASI2TI.csproj", "{46F55296-61F2-4BFE-B812-A5E7B7817751}"
EndProject
Project("{FAE04EC0-301F-11D3-BF4B-00C04F79EFBC}") = "BloomCalculator", "BloomCalculator\BloomCalculator.csproj", "{B0C0CF77-A485-462C-8622-E66C8E7899D3}"
EndProject
Project("{FAE04EC0-301F-11D3-BF4B-00C04F79EFBC}") = "ColorSlider", "ColorSlider\ColorSlider.csproj", "{16E224DC-7FF0-4908-8318-D6A3AC2E797A}"
EndProject
Project("{FAE04EC0-301F-11D3-BF4B-00C04F79EFBC}") = "Common", "Common\Common.csproj", "{DFEE4C9B-F9FC-4186-945F-27518E4FCEB7}"
EndProject
Project("{FAE04EC0-301F-11D3-BF4B-00C04F79EFBC}") = "DataGridViewCustomColumns", "DataGridViewCustomColumns\DataGridViewCustomColumns.csproj", "{A61C4450-11B5-4AB8-B6C1-C07AC448FF23}"
EndProject
Project("{FAE04EC0-301F-11D3-BF4B-00C04F79EFBC}") = "DragNDrop", "DragNDrop\DragNDrop.csproj", "{83BFDBDC-6DF5-4E5C-B11F-DDAC4E633E1F}"
EndProject
Global
	GlobalSection(SolutionConfigurationPlatforms) = preSolution
		Debug|Any CPU = Debug|Any CPU
		Debug|x64 = Debug|x64
		Debug|x86 = Debug|x86
		Debug32|Any CPU = Debug32|Any CPU
		Debug32|x64 = Debug32|x64
		Debug32|x86 = Debug32|x86
		Release|Any CPU = Release|Any CPU
		Release|x64 = Release|x64
		Release|x86 = Release|x86
		ReleaseX64|Any CPU = ReleaseX64|Any CPU
		ReleaseX64|x64 = ReleaseX64|x64
		ReleaseX64|x86 = ReleaseX64|x86
	EndGlobalSection
	GlobalSection(ProjectConfigurationPlatforms) = postSolution
		{AAC4A7FF-52D3-4459-A8E9-35423C49D16A}.Debug|Any CPU.ActiveCfg = Debug|Any CPU
		{AAC4A7FF-52D3-4459-A8E9-35423C49D16A}.Debug|Any CPU.Build.0 = Debug|Any CPU
		{AAC4A7FF-52D3-4459-A8E9-35423C49D16A}.Debug|x64.ActiveCfg = Debug|x64
		{AAC4A7FF-52D3-4459-A8E9-35423C49D16A}.Debug|x64.Build.0 = Debug|x64
		{AAC4A7FF-52D3-4459-A8E9-35423C49D16A}.Debug|x86.ActiveCfg = Debug|x86
		{AAC4A7FF-52D3-4459-A8E9-35423C49D16A}.Debug|x86.Build.0 = Debug|x86
		{AAC4A7FF-52D3-4459-A8E9-35423C49D16A}.Debug32|Any CPU.ActiveCfg = Debug32|Any CPU
		{AAC4A7FF-52D3-4459-A8E9-35423C49D16A}.Debug32|Any CPU.Build.0 = Debug32|Any CPU
		{AAC4A7FF-52D3-4459-A8E9-35423C49D16A}.Debug32|x64.ActiveCfg = Debug32|x64
		{AAC4A7FF-52D3-4459-A8E9-35423C49D16A}.Debug32|x64.Build.0 = Debug32|x64
		{AAC4A7FF-52D3-4459-A8E9-35423C49D16A}.Debug32|x86.ActiveCfg = Debug32|x86
		{AAC4A7FF-52D3-4459-A8E9-35423C49D16A}.Debug32|x86.Build.0 = Debug32|x86
		{AAC4A7FF-52D3-4459-A8E9-35423C49D16A}.Release|Any CPU.ActiveCfg = Release|Any CPU
		{AAC4A7FF-52D3-4459-A8E9-35423C49D16A}.Release|Any CPU.Build.0 = Release|Any CPU
		{AAC4A7FF-52D3-4459-A8E9-35423C49D16A}.Release|x64.ActiveCfg = Release|x64
		{AAC4A7FF-52D3-4459-A8E9-35423C49D16A}.Release|x64.Build.0 = Release|x64
		{AAC4A7FF-52D3-4459-A8E9-35423C49D16A}.Release|x86.ActiveCfg = Release|x86
		{AAC4A7FF-52D3-4459-A8E9-35423C49D16A}.Release|x86.Build.0 = Release|x86
		{AAC4A7FF-52D3-4459-A8E9-35423C49D16A}.ReleaseX64|Any CPU.ActiveCfg = ReleaseX64|Any CPU
		{AAC4A7FF-52D3-4459-A8E9-35423C49D16A}.ReleaseX64|Any CPU.Build.0 = ReleaseX64|Any CPU
		{AAC4A7FF-52D3-4459-A8E9-35423C49D16A}.ReleaseX64|x64.ActiveCfg = ReleaseX64|x64
		{AAC4A7FF-52D3-4459-A8E9-35423C49D16A}.ReleaseX64|x64.Build.0 = ReleaseX64|x64
		{AAC4A7FF-52D3-4459-A8E9-35423C49D16A}.ReleaseX64|x86.ActiveCfg = ReleaseX64|x86
		{AAC4A7FF-52D3-4459-A8E9-35423C49D16A}.ReleaseX64|x86.Build.0 = ReleaseX64|x86
		{729A21B9-CC7A-4C08-B027-0CA4CEE53B4B}.Debug|Any CPU.ActiveCfg = Debug|Any CPU
		{729A21B9-CC7A-4C08-B027-0CA4CEE53B4B}.Debug|Any CPU.Build.0 = Debug|Any CPU
		{729A21B9-CC7A-4C08-B027-0CA4CEE53B4B}.Debug|x64.ActiveCfg = Debug|Any CPU
		{729A21B9-CC7A-4C08-B027-0CA4CEE53B4B}.Debug|x86.ActiveCfg = Debug|Any CPU
		{729A21B9-CC7A-4C08-B027-0CA4CEE53B4B}.Debug32|Any CPU.ActiveCfg = Debug|Any CPU
		{729A21B9-CC7A-4C08-B027-0CA4CEE53B4B}.Debug32|Any CPU.Build.0 = Debug|Any CPU
		{729A21B9-CC7A-4C08-B027-0CA4CEE53B4B}.Debug32|x64.ActiveCfg = Debug|Any CPU
		{729A21B9-CC7A-4C08-B027-0CA4CEE53B4B}.Debug32|x86.ActiveCfg = Debug|Any CPU
		{729A21B9-CC7A-4C08-B027-0CA4CEE53B4B}.Release|Any CPU.ActiveCfg = Release|Any CPU
		{729A21B9-CC7A-4C08-B027-0CA4CEE53B4B}.Release|Any CPU.Build.0 = Release|Any CPU
		{729A21B9-CC7A-4C08-B027-0CA4CEE53B4B}.Release|x64.ActiveCfg = Release|Any CPU
		{729A21B9-CC7A-4C08-B027-0CA4CEE53B4B}.Release|x86.ActiveCfg = Release|Any CPU
		{729A21B9-CC7A-4C08-B027-0CA4CEE53B4B}.ReleaseX64|Any CPU.ActiveCfg = Release|Any CPU
		{729A21B9-CC7A-4C08-B027-0CA4CEE53B4B}.ReleaseX64|Any CPU.Build.0 = Release|Any CPU
		{729A21B9-CC7A-4C08-B027-0CA4CEE53B4B}.ReleaseX64|x64.ActiveCfg = Release|Any CPU
		{729A21B9-CC7A-4C08-B027-0CA4CEE53B4B}.ReleaseX64|x86.ActiveCfg = Release|Any CPU
		{088D4590-092A-4867-BEAA-10A49494557C}.Debug|Any CPU.ActiveCfg = Debug|Any CPU
		{088D4590-092A-4867-BEAA-10A49494557C}.Debug|Any CPU.Build.0 = Debug|Any CPU
		{088D4590-092A-4867-BEAA-10A49494557C}.Debug|x64.ActiveCfg = Debug|x64
		{088D4590-092A-4867-BEAA-10A49494557C}.Debug|x64.Build.0 = Debug|x64
		{088D4590-092A-4867-BEAA-10A49494557C}.Debug|x86.ActiveCfg = Debug|Any CPU
		{088D4590-092A-4867-BEAA-10A49494557C}.Debug32|Any CPU.ActiveCfg = Debug|Any CPU
		{088D4590-092A-4867-BEAA-10A49494557C}.Debug32|Any CPU.Build.0 = Debug|Any CPU
		{088D4590-092A-4867-BEAA-10A49494557C}.Debug32|x64.ActiveCfg = Debug|x64
		{088D4590-092A-4867-BEAA-10A49494557C}.Debug32|x64.Build.0 = Debug|x64
		{088D4590-092A-4867-BEAA-10A49494557C}.Debug32|x86.ActiveCfg = Debug|Any CPU
		{088D4590-092A-4867-BEAA-10A49494557C}.Release|Any CPU.ActiveCfg = Release|Any CPU
		{088D4590-092A-4867-BEAA-10A49494557C}.Release|Any CPU.Build.0 = Release|Any CPU
		{088D4590-092A-4867-BEAA-10A49494557C}.Release|x64.ActiveCfg = Release|x64
		{088D4590-092A-4867-BEAA-10A49494557C}.Release|x64.Build.0 = Release|x64
		{088D4590-092A-4867-BEAA-10A49494557C}.Release|x86.ActiveCfg = Release|Any CPU
		{088D4590-092A-4867-BEAA-10A49494557C}.ReleaseX64|Any CPU.ActiveCfg = ReleaseX64|Any CPU
		{088D4590-092A-4867-BEAA-10A49494557C}.ReleaseX64|Any CPU.Build.0 = ReleaseX64|Any CPU
		{088D4590-092A-4867-BEAA-10A49494557C}.ReleaseX64|x64.ActiveCfg = ReleaseX64|x64
		{088D4590-092A-4867-BEAA-10A49494557C}.ReleaseX64|x64.Build.0 = ReleaseX64|x64
		{088D4590-092A-4867-BEAA-10A49494557C}.ReleaseX64|x86.ActiveCfg = ReleaseX64|Any CPU
		{AE2D8637-B2F9-462A-B683-27245E619209}.Debug|Any CPU.ActiveCfg = Debug|Any CPU
		{AE2D8637-B2F9-462A-B683-27245E619209}.Debug|Any CPU.Build.0 = Debug|Any CPU
		{AE2D8637-B2F9-462A-B683-27245E619209}.Debug|x64.ActiveCfg = Debug|x64
		{AE2D8637-B2F9-462A-B683-27245E619209}.Debug|x64.Build.0 = Debug|x64
		{AE2D8637-B2F9-462A-B683-27245E619209}.Debug|x86.ActiveCfg = Debug|x86
		{AE2D8637-B2F9-462A-B683-27245E619209}.Debug|x86.Build.0 = Debug|x86
		{AE2D8637-B2F9-462A-B683-27245E619209}.Debug32|Any CPU.ActiveCfg = Debug32|Any CPU
		{AE2D8637-B2F9-462A-B683-27245E619209}.Debug32|Any CPU.Build.0 = Debug32|Any CPU
		{AE2D8637-B2F9-462A-B683-27245E619209}.Debug32|x64.ActiveCfg = Debug32|x64
		{AE2D8637-B2F9-462A-B683-27245E619209}.Debug32|x64.Build.0 = Debug32|x64
		{AE2D8637-B2F9-462A-B683-27245E619209}.Debug32|x86.ActiveCfg = Debug32|x86
		{AE2D8637-B2F9-462A-B683-27245E619209}.Debug32|x86.Build.0 = Debug32|x86
		{AE2D8637-B2F9-462A-B683-27245E619209}.Release|Any CPU.ActiveCfg = Release|Any CPU
		{AE2D8637-B2F9-462A-B683-27245E619209}.Release|Any CPU.Build.0 = Release|Any CPU
		{AE2D8637-B2F9-462A-B683-27245E619209}.Release|x64.ActiveCfg = Release|x64
		{AE2D8637-B2F9-462A-B683-27245E619209}.Release|x64.Build.0 = Release|x64
		{AE2D8637-B2F9-462A-B683-27245E619209}.Release|x86.ActiveCfg = Release|x86
		{AE2D8637-B2F9-462A-B683-27245E619209}.Release|x86.Build.0 = Release|x86
		{AE2D8637-B2F9-462A-B683-27245E619209}.ReleaseX64|Any CPU.ActiveCfg = ReleaseX64|Any CPU
		{AE2D8637-B2F9-462A-B683-27245E619209}.ReleaseX64|Any CPU.Build.0 = ReleaseX64|Any CPU
		{AE2D8637-B2F9-462A-B683-27245E619209}.ReleaseX64|x64.ActiveCfg = ReleaseX64|x64
		{AE2D8637-B2F9-462A-B683-27245E619209}.ReleaseX64|x64.Build.0 = ReleaseX64|x64
		{AE2D8637-B2F9-462A-B683-27245E619209}.ReleaseX64|x86.ActiveCfg = ReleaseX64|x86
		{AE2D8637-B2F9-462A-B683-27245E619209}.ReleaseX64|x86.Build.0 = ReleaseX64|x86
		{46F55296-61F2-4BFE-B812-A5E7B7817751}.Debug|Any CPU.ActiveCfg = Debug|Any CPU
		{46F55296-61F2-4BFE-B812-A5E7B7817751}.Debug|Any CPU.Build.0 = Debug|Any CPU
		{46F55296-61F2-4BFE-B812-A5E7B7817751}.Debug|x64.ActiveCfg = Debug|x64
		{46F55296-61F2-4BFE-B812-A5E7B7817751}.Debug|x64.Build.0 = Debug|x64
		{46F55296-61F2-4BFE-B812-A5E7B7817751}.Debug|x86.ActiveCfg = Debug|x86
		{46F55296-61F2-4BFE-B812-A5E7B7817751}.Debug|x86.Build.0 = Debug|x86
		{46F55296-61F2-4BFE-B812-A5E7B7817751}.Debug32|Any CPU.ActiveCfg = Debug32|Any CPU
		{46F55296-61F2-4BFE-B812-A5E7B7817751}.Debug32|Any CPU.Build.0 = Debug32|Any CPU
		{46F55296-61F2-4BFE-B812-A5E7B7817751}.Debug32|x64.ActiveCfg = Debug32|x64
		{46F55296-61F2-4BFE-B812-A5E7B7817751}.Debug32|x64.Build.0 = Debug32|x64
		{46F55296-61F2-4BFE-B812-A5E7B7817751}.Debug32|x86.ActiveCfg = Debug32|x86
		{46F55296-61F2-4BFE-B812-A5E7B7817751}.Debug32|x86.Build.0 = Debug32|x86
		{46F55296-61F2-4BFE-B812-A5E7B7817751}.Release|Any CPU.ActiveCfg = Release|Any CPU
		{46F55296-61F2-4BFE-B812-A5E7B7817751}.Release|Any CPU.Build.0 = Release|Any CPU
		{46F55296-61F2-4BFE-B812-A5E7B7817751}.Release|x64.ActiveCfg = Release|x64
		{46F55296-61F2-4BFE-B812-A5E7B7817751}.Release|x64.Build.0 = Release|x64
		{46F55296-61F2-4BFE-B812-A5E7B7817751}.Release|x86.ActiveCfg = Release|x86
		{46F55296-61F2-4BFE-B812-A5E7B7817751}.Release|x86.Build.0 = Release|x86
		{46F55296-61F2-4BFE-B812-A5E7B7817751}.ReleaseX64|Any CPU.ActiveCfg = ReleaseX64|Any CPU
		{46F55296-61F2-4BFE-B812-A5E7B7817751}.ReleaseX64|Any CPU.Build.0 = ReleaseX64|Any CPU
		{46F55296-61F2-4BFE-B812-A5E7B7817751}.ReleaseX64|x64.ActiveCfg = ReleaseX64|x64
		{46F55296-61F2-4BFE-B812-A5E7B7817751}.ReleaseX64|x64.Build.0 = ReleaseX64|x64
		{46F55296-61F2-4BFE-B812-A5E7B7817751}.ReleaseX64|x86.ActiveCfg = ReleaseX64|x86
		{46F55296-61F2-4BFE-B812-A5E7B7817751}.ReleaseX64|x86.Build.0 = ReleaseX64|x86
		{B0C0CF77-A485-462C-8622-E66C8E7899D3}.Debug|Any CPU.ActiveCfg = Debug|Any CPU
		{B0C0CF77-A485-462C-8622-E66C8E7899D3}.Debug|Any CPU.Build.0 = Debug|Any CPU
		{B0C0CF77-A485-462C-8622-E66C8E7899D3}.Debug|x64.ActiveCfg = Debug|x64
		{B0C0CF77-A485-462C-8622-E66C8E7899D3}.Debug|x64.Build.0 = Debug|x64
		{B0C0CF77-A485-462C-8622-E66C8E7899D3}.Debug|x86.ActiveCfg = Debug|x86
		{B0C0CF77-A485-462C-8622-E66C8E7899D3}.Debug|x86.Build.0 = Debug|x86
		{B0C0CF77-A485-462C-8622-E66C8E7899D3}.Debug32|Any CPU.ActiveCfg = Debug32|Any CPU
		{B0C0CF77-A485-462C-8622-E66C8E7899D3}.Debug32|Any CPU.Build.0 = Debug32|Any CPU
		{B0C0CF77-A485-462C-8622-E66C8E7899D3}.Debug32|x64.ActiveCfg = Debug32|x64
		{B0C0CF77-A485-462C-8622-E66C8E7899D3}.Debug32|x64.Build.0 = Debug32|x64
		{B0C0CF77-A485-462C-8622-E66C8E7899D3}.Debug32|x86.ActiveCfg = Debug32|x86
		{B0C0CF77-A485-462C-8622-E66C8E7899D3}.Debug32|x86.Build.0 = Debug32|x86
		{B0C0CF77-A485-462C-8622-E66C8E7899D3}.Release|Any CPU.ActiveCfg = Release|Any CPU
		{B0C0CF77-A485-462C-8622-E66C8E7899D3}.Release|Any CPU.Build.0 = Release|Any CPU
		{B0C0CF77-A485-462C-8622-E66C8E7899D3}.Release|x64.ActiveCfg = Release|x64
		{B0C0CF77-A485-462C-8622-E66C8E7899D3}.Release|x64.Build.0 = Release|x64
		{B0C0CF77-A485-462C-8622-E66C8E7899D3}.Release|x86.ActiveCfg = Release|x86
		{B0C0CF77-A485-462C-8622-E66C8E7899D3}.Release|x86.Build.0 = Release|x86
		{B0C0CF77-A485-462C-8622-E66C8E7899D3}.ReleaseX64|Any CPU.ActiveCfg = ReleaseX64|Any CPU
		{B0C0CF77-A485-462C-8622-E66C8E7899D3}.ReleaseX64|Any CPU.Build.0 = ReleaseX64|Any CPU
		{B0C0CF77-A485-462C-8622-E66C8E7899D3}.ReleaseX64|x64.ActiveCfg = ReleaseX64|x64
		{B0C0CF77-A485-462C-8622-E66C8E7899D3}.ReleaseX64|x64.Build.0 = ReleaseX64|x64
		{B0C0CF77-A485-462C-8622-E66C8E7899D3}.ReleaseX64|x86.ActiveCfg = ReleaseX64|x86
		{B0C0CF77-A485-462C-8622-E66C8E7899D3}.ReleaseX64|x86.Build.0 = ReleaseX64|x86
		{16E224DC-7FF0-4908-8318-D6A3AC2E797A}.Debug|Any CPU.ActiveCfg = Debug|Any CPU
		{16E224DC-7FF0-4908-8318-D6A3AC2E797A}.Debug|Any CPU.Build.0 = Debug|Any CPU
		{16E224DC-7FF0-4908-8318-D6A3AC2E797A}.Debug|x64.ActiveCfg = Debug|x64
		{16E224DC-7FF0-4908-8318-D6A3AC2E797A}.Debug|x64.Build.0 = Debug|x64
		{16E224DC-7FF0-4908-8318-D6A3AC2E797A}.Debug|x86.ActiveCfg = Debug|x86
		{16E224DC-7FF0-4908-8318-D6A3AC2E797A}.Debug|x86.Build.0 = Debug|x86
		{16E224DC-7FF0-4908-8318-D6A3AC2E797A}.Debug32|Any CPU.ActiveCfg = Debug32|Any CPU
		{16E224DC-7FF0-4908-8318-D6A3AC2E797A}.Debug32|Any CPU.Build.0 = Debug32|Any CPU
		{16E224DC-7FF0-4908-8318-D6A3AC2E797A}.Debug32|x64.ActiveCfg = Debug32|x64
		{16E224DC-7FF0-4908-8318-D6A3AC2E797A}.Debug32|x64.Build.0 = Debug32|x64
		{16E224DC-7FF0-4908-8318-D6A3AC2E797A}.Debug32|x86.ActiveCfg = Debug32|x86
		{16E224DC-7FF0-4908-8318-D6A3AC2E797A}.Debug32|x86.Build.0 = Debug32|x86
		{16E224DC-7FF0-4908-8318-D6A3AC2E797A}.Release|Any CPU.ActiveCfg = Release|Any CPU
		{16E224DC-7FF0-4908-8318-D6A3AC2E797A}.Release|Any CPU.Build.0 = Release|Any CPU
		{16E224DC-7FF0-4908-8318-D6A3AC2E797A}.Release|x64.ActiveCfg = Release|x64
		{16E224DC-7FF0-4908-8318-D6A3AC2E797A}.Release|x64.Build.0 = Release|x64
		{16E224DC-7FF0-4908-8318-D6A3AC2E797A}.Release|x86.ActiveCfg = Release|x86
		{16E224DC-7FF0-4908-8318-D6A3AC2E797A}.Release|x86.Build.0 = Release|x86
		{16E224DC-7FF0-4908-8318-D6A3AC2E797A}.ReleaseX64|Any CPU.ActiveCfg = ReleaseX64|Any CPU
		{16E224DC-7FF0-4908-8318-D6A3AC2E797A}.ReleaseX64|Any CPU.Build.0 = ReleaseX64|Any CPU
		{16E224DC-7FF0-4908-8318-D6A3AC2E797A}.ReleaseX64|x64.ActiveCfg = ReleaseX64|x64
		{16E224DC-7FF0-4908-8318-D6A3AC2E797A}.ReleaseX64|x64.Build.0 = ReleaseX64|x64
		{16E224DC-7FF0-4908-8318-D6A3AC2E797A}.ReleaseX64|x86.ActiveCfg = ReleaseX64|x86
		{16E224DC-7FF0-4908-8318-D6A3AC2E797A}.ReleaseX64|x86.Build.0 = ReleaseX64|x86
		{DFEE4C9B-F9FC-4186-945F-27518E4FCEB7}.Debug|Any CPU.ActiveCfg = Debug|Any CPU
		{DFEE4C9B-F9FC-4186-945F-27518E4FCEB7}.Debug|Any CPU.Build.0 = Debug|Any CPU
		{DFEE4C9B-F9FC-4186-945F-27518E4FCEB7}.Debug|x64.ActiveCfg = Debug|x64
		{DFEE4C9B-F9FC-4186-945F-27518E4FCEB7}.Debug|x64.Build.0 = Debug|x64
		{DFEE4C9B-F9FC-4186-945F-27518E4FCEB7}.Debug|x86.ActiveCfg = Debug|x86
		{DFEE4C9B-F9FC-4186-945F-27518E4FCEB7}.Debug|x86.Build.0 = Debug|x86
		{DFEE4C9B-F9FC-4186-945F-27518E4FCEB7}.Debug32|Any CPU.ActiveCfg = Debug32|Any CPU
		{DFEE4C9B-F9FC-4186-945F-27518E4FCEB7}.Debug32|Any CPU.Build.0 = Debug32|Any CPU
		{DFEE4C9B-F9FC-4186-945F-27518E4FCEB7}.Debug32|x64.ActiveCfg = Debug32|x64
		{DFEE4C9B-F9FC-4186-945F-27518E4FCEB7}.Debug32|x64.Build.0 = Debug32|x64
		{DFEE4C9B-F9FC-4186-945F-27518E4FCEB7}.Debug32|x86.ActiveCfg = Debug32|x86
		{DFEE4C9B-F9FC-4186-945F-27518E4FCEB7}.Debug32|x86.Build.0 = Debug32|x86
		{DFEE4C9B-F9FC-4186-945F-27518E4FCEB7}.Release|Any CPU.ActiveCfg = Release|Any CPU
		{DFEE4C9B-F9FC-4186-945F-27518E4FCEB7}.Release|Any CPU.Build.0 = Release|Any CPU
		{DFEE4C9B-F9FC-4186-945F-27518E4FCEB7}.Release|x64.ActiveCfg = Release|x64
		{DFEE4C9B-F9FC-4186-945F-27518E4FCEB7}.Release|x64.Build.0 = Release|x64
		{DFEE4C9B-F9FC-4186-945F-27518E4FCEB7}.Release|x86.ActiveCfg = Release|x86
		{DFEE4C9B-F9FC-4186-945F-27518E4FCEB7}.Release|x86.Build.0 = Release|x86
		{DFEE4C9B-F9FC-4186-945F-27518E4FCEB7}.ReleaseX64|Any CPU.ActiveCfg = ReleaseX64|Any CPU
		{DFEE4C9B-F9FC-4186-945F-27518E4FCEB7}.ReleaseX64|Any CPU.Build.0 = ReleaseX64|Any CPU
		{DFEE4C9B-F9FC-4186-945F-27518E4FCEB7}.ReleaseX64|x64.ActiveCfg = ReleaseX64|x64
		{DFEE4C9B-F9FC-4186-945F-27518E4FCEB7}.ReleaseX64|x64.Build.0 = ReleaseX64|x64
		{DFEE4C9B-F9FC-4186-945F-27518E4FCEB7}.ReleaseX64|x86.ActiveCfg = ReleaseX64|x86
		{DFEE4C9B-F9FC-4186-945F-27518E4FCEB7}.ReleaseX64|x86.Build.0 = ReleaseX64|x86
		{A61C4450-11B5-4AB8-B6C1-C07AC448FF23}.Debug|Any CPU.ActiveCfg = Debug|Any CPU
		{A61C4450-11B5-4AB8-B6C1-C07AC448FF23}.Debug|Any CPU.Build.0 = Debug|Any CPU
		{A61C4450-11B5-4AB8-B6C1-C07AC448FF23}.Debug|x64.ActiveCfg = Debug|x64
		{A61C4450-11B5-4AB8-B6C1-C07AC448FF23}.Debug|x64.Build.0 = Debug|x64
		{A61C4450-11B5-4AB8-B6C1-C07AC448FF23}.Debug|x86.ActiveCfg = Debug|x86
		{A61C4450-11B5-4AB8-B6C1-C07AC448FF23}.Debug|x86.Build.0 = Debug|x86
		{A61C4450-11B5-4AB8-B6C1-C07AC448FF23}.Debug32|Any CPU.ActiveCfg = Debug32|Any CPU
		{A61C4450-11B5-4AB8-B6C1-C07AC448FF23}.Debug32|Any CPU.Build.0 = Debug32|Any CPU
		{A61C4450-11B5-4AB8-B6C1-C07AC448FF23}.Debug32|x64.ActiveCfg = Debug32|x64
		{A61C4450-11B5-4AB8-B6C1-C07AC448FF23}.Debug32|x64.Build.0 = Debug32|x64
		{A61C4450-11B5-4AB8-B6C1-C07AC448FF23}.Debug32|x86.ActiveCfg = Debug32|x86
		{A61C4450-11B5-4AB8-B6C1-C07AC448FF23}.Debug32|x86.Build.0 = Debug32|x86
		{A61C4450-11B5-4AB8-B6C1-C07AC448FF23}.Release|Any CPU.ActiveCfg = Release|Any CPU
		{A61C4450-11B5-4AB8-B6C1-C07AC448FF23}.Release|Any CPU.Build.0 = Release|Any CPU
		{A61C4450-11B5-4AB8-B6C1-C07AC448FF23}.Release|x64.ActiveCfg = Release|x64
		{A61C4450-11B5-4AB8-B6C1-C07AC448FF23}.Release|x64.Build.0 = Release|x64
		{A61C4450-11B5-4AB8-B6C1-C07AC448FF23}.Release|x86.ActiveCfg = Release|x86
		{A61C4450-11B5-4AB8-B6C1-C07AC448FF23}.Release|x86.Build.0 = Release|x86
		{A61C4450-11B5-4AB8-B6C1-C07AC448FF23}.ReleaseX64|Any CPU.ActiveCfg = ReleaseX64|Any CPU
		{A61C4450-11B5-4AB8-B6C1-C07AC448FF23}.ReleaseX64|Any CPU.Build.0 = ReleaseX64|Any CPU
		{A61C4450-11B5-4AB8-B6C1-C07AC448FF23}.ReleaseX64|x64.ActiveCfg = ReleaseX64|x64
		{A61C4450-11B5-4AB8-B6C1-C07AC448FF23}.ReleaseX64|x64.Build.0 = ReleaseX64|x64
		{A61C4450-11B5-4AB8-B6C1-C07AC448FF23}.ReleaseX64|x86.ActiveCfg = ReleaseX64|x86
		{A61C4450-11B5-4AB8-B6C1-C07AC448FF23}.ReleaseX64|x86.Build.0 = ReleaseX64|x86
		{83BFDBDC-6DF5-4E5C-B11F-DDAC4E633E1F}.Debug|Any CPU.ActiveCfg = Debug|Any CPU
		{83BFDBDC-6DF5-4E5C-B11F-DDAC4E633E1F}.Debug|Any CPU.Build.0 = Debug|Any CPU
		{83BFDBDC-6DF5-4E5C-B11F-DDAC4E633E1F}.Debug|x64.ActiveCfg = Debug|x64
		{83BFDBDC-6DF5-4E5C-B11F-DDAC4E633E1F}.Debug|x64.Build.0 = Debug|x64
		{83BFDBDC-6DF5-4E5C-B11F-DDAC4E633E1F}.Debug|x86.ActiveCfg = Debug|x86
		{83BFDBDC-6DF5-4E5C-B11F-DDAC4E633E1F}.Debug|x86.Build.0 = Debug|x86
		{83BFDBDC-6DF5-4E5C-B11F-DDAC4E633E1F}.Debug32|Any CPU.ActiveCfg = Debug32|Any CPU
		{83BFDBDC-6DF5-4E5C-B11F-DDAC4E633E1F}.Debug32|Any CPU.Build.0 = Debug32|Any CPU
		{83BFDBDC-6DF5-4E5C-B11F-DDAC4E633E1F}.Debug32|x64.ActiveCfg = Debug32|x64
		{83BFDBDC-6DF5-4E5C-B11F-DDAC4E633E1F}.Debug32|x64.Build.0 = Debug32|x64
		{83BFDBDC-6DF5-4E5C-B11F-DDAC4E633E1F}.Debug32|x86.ActiveCfg = Debug32|x86
		{83BFDBDC-6DF5-4E5C-B11F-DDAC4E633E1F}.Debug32|x86.Build.0 = Debug32|x86
		{83BFDBDC-6DF5-4E5C-B11F-DDAC4E633E1F}.Release|Any CPU.ActiveCfg = Release|Any CPU
		{83BFDBDC-6DF5-4E5C-B11F-DDAC4E633E1F}.Release|Any CPU.Build.0 = Release|Any CPU
		{83BFDBDC-6DF5-4E5C-B11F-DDAC4E633E1F}.Release|x64.ActiveCfg = Release|x64
		{83BFDBDC-6DF5-4E5C-B11F-DDAC4E633E1F}.Release|x64.Build.0 = Release|x64
		{83BFDBDC-6DF5-4E5C-B11F-DDAC4E633E1F}.Release|x86.ActiveCfg = Release|x86
		{83BFDBDC-6DF5-4E5C-B11F-DDAC4E633E1F}.Release|x86.Build.0 = Release|x86
		{83BFDBDC-6DF5-4E5C-B11F-DDAC4E633E1F}.ReleaseX64|Any CPU.ActiveCfg = Release|Any CPU
		{83BFDBDC-6DF5-4E5C-B11F-DDAC4E633E1F}.ReleaseX64|Any CPU.Build.0 = Release|Any CPU
		{83BFDBDC-6DF5-4E5C-B11F-DDAC4E633E1F}.ReleaseX64|x64.ActiveCfg = Release|x64
		{83BFDBDC-6DF5-4E5C-B11F-DDAC4E633E1F}.ReleaseX64|x64.Build.0 = Release|x64
		{83BFDBDC-6DF5-4E5C-B11F-DDAC4E633E1F}.ReleaseX64|x86.ActiveCfg = Release|x86
		{83BFDBDC-6DF5-4E5C-B11F-DDAC4E633E1F}.ReleaseX64|x86.Build.0 = Release|x86
	EndGlobalSection
	GlobalSection(SolutionProperties) = preSolution
		HideSolutionNode = FALSE
	EndGlobalSection
EndGlobal
